
Microsoft Visual Studio Solution File, Format Version 12.00
# Visual Studio Version 17
VisualStudioVersion = 17.2.32630.192
MinimumVisualStudioVersion = 10.0.40219.1
Project("{9A19103F-16F7-4668-BE54-9A1E7A4F7556}") = "R5T.C0003", "R5T.C0003\R5T.C0003.csproj", "{F74434E9-D4B3-49AC-822E-79D2B650BD96}"
EndProject
Project("{9A19103F-16F7-4668-BE54-9A1E7A4F7556}") = "R5T.F0037", "..\..\R5T.F0037\source\R5T.F0037\R5T.F0037.csproj", "{00850C67-8FC5-49DD-AF40-E30AE933B190}"
EndProject
Project("{2150E333-8FDC-42A3-9474-1A3956D46DE8}") = "_Dependencies", "_Dependencies", "{83C13544-DE90-47A3-A39A-C0F73836D8A7}"
EndProject
Project("{9A19103F-16F7-4668-BE54-9A1E7A4F7556}") = "R5T.F0036", "..\..\R5T.F0036\source\R5T.F0036\R5T.F0036.csproj", "{6A0B0E77-00C3-4BFA-AF23-B72B655FF872}"
EndProject
Project("{9A19103F-16F7-4668-BE54-9A1E7A4F7556}") = "R5T.F0036.F001", "..\..\R5T.F0036\source\R5T.F0036.F001\R5T.F0036.F001.csproj", "{D1ED726D-BB87-4441-BBCD-FD6640FC7929}"
EndProject
Project("{9A19103F-16F7-4668-BE54-9A1E7A4F7556}") = "R5T.T0142", "..\..\R5T.T0142\source\R5T.T0142\R5T.T0142.csproj", "{C83A286B-DCFF-400A-82BC-81626B30D2AD}"
EndProject
Project("{9A19103F-16F7-4668-BE54-9A1E7A4F7556}") = "R5T.T0143", "..\..\R5T.T0143\source\R5T.T0143\R5T.T0143.csproj", "{E98ADF4E-4E52-4F44-B912-7428E7B7890E}"
EndProject
Project("{9A19103F-16F7-4668-BE54-9A1E7A4F7556}") = "R5T.F0036.F000", "..\..\R5T.F0036\source\R5T.F0036.F000\R5T.F0036.F000.csproj", "{7EE3D37A-EC68-40DD-BEA4-9CFB99101BE7}"
EndProject
Project("{9A19103F-16F7-4668-BE54-9A1E7A4F7556}") = "R5T.F0028", "..\..\R5T.F0028\source\R5T.F0028\R5T.F0028.csproj", "{B3601D07-43D4-4C52-A507-F121A2FC09FA}"
EndProject
Project("{9A19103F-16F7-4668-BE54-9A1E7A4F7556}") = "R5T.NG0002", "..\..\R5T.NG0002\source\R5T.NG0002\R5T.NG0002.csproj", "{A74C02E7-DB1A-484A-818E-F5C593E4EBAA}"
EndProject
Project("{9A19103F-16F7-4668-BE54-9A1E7A4F7556}") = "R5T.T0132", "..\..\R5T.T0132\source\R5T.T0132\R5T.T0132.csproj", "{D1E26F1B-7BDC-43FE-B5E2-B9180CAD15C0}"
EndProject
Project("{9A19103F-16F7-4668-BE54-9A1E7A4F7556}") = "R5T.F0036.T000", "..\..\R5T.F0036\source\R5T.F0036.T000\R5T.F0036.T000.csproj", "{D52FE23E-FFBF-422B-A06D-86D18B4308D1}"
EndProject
Project("{9A19103F-16F7-4668-BE54-9A1E7A4F7556}") = "R5T.F0036.F002", "..\..\R5T.F0036\source\R5T.F0036.F002\R5T.F0036.F002.csproj", "{36A8B086-4628-4A08-A15E-67B673E250A0}"
EndProject
Project("{9A19103F-16F7-4668-BE54-9A1E7A4F7556}") = "R5T.T0147.T000", "..\..\R5T.T0147\source\R5T.T0147.T000\R5T.T0147.T000.csproj", "{FC1769D3-D775-4558-BD0A-F0AEFECD0454}"
EndProject
Project("{9A19103F-16F7-4668-BE54-9A1E7A4F7556}") = "R5T.T0148", "..\..\R5T.T0148\source\R5T.T0148\R5T.T0148.csproj", "{87898E8D-DB2B-4F1A-BFFC-C511CBF46DDA}"
EndProject
Project("{9A19103F-16F7-4668-BE54-9A1E7A4F7556}") = "R5T.F0000", "..\..\R5T.F0000\source\R5T.F0000\R5T.F0000.csproj", "{BBD17A57-F54D-4CB7-A830-F7CE9F57FE18}"
EndProject
Project("{9A19103F-16F7-4668-BE54-9A1E7A4F7556}") = "R5T.Z0000", "..\..\R5T.Z0000\source\R5T.Z0000\R5T.Z0000.csproj", "{D44D8E35-9FCF-4642-BFEA-8BFB414FBBBC}"
EndProject
Project("{9A19103F-16F7-4668-BE54-9A1E7A4F7556}") = "R5T.T0131", "..\..\R5T.T0131\source\R5T.T0131\R5T.T0131.csproj", "{0407CC7D-1AA5-4C90-8DEC-CFA0A6E70218}"
EndProject
Project("{9A19103F-16F7-4668-BE54-9A1E7A4F7556}") = "R5T.Y0000", "..\..\R5T.Y0000\source\R5T.Y0000\R5T.Y0000.csproj", "{35EA5058-106D-4CA5-8731-974F16D621FB}"
EndProject
Project("{9A19103F-16F7-4668-BE54-9A1E7A4F7556}") = "R5T.NG0003", "..\..\R5T.NG0003\source\R5T.NG0003\R5T.NG0003.csproj", "{D7CB316F-D4E6-4CFD-8A25-44F049DC5BAA}"
EndProject
Project("{9A19103F-16F7-4668-BE54-9A1E7A4F7556}") = "R5T.S0043.Library", "..\..\R5T.S0043\source\R5T.S0043.Library\R5T.S0043.Library.csproj", "{ECA2B4B9-1A4B-4132-9DF0-E80562447CE9}"
EndProject
Project("{9A19103F-16F7-4668-BE54-9A1E7A4F7556}") = "R5T.F0041", "..\..\R5T.F0041\source\R5T.F0041\R5T.F0041.csproj", "{5825E452-5135-4233-A81E-ED5567CF9670}"
EndProject
Project("{9A19103F-16F7-4668-BE54-9A1E7A4F7556}") = "R5T.F0042", "..\..\R5T.F0042\source\R5T.F0042\R5T.F0042.csproj", "{6D633E92-47ED-4E14-954D-7070A543426F}"
EndProject
Global
	GlobalSection(SolutionConfigurationPlatforms) = preSolution
		Debug|Any CPU = Debug|Any CPU
		Release|Any CPU = Release|Any CPU
	EndGlobalSection
	GlobalSection(ProjectConfigurationPlatforms) = postSolution
		{F74434E9-D4B3-49AC-822E-79D2B650BD96}.Debug|Any CPU.ActiveCfg = Debug|Any CPU
		{F74434E9-D4B3-49AC-822E-79D2B650BD96}.Debug|Any CPU.Build.0 = Debug|Any CPU
		{F74434E9-D4B3-49AC-822E-79D2B650BD96}.Release|Any CPU.ActiveCfg = Release|Any CPU
		{F74434E9-D4B3-49AC-822E-79D2B650BD96}.Release|Any CPU.Build.0 = Release|Any CPU
		{00850C67-8FC5-49DD-AF40-E30AE933B190}.Debug|Any CPU.ActiveCfg = Debug|Any CPU
		{00850C67-8FC5-49DD-AF40-E30AE933B190}.Debug|Any CPU.Build.0 = Debug|Any CPU
		{00850C67-8FC5-49DD-AF40-E30AE933B190}.Release|Any CPU.ActiveCfg = Release|Any CPU
		{00850C67-8FC5-49DD-AF40-E30AE933B190}.Release|Any CPU.Build.0 = Release|Any CPU
		{6A0B0E77-00C3-4BFA-AF23-B72B655FF872}.Debug|Any CPU.ActiveCfg = Debug|Any CPU
		{6A0B0E77-00C3-4BFA-AF23-B72B655FF872}.Debug|Any CPU.Build.0 = Debug|Any CPU
		{6A0B0E77-00C3-4BFA-AF23-B72B655FF872}.Release|Any CPU.ActiveCfg = Release|Any CPU
		{6A0B0E77-00C3-4BFA-AF23-B72B655FF872}.Release|Any CPU.Build.0 = Release|Any CPU
		{D1ED726D-BB87-4441-BBCD-FD6640FC7929}.Debug|Any CPU.ActiveCfg = Debug|Any CPU
		{D1ED726D-BB87-4441-BBCD-FD6640FC7929}.Debug|Any CPU.Build.0 = Debug|Any CPU
		{D1ED726D-BB87-4441-BBCD-FD6640FC7929}.Release|Any CPU.ActiveCfg = Release|Any CPU
		{D1ED726D-BB87-4441-BBCD-FD6640FC7929}.Release|Any CPU.Build.0 = Release|Any CPU
		{C83A286B-DCFF-400A-82BC-81626B30D2AD}.Debug|Any CPU.ActiveCfg = Debug|Any CPU
		{C83A286B-DCFF-400A-82BC-81626B30D2AD}.Debug|Any CPU.Build.0 = Debug|Any CPU
		{C83A286B-DCFF-400A-82BC-81626B30D2AD}.Release|Any CPU.ActiveCfg = Release|Any CPU
		{C83A286B-DCFF-400A-82BC-81626B30D2AD}.Release|Any CPU.Build.0 = Release|Any CPU
		{E98ADF4E-4E52-4F44-B912-7428E7B7890E}.Debug|Any CPU.ActiveCfg = Debug|Any CPU
		{E98ADF4E-4E52-4F44-B912-7428E7B7890E}.Debug|Any CPU.Build.0 = Debug|Any CPU
		{E98ADF4E-4E52-4F44-B912-7428E7B7890E}.Release|Any CPU.ActiveCfg = Release|Any CPU
		{E98ADF4E-4E52-4F44-B912-7428E7B7890E}.Release|Any CPU.Build.0 = Release|Any CPU
		{7EE3D37A-EC68-40DD-BEA4-9CFB99101BE7}.Debug|Any CPU.ActiveCfg = Debug|Any CPU
		{7EE3D37A-EC68-40DD-BEA4-9CFB99101BE7}.Debug|Any CPU.Build.0 = Debug|Any CPU
		{7EE3D37A-EC68-40DD-BEA4-9CFB99101BE7}.Release|Any CPU.ActiveCfg = Release|Any CPU
		{7EE3D37A-EC68-40DD-BEA4-9CFB99101BE7}.Release|Any CPU.Build.0 = Release|Any CPU
		{B3601D07-43D4-4C52-A507-F121A2FC09FA}.Debug|Any CPU.ActiveCfg = Debug|Any CPU
		{B3601D07-43D4-4C52-A507-F121A2FC09FA}.Debug|Any CPU.Build.0 = Debug|Any CPU
		{B3601D07-43D4-4C52-A507-F121A2FC09FA}.Release|Any CPU.ActiveCfg = Release|Any CPU
		{B3601D07-43D4-4C52-A507-F121A2FC09FA}.Release|Any CPU.Build.0 = Release|Any CPU
		{A74C02E7-DB1A-484A-818E-F5C593E4EBAA}.Debug|Any CPU.ActiveCfg = Debug|Any CPU
		{A74C02E7-DB1A-484A-818E-F5C593E4EBAA}.Debug|Any CPU.Build.0 = Debug|Any CPU
		{A74C02E7-DB1A-484A-818E-F5C593E4EBAA}.Release|Any CPU.ActiveCfg = Release|Any CPU
		{A74C02E7-DB1A-484A-818E-F5C593E4EBAA}.Release|Any CPU.Build.0 = Release|Any CPU
		{D1E26F1B-7BDC-43FE-B5E2-B9180CAD15C0}.Debug|Any CPU.ActiveCfg = Debug|Any CPU
		{D1E26F1B-7BDC-43FE-B5E2-B9180CAD15C0}.Debug|Any CPU.Build.0 = Debug|Any CPU
		{D1E26F1B-7BDC-43FE-B5E2-B9180CAD15C0}.Release|Any CPU.ActiveCfg = Release|Any CPU
		{D1E26F1B-7BDC-43FE-B5E2-B9180CAD15C0}.Release|Any CPU.Build.0 = Release|Any CPU
		{D52FE23E-FFBF-422B-A06D-86D18B4308D1}.Debug|Any CPU.ActiveCfg = Debug|Any CPU
		{D52FE23E-FFBF-422B-A06D-86D18B4308D1}.Debug|Any CPU.Build.0 = Debug|Any CPU
		{D52FE23E-FFBF-422B-A06D-86D18B4308D1}.Release|Any CPU.ActiveCfg = Release|Any CPU
		{D52FE23E-FFBF-422B-A06D-86D18B4308D1}.Release|Any CPU.Build.0 = Release|Any CPU
		{36A8B086-4628-4A08-A15E-67B673E250A0}.Debug|Any CPU.ActiveCfg = Debug|Any CPU
		{36A8B086-4628-4A08-A15E-67B673E250A0}.Debug|Any CPU.Build.0 = Debug|Any CPU
		{36A8B086-4628-4A08-A15E-67B673E250A0}.Release|Any CPU.ActiveCfg = Release|Any CPU
		{36A8B086-4628-4A08-A15E-67B673E250A0}.Release|Any CPU.Build.0 = Release|Any CPU
		{FC1769D3-D775-4558-BD0A-F0AEFECD0454}.Debug|Any CPU.ActiveCfg = Debug|Any CPU
		{FC1769D3-D775-4558-BD0A-F0AEFECD0454}.Debug|Any CPU.Build.0 = Debug|Any CPU
		{FC1769D3-D775-4558-BD0A-F0AEFECD0454}.Release|Any CPU.ActiveCfg = Release|Any CPU
		{FC1769D3-D775-4558-BD0A-F0AEFECD0454}.Release|Any CPU.Build.0 = Release|Any CPU
		{87898E8D-DB2B-4F1A-BFFC-C511CBF46DDA}.Debug|Any CPU.ActiveCfg = Debug|Any CPU
		{87898E8D-DB2B-4F1A-BFFC-C511CBF46DDA}.Debug|Any CPU.Build.0 = Debug|Any CPU
		{87898E8D-DB2B-4F1A-BFFC-C511CBF46DDA}.Release|Any CPU.ActiveCfg = Release|Any CPU
		{87898E8D-DB2B-4F1A-BFFC-C511CBF46DDA}.Release|Any CPU.Build.0 = Release|Any CPU
		{BBD17A57-F54D-4CB7-A830-F7CE9F57FE18}.Debug|Any CPU.ActiveCfg = Debug|Any CPU
		{BBD17A57-F54D-4CB7-A830-F7CE9F57FE18}.Debug|Any CPU.Build.0 = Debug|Any CPU
		{BBD17A57-F54D-4CB7-A830-F7CE9F57FE18}.Release|Any CPU.ActiveCfg = Release|Any CPU
		{BBD17A57-F54D-4CB7-A830-F7CE9F57FE18}.Release|Any CPU.Build.0 = Release|Any CPU
		{D44D8E35-9FCF-4642-BFEA-8BFB414FBBBC}.Debug|Any CPU.ActiveCfg = Debug|Any CPU
		{D44D8E35-9FCF-4642-BFEA-8BFB414FBBBC}.Debug|Any CPU.Build.0 = Debug|Any CPU
		{D44D8E35-9FCF-4642-BFEA-8BFB414FBBBC}.Release|Any CPU.ActiveCfg = Release|Any CPU
		{D44D8E35-9FCF-4642-BFEA-8BFB414FBBBC}.Release|Any CPU.Build.0 = Release|Any CPU
		{0407CC7D-1AA5-4C90-8DEC-CFA0A6E70218}.Debug|Any CPU.ActiveCfg = Debug|Any CPU
		{0407CC7D-1AA5-4C90-8DEC-CFA0A6E70218}.Debug|Any CPU.Build.0 = Debug|Any CPU
		{0407CC7D-1AA5-4C90-8DEC-CFA0A6E70218}.Release|Any CPU.ActiveCfg = Release|Any CPU
		{0407CC7D-1AA5-4C90-8DEC-CFA0A6E70218}.Release|Any CPU.Build.0 = Release|Any CPU
		{35EA5058-106D-4CA5-8731-974F16D621FB}.Debug|Any CPU.ActiveCfg = Debug|Any CPU
		{35EA5058-106D-4CA5-8731-974F16D621FB}.Debug|Any CPU.Build.0 = Debug|Any CPU
		{35EA5058-106D-4CA5-8731-974F16D621FB}.Release|Any CPU.ActiveCfg = Release|Any CPU
		{35EA5058-106D-4CA5-8731-974F16D621FB}.Release|Any CPU.Build.0 = Release|Any CPU
		{D7CB316F-D4E6-4CFD-8A25-44F049DC5BAA}.Debug|Any CPU.ActiveCfg = Debug|Any CPU
		{D7CB316F-D4E6-4CFD-8A25-44F049DC5BAA}.Debug|Any CPU.Build.0 = Debug|Any CPU
		{D7CB316F-D4E6-4CFD-8A25-44F049DC5BAA}.Release|Any CPU.ActiveCfg = Release|Any CPU
		{D7CB316F-D4E6-4CFD-8A25-44F049DC5BAA}.Release|Any CPU.Build.0 = Release|Any CPU
		{ECA2B4B9-1A4B-4132-9DF0-E80562447CE9}.Debug|Any CPU.ActiveCfg = Debug|Any CPU
		{ECA2B4B9-1A4B-4132-9DF0-E80562447CE9}.Debug|Any CPU.Build.0 = Debug|Any CPU
		{ECA2B4B9-1A4B-4132-9DF0-E80562447CE9}.Release|Any CPU.ActiveCfg = Release|Any CPU
		{ECA2B4B9-1A4B-4132-9DF0-E80562447CE9}.Release|Any CPU.Build.0 = Release|Any CPU
		{5825E452-5135-4233-A81E-ED5567CF9670}.Debug|Any CPU.ActiveCfg = Debug|Any CPU
		{5825E452-5135-4233-A81E-ED5567CF9670}.Debug|Any CPU.Build.0 = Debug|Any CPU
		{5825E452-5135-4233-A81E-ED5567CF9670}.Release|Any CPU.ActiveCfg = Release|Any CPU
		{5825E452-5135-4233-A81E-ED5567CF9670}.Release|Any CPU.Build.0 = Release|Any CPU
		{6D633E92-47ED-4E14-954D-7070A543426F}.Debug|Any CPU.ActiveCfg = Debug|Any CPU
		{6D633E92-47ED-4E14-954D-7070A543426F}.Debug|Any CPU.Build.0 = Debug|Any CPU
		{6D633E92-47ED-4E14-954D-7070A543426F}.Release|Any CPU.ActiveCfg = Release|Any CPU
		{6D633E92-47ED-4E14-954D-7070A543426F}.Release|Any CPU.Build.0 = Release|Any CPU
	EndGlobalSection
	GlobalSection(SolutionProperties) = preSolution
		HideSolutionNode = FALSE
	EndGlobalSection
	GlobalSection(NestedProjects) = preSolution
		{00850C67-8FC5-49DD-AF40-E30AE933B190} = {83C13544-DE90-47A3-A39A-C0F73836D8A7}
		{6A0B0E77-00C3-4BFA-AF23-B72B655FF872} = {83C13544-DE90-47A3-A39A-C0F73836D8A7}
		{D1ED726D-BB87-4441-BBCD-FD6640FC7929} = {83C13544-DE90-47A3-A39A-C0F73836D8A7}
		{C83A286B-DCFF-400A-82BC-81626B30D2AD} = {83C13544-DE90-47A3-A39A-C0F73836D8A7}
		{E98ADF4E-4E52-4F44-B912-7428E7B7890E} = {83C13544-DE90-47A3-A39A-C0F73836D8A7}
		{7EE3D37A-EC68-40DD-BEA4-9CFB99101BE7} = {83C13544-DE90-47A3-A39A-C0F73836D8A7}
		{B3601D07-43D4-4C52-A507-F121A2FC09FA} = {83C13544-DE90-47A3-A39A-C0F73836D8A7}
		{A74C02E7-DB1A-484A-818E-F5C593E4EBAA} = {83C13544-DE90-47A3-A39A-C0F73836D8A7}
		{D1E26F1B-7BDC-43FE-B5E2-B9180CAD15C0} = {83C13544-DE90-47A3-A39A-C0F73836D8A7}
		{D52FE23E-FFBF-422B-A06D-86D18B4308D1} = {83C13544-DE90-47A3-A39A-C0F73836D8A7}
		{36A8B086-4628-4A08-A15E-67B673E250A0} = {83C13544-DE90-47A3-A39A-C0F73836D8A7}
		{FC1769D3-D775-4558-BD0A-F0AEFECD0454} = {83C13544-DE90-47A3-A39A-C0F73836D8A7}
		{87898E8D-DB2B-4F1A-BFFC-C511CBF46DDA} = {83C13544-DE90-47A3-A39A-C0F73836D8A7}
		{BBD17A57-F54D-4CB7-A830-F7CE9F57FE18} = {83C13544-DE90-47A3-A39A-C0F73836D8A7}
		{D44D8E35-9FCF-4642-BFEA-8BFB414FBBBC} = {83C13544-DE90-47A3-A39A-C0F73836D8A7}
		{0407CC7D-1AA5-4C90-8DEC-CFA0A6E70218} = {83C13544-DE90-47A3-A39A-C0F73836D8A7}
		{35EA5058-106D-4CA5-8731-974F16D621FB} = {83C13544-DE90-47A3-A39A-C0F73836D8A7}
		{D7CB316F-D4E6-4CFD-8A25-44F049DC5BAA} = {83C13544-DE90-47A3-A39A-C0F73836D8A7}
		{ECA2B4B9-1A4B-4132-9DF0-E80562447CE9} = {83C13544-DE90-47A3-A39A-C0F73836D8A7}
		{5825E452-5135-4233-A81E-ED5567CF9670} = {83C13544-DE90-47A3-A39A-C0F73836D8A7}
		{6D633E92-47ED-4E14-954D-7070A543426F} = {83C13544-DE90-47A3-A39A-C0F73836D8A7}
	EndGlobalSection
	GlobalSection(ExtensibilityGlobals) = postSolution
		SolutionGuid = {3ADC7DD1-6E2E-47C9-92C2-0A140EEAE0E3}
	EndGlobalSection
EndGlobal
