
Microsoft Visual Studio Solution File, Format Version 12.00
# Visual Studio Version 17
VisualStudioVersion = 17.2.32630.192
MinimumVisualStudioVersion = 10.0.40219.1
Project("{9A19103F-16F7-4668-BE54-9A1E7A4F7556}") = "R5T.C0003", "R5T.C0003\R5T.C0003.csproj", "{F74434E9-D4B3-49AC-822E-79D2B650BD96}"
EndProject
Project("{9A19103F-16F7-4668-BE54-9A1E7A4F7556}") = "R5T.F0037", "..\..\R5T.F0037\source\R5T.F0037\R5T.F0037.csproj", "{00850C67-8FC5-49DD-AF40-E30AE933B190}"
EndProject
Project("{2150E333-8FDC-42A3-9474-1A3956D46DE8}") = "_Dependencies", "_Dependencies", "{83C13544-DE90-47A3-A39A-C0F73836D8A7}"
EndProject
Project("{9A19103F-16F7-4668-BE54-9A1E7A4F7556}") = "R5T.F0036", "..\..\R5T.F0036\source\R5T.F0036\R5T.F0036.csproj", "{6A0B0E77-00C3-4BFA-AF23-B72B655FF872}"
EndProject
Project("{9A19103F-16F7-4668-BE54-9A1E7A4F7556}") = "R5T.F0036.F001", "..\..\R5T.F0036\source\R5T.F0036.F001\R5T.F0036.F001.csproj", "{D1ED726D-BB87-4441-BBCD-FD6640FC7929}"
EndProject
Project("{9A19103F-16F7-4668-BE54-9A1E7A4F7556}") = "R5T.T0142", "..\..\R5T.T0142\source\R5T.T0142\R5T.T0142.csproj", "{C83A286B-DCFF-400A-82BC-81626B30D2AD}"
EndProject
Project("{9A19103F-16F7-4668-BE54-9A1E7A4F7556}") = "R5T.T0143", "..\..\R5T.T0143\source\R5T.T0143\R5T.T0143.csproj", "{E98ADF4E-4E52-4F44-B912-7428E7B7890E}"
EndProject
Project("{9A19103F-16F7-4668-BE54-9A1E7A4F7556}") = "R5T.F0036.F000", "..\..\R5T.F0036\source\R5T.F0036.F000\R5T.F0036.F000.csproj", "{7EE3D37A-EC68-40DD-BEA4-9CFB99101BE7}"
EndProject
Project("{9A19103F-16F7-4668-BE54-9A1E7A4F7556}") = "R5T.F0028", "..\..\R5T.F0028\source\R5T.F0028\R5T.F0028.csproj", "{B3601D07-43D4-4C52-A507-F121A2FC09FA}"
EndProject
Project("{9A19103F-16F7-4668-BE54-9A1E7A4F7556}") = "R5T.NG0002", "..\..\R5T.NG0002\source\R5T.NG0002\R5T.NG0002.csproj", "{A74C02E7-DB1A-484A-818E-F5C593E4EBAA}"
EndProject
Project("{9A19103F-16F7-4668-BE54-9A1E7A4F7556}") = "R5T.T0132", "..\..\R5T.T0132\source\R5T.T0132\R5T.T0132.csproj", "{D1E26F1B-7BDC-43FE-B5E2-B9180CAD15C0}"
EndProject
Project("{9A19103F-16F7-4668-BE54-9A1E7A4F7556}") = "R5T.F0036.T000", "..\..\R5T.F0036\source\R5T.F0036.T000\R5T.F0036.T000.csproj", "{D52FE23E-FFBF-422B-A06D-86D18B4308D1}"
EndProject
Project("{9A19103F-16F7-4668-BE54-9A1E7A4F7556}") = "R5T.F0036.F002", "..\..\R5T.F0036\source\R5T.F0036.F002\R5T.F0036.F002.csproj", "{36A8B086-4628-4A08-A15E-67B673E250A0}"
EndProject
Project("{9A19103F-16F7-4668-BE54-9A1E7A4F7556}") = "R5T.T0147.T000", "..\..\R5T.T0147\source\R5T.T0147.T000\R5T.T0147.T000.csproj", "{FC1769D3-D775-4558-BD0A-F0AEFECD0454}"
EndProject
Project("{9A19103F-16F7-4668-BE54-9A1E7A4F7556}") = "R5T.T0148", "..\..\R5T.T0148\source\R5T.T0148\R5T.T0148.csproj", "{87898E8D-DB2B-4F1A-BFFC-C511CBF46DDA}"
EndProject
Project("{9A19103F-16F7-4668-BE54-9A1E7A4F7556}") = "R5T.F0000", "..\..\R5T.F0000\source\R5T.F0000\R5T.F0000.csproj", "{BBD17A57-F54D-4CB7-A830-F7CE9F57FE18}"
EndProject
Project("{9A19103F-16F7-4668-BE54-9A1E7A4F7556}") = "R5T.Z0000", "..\..\R5T.Z0000\source\R5T.Z0000\R5T.Z0000.csproj", "{D44D8E35-9FCF-4642-BFEA-8BFB414FBBBC}"
EndProject
Project("{9A19103F-16F7-4668-BE54-9A1E7A4F7556}") = "R5T.T0131", "..\..\R5T.T0131\source\R5T.T0131\R5T.T0131.csproj", "{0407CC7D-1AA5-4C90-8DEC-CFA0A6E70218}"
EndProject
Project("{9A19103F-16F7-4668-BE54-9A1E7A4F7556}") = "R5T.Y0000", "..\..\R5T.Y0000\source\R5T.Y0000\R5T.Y0000.csproj", "{35EA5058-106D-4CA5-8731-974F16D621FB}"
EndProject
Project("{9A19103F-16F7-4668-BE54-9A1E7A4F7556}") = "R5T.NG0003", "..\..\R5T.NG0003\source\R5T.NG0003\R5T.NG0003.csproj", "{D7CB316F-D4E6-4CFD-8A25-44F049DC5BAA}"
EndProject
Project("{9A19103F-16F7-4668-BE54-9A1E7A4F7556}") = "R5T.F0041", "..\..\R5T.F0041\source\R5T.F0041\R5T.F0041.csproj", "{5825E452-5135-4233-A81E-ED5567CF9670}"
EndProject
Project("{9A19103F-16F7-4668-BE54-9A1E7A4F7556}") = "R5T.F0042", "..\..\R5T.F0042\source\R5T.F0042\R5T.F0042.csproj", "{6D633E92-47ED-4E14-954D-7070A543426F}"
EndProject
Project("{9A19103F-16F7-4668-BE54-9A1E7A4F7556}") = "R5T.F0045", "..\..\R5T.F0045\source\R5T.F0045\R5T.F0045.csproj", "{93EBCE46-24A8-40EA-A960-A40661957C54}"
EndProject
Project("{9A19103F-16F7-4668-BE54-9A1E7A4F7556}") = "R5T.F0002", "..\..\R5T.F0002\source\R5T.F0002\R5T.F0002.csproj", "{7D6250B1-22A0-4202-B4E9-0DEE13FC5E1C}"
EndProject
Project("{9A19103F-16F7-4668-BE54-9A1E7A4F7556}") = "R5T.F0019", "..\..\R5T.F0019\source\R5T.F0019\R5T.F0019.csproj", "{12ED4DA9-E082-4935-B5AD-8282DDC160B3}"
EndProject
Project("{9A19103F-16F7-4668-BE54-9A1E7A4F7556}") = "R5T.L0001.Y000", "..\..\R5T.L0001\source\R5T.L0001.Y000\R5T.L0001.Y000.csproj", "{257AB517-1D7E-476F-B3C0-8B450D6B8A7D}"
EndProject
Project("{9A19103F-16F7-4668-BE54-9A1E7A4F7556}") = "R5T.L0001.Z000", "..\..\R5T.L0001\source\R5T.L0001.Z000\R5T.L0001.Z000.csproj", "{031B43B6-1DB2-4C02-87FC-63542B099360}"
EndProject
Project("{9A19103F-16F7-4668-BE54-9A1E7A4F7556}") = "R5T.L0001", "..\..\R5T.L0001\source\R5T.L0001\R5T.L0001.csproj", "{42DCFDD0-89BD-4BFB-8BDE-9F9163A2964A}"
EndProject
Project("{9A19103F-16F7-4668-BE54-9A1E7A4F7556}") = "R5T.T0046", "..\..\R5T.T0046\source\R5T.T0046\R5T.T0046.csproj", "{18EEF2BE-6820-4324-8755-3719EFAA80D7}"
EndProject
Project("{9A19103F-16F7-4668-BE54-9A1E7A4F7556}") = "R5T.T0144", "..\..\R5T.T0144\source\R5T.T0144\R5T.T0144.csproj", "{9CE00F4A-0227-46B3-827E-A54704BC7E55}"
EndProject
Project("{9A19103F-16F7-4668-BE54-9A1E7A4F7556}") = "R5T.Y0004", "..\..\R5T.Y0004\source\R5T.Y0004\R5T.Y0004.csproj", "{6D5AA482-34BC-4725-A028-884975AAC9E8}"
EndProject
Project("{9A19103F-16F7-4668-BE54-9A1E7A4F7556}") = "R5T.Z0005", "..\..\R5T.Z0005\source\R5T.Z0005\R5T.Z0005.csproj", "{C300D759-C1F5-46E7-A426-33BDA2FD41AE}"
EndProject
Project("{9A19103F-16F7-4668-BE54-9A1E7A4F7556}") = "R5T.F0032", "..\..\R5T.F0032\source\R5T.F0032\R5T.F0032.csproj", "{FA26D7C2-D343-49BA-B315-4002907DD8E0}"
EndProject
Project("{9A19103F-16F7-4668-BE54-9A1E7A4F7556}") = "R5T.F0046", "..\..\R5T.F0046\source\R5T.F0046\R5T.F0046.csproj", "{252C23DC-729D-4470-A001-EF7EC900D70D}"
EndProject
Project("{9A19103F-16F7-4668-BE54-9A1E7A4F7556}") = "R5T.F0047", "..\..\R5T.F0047\source\R5T.F0047\R5T.F0047.csproj", "{C26C6D4E-4C70-493B-9E07-5A687B581954}"
EndProject
Project("{9A19103F-16F7-4668-BE54-9A1E7A4F7556}") = "R5T.Z0013", "..\..\R5T.Z0013\source\R5T.Z0013\R5T.Z0013.csproj", "{7CC2965B-2BB4-4A5C-B21E-452F94CB12CF}"
EndProject
Project("{9A19103F-16F7-4668-BE54-9A1E7A4F7556}") = "R5T.NG0005", "..\..\R5T.NG0005\source\R5T.NG0005\R5T.NG0005.csproj", "{45F0873D-D417-47F8-910C-FA36FD5FFF76}"
EndProject
Project("{9A19103F-16F7-4668-BE54-9A1E7A4F7556}") = "R5T.F0043", "..\..\R5T.F0043\source\R5T.F0043\R5T.F0043.csproj", "{EA8980E4-646E-4D38-895E-C68DD88DE904}"
EndProject
Project("{9A19103F-16F7-4668-BE54-9A1E7A4F7556}") = "R5T.F0044", "..\..\R5T.F0044\source\R5T.F0044\R5T.F0044.csproj", "{1689DBE7-17F1-483B-8426-FBF4D00E8AF4}"
EndProject
Project("{9A19103F-16F7-4668-BE54-9A1E7A4F7556}") = "R5T.NG0006", "..\..\R5T.NG0006\source\R5T.NG0006\R5T.NG0006.csproj", "{840F45B3-3EF9-44E1-98D6-C67FD7E2A3F1}"
EndProject
Project("{9A19103F-16F7-4668-BE54-9A1E7A4F7556}") = "R5T.F0048", "..\..\R5T.F0048\source\R5T.F0048\R5T.F0048.csproj", "{82A5103E-0010-4890-83DD-77EF9A9417E1}"
EndProject
Project("{9A19103F-16F7-4668-BE54-9A1E7A4F7556}") = "R5T.F0049", "..\..\R5T.F0049\source\R5T.F0049\R5T.F0049.csproj", "{E1EFB444-7008-4984-BE97-C923C51672A9}"
EndProject
Project("{9A19103F-16F7-4668-BE54-9A1E7A4F7556}") = "R5T.F0024", "..\..\R5T.F0024\source\R5T.F0024\R5T.F0024.csproj", "{FB4ABAA9-EB49-4F6E-90F7-A631CB18BBE6}"
EndProject
Project("{9A19103F-16F7-4668-BE54-9A1E7A4F7556}") = "R5T.Z0009", "..\..\R5T.Z0009\source\R5T.Z0009\R5T.Z0009.csproj", "{D70434B2-C0D1-4D92-9742-B95F3EBA9A07}"
EndProject
Project("{9A19103F-16F7-4668-BE54-9A1E7A4F7556}") = "R5T.F0024.T001", "..\..\R5T.F0024\source\R5T.F0024.T001\R5T.F0024.T001.csproj", "{AB43429E-367B-4714-A3F9-5502C665147A}"
EndProject
Project("{9A19103F-16F7-4668-BE54-9A1E7A4F7556}") = "R5T.F0050", "..\..\R5T.F0050\source\R5T.F0050\R5T.F0050.csproj", "{CF66ECA4-3ADF-42CD-838E-563A228A8DFE}"
EndProject
Project("{9A19103F-16F7-4668-BE54-9A1E7A4F7556}") = "R5T.F0051", "..\..\R5T.F0051\source\R5T.F0051\R5T.F0051.csproj", "{B3788246-D1C0-44EB-9A38-E575822A3638}"
EndProject
Project("{9A19103F-16F7-4668-BE54-9A1E7A4F7556}") = "R5T.F0020", "..\..\R5T.F0020\source\R5T.F0020\R5T.F0020.csproj", "{CD84441B-AFE3-49E0-98ED-AA643BD53FA2}"
EndProject
Project("{9A19103F-16F7-4668-BE54-9A1E7A4F7556}") = "R5T.F0040.F000", "..\..\R5T.F0040\source\R5T.F0040.F000\R5T.F0040.F000.csproj", "{F0A1D9CA-76AB-4056-8E9C-D72D5351772F}"
EndProject
Project("{9A19103F-16F7-4668-BE54-9A1E7A4F7556}") = "R5T.F0052", "..\..\R5T.F0052\source\R5T.F0052\R5T.F0052.csproj", "{A27388D3-F841-4A34-B6C3-B6BF0C1AC270}"
EndProject
Project("{9A19103F-16F7-4668-BE54-9A1E7A4F7556}") = "R5T.F0053", "..\..\R5T.F0053\source\R5T.F0053\R5T.F0053.csproj", "{E39C9AD3-A1DA-40F4-B80D-53389D5C3A9A}"
EndProject
Project("{9A19103F-16F7-4668-BE54-9A1E7A4F7556}") = "R5T.F0054", "..\..\R5T.F0054\source\R5T.F0054\R5T.F0054.csproj", "{8668801D-61D9-48A3-8247-0672D356AF6C}"
EndProject
Project("{9A19103F-16F7-4668-BE54-9A1E7A4F7556}") = "R5T.F0055", "..\..\R5T.F0055\source\R5T.F0055\R5T.F0055.csproj", "{E4FD457E-B682-42DE-A118-EB8260E7F7D5}"
EndProject
Project("{9A19103F-16F7-4668-BE54-9A1E7A4F7556}") = "R5T.F0056", "..\..\R5T.F0056\source\R5T.F0056\R5T.F0056.csproj", "{9CD46DD6-0144-42A2-90F7-1B47B2D7A955}"
EndProject
Project("{9A19103F-16F7-4668-BE54-9A1E7A4F7556}") = "R5T.F0034", "..\..\R5T.F0034\source\R5T.F0034\R5T.F0034.csproj", "{6DE31FCB-45AC-45F1-8E0F-136DCEF82610}"
EndProject
Project("{9A19103F-16F7-4668-BE54-9A1E7A4F7556}") = "R5T.F0057", "..\..\R5T.F0057\source\R5T.F0057\R5T.F0057.csproj", "{FD12EBB8-127A-49FE-B63E-FB7E06996CF0}"
EndProject
Project("{9A19103F-16F7-4668-BE54-9A1E7A4F7556}") = "R5T.NG0007", "..\..\R5T.NG0007\source\R5T.NG0007\R5T.NG0007.csproj", "{BE30DFAB-0C15-4B2B-B288-439BBE5AF782}"
EndProject
Project("{9A19103F-16F7-4668-BE54-9A1E7A4F7556}") = "R5T.F0035", "..\..\R5T.F0035\source\R5T.F0035\R5T.F0035.csproj", "{C645DF7E-5AEA-46FA-89C1-0462709E42C3}"
EndProject
Project("{9A19103F-16F7-4668-BE54-9A1E7A4F7556}") = "R5T.NG0008", "..\..\R5T.NG0008\source\R5T.NG0008\R5T.NG0008.csproj", "{C22FCB30-60A8-4B15-8F28-D5089132835C}"
EndProject
Project("{9A19103F-16F7-4668-BE54-9A1E7A4F7556}") = "R5T.F0062", "..\..\R5T.F0062\source\R5T.F0062\R5T.F0062.csproj", "{3406E635-FD96-46EF-858A-A8C48589DA50}"
EndProject
Project("{9A19103F-16F7-4668-BE54-9A1E7A4F7556}") = "R5T.F0016", "..\..\R5T.F0016\source\R5T.F0016\R5T.F0016.csproj", "{CA994725-40D9-4E54-8D8F-A35BCB3D2E9F}"
EndProject
Project("{9A19103F-16F7-4668-BE54-9A1E7A4F7556}") = "R5T.Z0015", "..\..\R5T.Z0015\source\R5T.Z0015\R5T.Z0015.csproj", "{14AED0A5-5DED-4501-B266-4E555D6C0B3C}"
EndProject
Project("{9A19103F-16F7-4668-BE54-9A1E7A4F7556}") = "R5T.F0033", "..\..\R5T.F0033\source\R5T.F0033\R5T.F0033.csproj", "{C1ADB328-D03A-462D-AEEA-775419B437AB}"
EndProject
Project("{9A19103F-16F7-4668-BE54-9A1E7A4F7556}") = "R5T.C0003.F001", "R5T.C0003.F001\R5T.C0003.F001.csproj", "{7A1D2D90-8DF4-4FCB-9C85-444F9C3AD328}"
EndProject
Project("{9A19103F-16F7-4668-BE54-9A1E7A4F7556}") = "R5T.F0063", "..\..\R5T.F0063\source\R5T.F0063\R5T.F0063.csproj", "{0445A6AB-715E-4433-AD00-A1C14137B4A7}"
EndProject
Project("{9A19103F-16F7-4668-BE54-9A1E7A4F7556}") = "R5T.F0061", "..\..\R5T.F0061\source\R5T.F0061\R5T.F0061.csproj", "{ED20137C-F30D-485C-83D6-C628D72DBC51}"
EndProject
Project("{9A19103F-16F7-4668-BE54-9A1E7A4F7556}") = "R5T.F0068", "..\..\R5T.F0068\source\R5T.F0068\R5T.F0068.csproj", "{78EC5FD1-1954-4766-9FF5-B9FAE421C9FB}"
EndProject
Project("{9A19103F-16F7-4668-BE54-9A1E7A4F7556}") = "R5T.NG0012", "..\..\R5T.NG0012\source\R5T.NG0012\R5T.NG0012.csproj", "{26BD229D-29A7-4193-8FAD-8527D2622B60}"
EndProject
Project("{9A19103F-16F7-4668-BE54-9A1E7A4F7556}") = "R5T.F0073", "..\..\R5T.F0073\source\R5T.F0073\R5T.F0073.csproj", "{630B1CD7-9888-475F-9655-E36178299761}"
EndProject
Project("{9A19103F-16F7-4668-BE54-9A1E7A4F7556}") = "R5T.F0016.F001", "..\..\R5T.F0016\source\R5T.F0016.F001\R5T.F0016.F001.csproj", "{F5682A65-C94A-446D-92FD-E1D4A8B8B574}"
EndProject
Project("{9A19103F-16F7-4668-BE54-9A1E7A4F7556}") = "R5T.F0063.F001", "..\..\R5T.F0063\source\R5T.F0063.F001\R5T.F0063.F001.csproj", "{1BFB2FE5-5361-49E4-90E7-D5EF103FE4D7}"
EndProject
Project("{9A19103F-16F7-4668-BE54-9A1E7A4F7556}") = "R5T.F0074", "..\..\R5T.F0074\source\R5T.F0074\R5T.F0074.csproj", "{4B9D0CEB-1BE9-48E3-B998-F66EA13F7334}"
EndProject
Project("{9A19103F-16F7-4668-BE54-9A1E7A4F7556}") = "R5T.F0083", "..\..\R5T.F0083\source\R5T.F0083\R5T.F0083.csproj", "{380FE098-7192-42A1-9D17-8CDB53342D1A}"
EndProject
Project("{9A19103F-16F7-4668-BE54-9A1E7A4F7556}") = "R5T.F0084", "..\..\R5T.F0084\source\R5T.F0084\R5T.F0084.csproj", "{1BA1585E-3E00-4F5E-8872-C76D6CDBD1F3}"
EndProject
Project("{9A19103F-16F7-4668-BE54-9A1E7A4F7556}") = "R5T.F0018", "..\..\R5T.F0018\source\R5T.F0018\R5T.F0018.csproj", "{ED77C06D-65CC-4DF2-A166-8CF40F8C27BD}"
EndProject
Project("{9A19103F-16F7-4668-BE54-9A1E7A4F7556}") = "R5T.F0040", "..\..\R5T.F0040\source\R5T.F0040\R5T.F0040.csproj", "{2715AF91-E924-4747-A15E-0C5A9C302416}"
EndProject
Project("{9A19103F-16F7-4668-BE54-9A1E7A4F7556}") = "R5T.F0059", "..\..\R5T.F0059\source\R5T.F0059\R5T.F0059.csproj", "{743C7513-5365-4F31-BD7E-E706F2F581E0}"
EndProject
Project("{9A19103F-16F7-4668-BE54-9A1E7A4F7556}") = "R5T.F0079", "..\..\R5T.F0079\source\R5T.F0079\R5T.F0079.csproj", "{DD21805C-B6F8-4058-BFE1-82CAA71EB1F1}"
EndProject
Project("{9A19103F-16F7-4668-BE54-9A1E7A4F7556}") = "R5T.F0083.R001", "..\..\R5T.F0083\source\R5T.F0083.R001\R5T.F0083.R001.csproj", "{3955818B-06FB-4E63-8133-C2CE988A26A9}"
EndProject
Project("{9A19103F-16F7-4668-BE54-9A1E7A4F7556}") = "R5T.NG0009", "..\..\R5T.NG0009\source\R5T.NG0009\R5T.NG0009.csproj", "{AC00E0EF-388F-4E44-BAA2-EB71CA3B029A}"
EndProject
Project("{9A19103F-16F7-4668-BE54-9A1E7A4F7556}") = "R5T.NG0010", "..\..\R5T.NG0010\source\R5T.NG0010\R5T.NG0010.csproj", "{A9462FBD-2DE1-411E-A690-8E831ADC5346}"
EndProject
Project("{9A19103F-16F7-4668-BE54-9A1E7A4F7556}") = "R5T.NG0013", "..\..\R5T.NG0013\source\R5T.NG0013\R5T.NG0013.csproj", "{DE095296-F849-48A9-8BA1-C98D75E925FC}"
EndProject
Project("{9A19103F-16F7-4668-BE54-9A1E7A4F7556}") = "R5T.T0146", "..\..\R5T.T0146\source\R5T.T0146\R5T.T0146.csproj", "{41E32C7A-23CA-48DD-8C86-BED87D9DD097}"
EndProject
Project("{9A19103F-16F7-4668-BE54-9A1E7A4F7556}") = "R5T.T0149", "..\..\R5T.T0149\source\R5T.T0149\R5T.T0149.csproj", "{C9A7A777-1A4F-4E1E-A1F8-3ED19389BDCB}"
EndProject
Project("{9A19103F-16F7-4668-BE54-9A1E7A4F7556}") = "R5T.T0150", "..\..\R5T.T0150\source\R5T.T0150\R5T.T0150.csproj", "{0B557449-BA59-4E59-A04A-9366B4B32F51}"
EndProject
Project("{9A19103F-16F7-4668-BE54-9A1E7A4F7556}") = "R5T.T0151", "..\..\R5T.T0151\source\R5T.T0151\R5T.T0151.csproj", "{48C760FE-CE1A-4E88-870D-6B7D78CDFEF0}"
EndProject
Project("{9A19103F-16F7-4668-BE54-9A1E7A4F7556}") = "R5T.Z0006", "..\..\R5T.Z0006\source\R5T.Z0006\R5T.Z0006.csproj", "{798F0F67-2F82-4E0D-BBA7-6681D2E64B99}"
EndProject
Project("{9A19103F-16F7-4668-BE54-9A1E7A4F7556}") = "R5T.Z0012", "..\..\R5T.Z0012\source\R5T.Z0012\R5T.Z0012.csproj", "{9DD2FE88-A7A7-450A-A653-43CB8154E4DB}"
EndProject
Project("{9A19103F-16F7-4668-BE54-9A1E7A4F7556}") = "R5T.Z0018", "..\..\R5T.Z0018.Private\source\R5T.Z0018\R5T.Z0018.csproj", "{1DDDB4C9-5B3E-415F-989F-DD42B4E13E10}"
EndProject
Project("{9A19103F-16F7-4668-BE54-9A1E7A4F7556}") = "R5T.F0042.F001", "..\..\R5T.F0042\source\R5T.F0042.F001\R5T.F0042.F001.csproj", "{CA2F7DD7-6E67-4E22-975E-7CE6823E3A8C}"
EndProject
Project("{9A19103F-16F7-4668-BE54-9A1E7A4F7556}") = "R5T.F0078", "..\..\R5T.F0078\source\R5T.F0078\R5T.F0078.csproj", "{76396047-8F41-42B8-B2C8-0AB67DEABA6F}"
EndProject
Project("{9A19103F-16F7-4668-BE54-9A1E7A4F7556}") = "R5T.F0081", "..\..\R5T.F0081\source\R5T.F0081\R5T.F0081.csproj", "{346A3F30-0571-4297-A313-2915F7B39811}"
EndProject
Project("{9A19103F-16F7-4668-BE54-9A1E7A4F7556}") = "R5T.F0086", "..\..\R5T.F0086\source\R5T.F0086\R5T.F0086.csproj", "{26706CBC-D664-4E13-A8AA-3E02AE60BC6E}"
EndProject
Project("{9A19103F-16F7-4668-BE54-9A1E7A4F7556}") = "R5T.F0091", "..\..\R5T.F0091\source\R5T.F0091\R5T.F0091.csproj", "{A40D85FC-9CF6-416B-855D-51B8C807EF1F}"
EndProject
Project("{9A19103F-16F7-4668-BE54-9A1E7A4F7556}") = "R5T.NG0014", "..\..\R5T.NG0014\source\R5T.NG0014\R5T.NG0014.csproj", "{FF86F99F-499C-4D0D-AE53-3724C4E028BF}"
EndProject
Project("{9A19103F-16F7-4668-BE54-9A1E7A4F7556}") = "R5T.T0152", "..\..\R5T.T0152\source\R5T.T0152\R5T.T0152.csproj", "{ADAE160F-74E4-4022-8191-15492179754F}"
EndProject
Project("{9A19103F-16F7-4668-BE54-9A1E7A4F7556}") = "R5T.Z0020", "..\..\R5T.Z0020\source\R5T.Z0020\R5T.Z0020.csproj", "{C4E0AEC1-974E-4768-8071-6D2D5B505319}"
EndProject
Project("{9A19103F-16F7-4668-BE54-9A1E7A4F7556}") = "R5T.F0085", "..\..\R5T.F0085\source\R5T.F0085\R5T.F0085.csproj", "{F4404612-B0FF-43E6-97C6-B93274E746C0}"
EndProject
Project("{9A19103F-16F7-4668-BE54-9A1E7A4F7556}") = "R5T.F0089", "..\..\R5T.F0089\source\R5T.F0089\R5T.F0089.csproj", "{743D6F2A-3484-497A-ADB0-599D3C26AD53}"
EndProject
Project("{9A19103F-16F7-4668-BE54-9A1E7A4F7556}") = "R5T.T0153", "..\..\R5T.T0153\source\R5T.T0153\R5T.T0153.csproj", "{C7112915-164B-4B60-BC24-D36D8A1041E1}"
EndProject
Project("{9A19103F-16F7-4668-BE54-9A1E7A4F7556}") = "R5T.L0026.T000", "..\..\R5T.L0026\source\R5T.L0026.T000\R5T.L0026.T000.csproj", "{954B40E5-0D25-4870-BCD2-303B01C96DE9}"
EndProject
Project("{9A19103F-16F7-4668-BE54-9A1E7A4F7556}") = "R5T.Z0007", "..\..\R5T.Z0007\source\R5T.Z0007\R5T.Z0007.csproj", "{CC21D04A-2197-4AB1-BC58-68EAD8A5C9C6}"
EndProject
Project("{9A19103F-16F7-4668-BE54-9A1E7A4F7556}") = "R5T.L0026", "..\..\R5T.L0026\source\R5T.L0026\R5T.L0026.csproj", "{D844B898-0368-442C-9505-17350970F737}"
EndProject
Project("{9A19103F-16F7-4668-BE54-9A1E7A4F7556}") = "R5T.T0154", "..\..\R5T.T0154\source\R5T.T0154\R5T.T0154.csproj", "{24476FD9-78C2-4866-9F40-985E65239ACE}"
EndProject
Project("{9A19103F-16F7-4668-BE54-9A1E7A4F7556}") = "R5T.F0095", "..\..\R5T.F0095\source\R5T.F0095\R5T.F0095.csproj", "{DA895465-3408-4209-A9E6-8873C4D7B00F}"
EndProject
Project("{9A19103F-16F7-4668-BE54-9A1E7A4F7556}") = "R5T.F0093", "..\..\R5T.F0093\source\R5T.F0093\R5T.F0093.csproj", "{6081E892-96F4-4B4D-AA72-A54C08CC2F5B}"
EndProject
Project("{9A19103F-16F7-4668-BE54-9A1E7A4F7556}") = "R5T.F0088", "..\..\R5T.F0088\source\R5T.F0088\R5T.F0088.csproj", "{92986E55-DAC8-4AF6-AD07-A9726D0C9798}"
EndProject
Project("{9A19103F-16F7-4668-BE54-9A1E7A4F7556}") = "R5T.F0080", "..\..\R5T.F0080\source\R5T.F0080\R5T.F0080.csproj", "{8883A8AF-EAE6-409A-8332-F5E4375AC181}"
EndProject
Project("{9A19103F-16F7-4668-BE54-9A1E7A4F7556}") = "R5T.F0087", "..\..\R5T.F0087\source\R5T.F0087\R5T.F0087.csproj", "{5302F241-06B2-4B7C-957C-43D448D88F2D}"
EndProject
Project("{9A19103F-16F7-4668-BE54-9A1E7A4F7556}") = "R5T.F0094", "..\..\R5T.F0094\source\R5T.F0094\R5T.F0094.csproj", "{4BAAA58F-1C3B-4E81-9106-5EFC79A4D91F}"
EndProject
Project("{9A19103F-16F7-4668-BE54-9A1E7A4F7556}") = "R5T.T0153.Z001", "..\..\R5T.T0153\source\R5T.T0153.Z001\R5T.T0153.Z001.csproj", "{4858EA34-6B9D-4DB5-BF4B-4BD220681C73}"
EndProject
Project("{9A19103F-16F7-4668-BE54-9A1E7A4F7556}") = "R5T.Z0023", "..\..\R5T.Z0023\source\R5T.Z0023\R5T.Z0023.csproj", "{AF82E87E-2D98-4AA4-B22A-F10E2D2D64AB}"
EndProject
Project("{9A19103F-16F7-4668-BE54-9A1E7A4F7556}") = "R5T.F0102", "..\..\R5T.F0102\source\R5T.F0102\R5T.F0102.csproj", "{1E34B5BD-0DF6-4CC6-8739-22DB7C3D9F2E}"
EndProject
Project("{9A19103F-16F7-4668-BE54-9A1E7A4F7556}") = "R5T.F0035.F001", "..\..\R5T.F0035\source\R5T.F0035.F001\R5T.F0035.F001.csproj", "{DF216654-5CB4-4746-A96D-F91DE6CCD0E2}"
EndProject
Project("{9A19103F-16F7-4668-BE54-9A1E7A4F7556}") = "R5T.F0042.F002", "..\..\R5T.F0042\source\R5T.F0042.F002\R5T.F0042.F002.csproj", "{D08B5278-6E0C-406D-ACF2-290B1215712D}"
EndProject
Project("{9A19103F-16F7-4668-BE54-9A1E7A4F7556}") = "R5T.F0090", "..\..\R5T.F0090\source\R5T.F0090\R5T.F0090.csproj", "{B04E41B2-A538-46BD-A7BB-1571B2B35B5F}"
EndProject
Project("{9A19103F-16F7-4668-BE54-9A1E7A4F7556}") = "R5T.T0156", "..\..\R5T.T0156\source\R5T.T0156\R5T.T0156.csproj", "{521AFDFA-B826-4444-9930-917F548CD929}"
EndProject
Global
	GlobalSection(NestedProjects) = preSolution
		{00850C67-8FC5-49DD-AF40-E30AE933B190} = {83C13544-DE90-47A3-A39A-C0F73836D8A7}
		{6A0B0E77-00C3-4BFA-AF23-B72B655FF872} = {83C13544-DE90-47A3-A39A-C0F73836D8A7}
		{D1ED726D-BB87-4441-BBCD-FD6640FC7929} = {83C13544-DE90-47A3-A39A-C0F73836D8A7}
		{C83A286B-DCFF-400A-82BC-81626B30D2AD} = {83C13544-DE90-47A3-A39A-C0F73836D8A7}
		{E98ADF4E-4E52-4F44-B912-7428E7B7890E} = {83C13544-DE90-47A3-A39A-C0F73836D8A7}
		{7EE3D37A-EC68-40DD-BEA4-9CFB99101BE7} = {83C13544-DE90-47A3-A39A-C0F73836D8A7}
		{B3601D07-43D4-4C52-A507-F121A2FC09FA} = {83C13544-DE90-47A3-A39A-C0F73836D8A7}
		{A74C02E7-DB1A-484A-818E-F5C593E4EBAA} = {83C13544-DE90-47A3-A39A-C0F73836D8A7}
		{D1E26F1B-7BDC-43FE-B5E2-B9180CAD15C0} = {83C13544-DE90-47A3-A39A-C0F73836D8A7}
		{D52FE23E-FFBF-422B-A06D-86D18B4308D1} = {83C13544-DE90-47A3-A39A-C0F73836D8A7}
		{36A8B086-4628-4A08-A15E-67B673E250A0} = {83C13544-DE90-47A3-A39A-C0F73836D8A7}
		{FC1769D3-D775-4558-BD0A-F0AEFECD0454} = {83C13544-DE90-47A3-A39A-C0F73836D8A7}
		{87898E8D-DB2B-4F1A-BFFC-C511CBF46DDA} = {83C13544-DE90-47A3-A39A-C0F73836D8A7}
		{BBD17A57-F54D-4CB7-A830-F7CE9F57FE18} = {83C13544-DE90-47A3-A39A-C0F73836D8A7}
		{D44D8E35-9FCF-4642-BFEA-8BFB414FBBBC} = {83C13544-DE90-47A3-A39A-C0F73836D8A7}
		{0407CC7D-1AA5-4C90-8DEC-CFA0A6E70218} = {83C13544-DE90-47A3-A39A-C0F73836D8A7}
		{35EA5058-106D-4CA5-8731-974F16D621FB} = {83C13544-DE90-47A3-A39A-C0F73836D8A7}
		{D7CB316F-D4E6-4CFD-8A25-44F049DC5BAA} = {83C13544-DE90-47A3-A39A-C0F73836D8A7}
		{5825E452-5135-4233-A81E-ED5567CF9670} = {83C13544-DE90-47A3-A39A-C0F73836D8A7}
		{6D633E92-47ED-4E14-954D-7070A543426F} = {83C13544-DE90-47A3-A39A-C0F73836D8A7}
		{93EBCE46-24A8-40EA-A960-A40661957C54} = {83C13544-DE90-47A3-A39A-C0F73836D8A7}
		{7D6250B1-22A0-4202-B4E9-0DEE13FC5E1C} = {83C13544-DE90-47A3-A39A-C0F73836D8A7}
		{12ED4DA9-E082-4935-B5AD-8282DDC160B3} = {83C13544-DE90-47A3-A39A-C0F73836D8A7}
		{257AB517-1D7E-476F-B3C0-8B450D6B8A7D} = {83C13544-DE90-47A3-A39A-C0F73836D8A7}
		{031B43B6-1DB2-4C02-87FC-63542B099360} = {83C13544-DE90-47A3-A39A-C0F73836D8A7}
		{42DCFDD0-89BD-4BFB-8BDE-9F9163A2964A} = {83C13544-DE90-47A3-A39A-C0F73836D8A7}
		{18EEF2BE-6820-4324-8755-3719EFAA80D7} = {83C13544-DE90-47A3-A39A-C0F73836D8A7}
		{9CE00F4A-0227-46B3-827E-A54704BC7E55} = {83C13544-DE90-47A3-A39A-C0F73836D8A7}
		{6D5AA482-34BC-4725-A028-884975AAC9E8} = {83C13544-DE90-47A3-A39A-C0F73836D8A7}
		{C300D759-C1F5-46E7-A426-33BDA2FD41AE} = {83C13544-DE90-47A3-A39A-C0F73836D8A7}
		{FA26D7C2-D343-49BA-B315-4002907DD8E0} = {83C13544-DE90-47A3-A39A-C0F73836D8A7}
		{252C23DC-729D-4470-A001-EF7EC900D70D} = {83C13544-DE90-47A3-A39A-C0F73836D8A7}
		{C26C6D4E-4C70-493B-9E07-5A687B581954} = {83C13544-DE90-47A3-A39A-C0F73836D8A7}
		{7CC2965B-2BB4-4A5C-B21E-452F94CB12CF} = {83C13544-DE90-47A3-A39A-C0F73836D8A7}
		{45F0873D-D417-47F8-910C-FA36FD5FFF76} = {83C13544-DE90-47A3-A39A-C0F73836D8A7}
		{EA8980E4-646E-4D38-895E-C68DD88DE904} = {83C13544-DE90-47A3-A39A-C0F73836D8A7}
		{1689DBE7-17F1-483B-8426-FBF4D00E8AF4} = {83C13544-DE90-47A3-A39A-C0F73836D8A7}
		{840F45B3-3EF9-44E1-98D6-C67FD7E2A3F1} = {83C13544-DE90-47A3-A39A-C0F73836D8A7}
		{82A5103E-0010-4890-83DD-77EF9A9417E1} = {83C13544-DE90-47A3-A39A-C0F73836D8A7}
		{E1EFB444-7008-4984-BE97-C923C51672A9} = {83C13544-DE90-47A3-A39A-C0F73836D8A7}
		{FB4ABAA9-EB49-4F6E-90F7-A631CB18BBE6} = {83C13544-DE90-47A3-A39A-C0F73836D8A7}
		{D70434B2-C0D1-4D92-9742-B95F3EBA9A07} = {83C13544-DE90-47A3-A39A-C0F73836D8A7}
		{AB43429E-367B-4714-A3F9-5502C665147A} = {83C13544-DE90-47A3-A39A-C0F73836D8A7}
		{CF66ECA4-3ADF-42CD-838E-563A228A8DFE} = {83C13544-DE90-47A3-A39A-C0F73836D8A7}
		{B3788246-D1C0-44EB-9A38-E575822A3638} = {83C13544-DE90-47A3-A39A-C0F73836D8A7}
		{CD84441B-AFE3-49E0-98ED-AA643BD53FA2} = {83C13544-DE90-47A3-A39A-C0F73836D8A7}
		{F0A1D9CA-76AB-4056-8E9C-D72D5351772F} = {83C13544-DE90-47A3-A39A-C0F73836D8A7}
		{A27388D3-F841-4A34-B6C3-B6BF0C1AC270} = {83C13544-DE90-47A3-A39A-C0F73836D8A7}
		{E39C9AD3-A1DA-40F4-B80D-53389D5C3A9A} = {83C13544-DE90-47A3-A39A-C0F73836D8A7}
		{8668801D-61D9-48A3-8247-0672D356AF6C} = {83C13544-DE90-47A3-A39A-C0F73836D8A7}
		{E4FD457E-B682-42DE-A118-EB8260E7F7D5} = {83C13544-DE90-47A3-A39A-C0F73836D8A7}
		{9CD46DD6-0144-42A2-90F7-1B47B2D7A955} = {83C13544-DE90-47A3-A39A-C0F73836D8A7}
		{6DE31FCB-45AC-45F1-8E0F-136DCEF82610} = {83C13544-DE90-47A3-A39A-C0F73836D8A7}
		{FD12EBB8-127A-49FE-B63E-FB7E06996CF0} = {83C13544-DE90-47A3-A39A-C0F73836D8A7}
		{BE30DFAB-0C15-4B2B-B288-439BBE5AF782} = {83C13544-DE90-47A3-A39A-C0F73836D8A7}
		{C645DF7E-5AEA-46FA-89C1-0462709E42C3} = {83C13544-DE90-47A3-A39A-C0F73836D8A7}
		{C22FCB30-60A8-4B15-8F28-D5089132835C} = {83C13544-DE90-47A3-A39A-C0F73836D8A7}
		{3406E635-FD96-46EF-858A-A8C48589DA50} = {83C13544-DE90-47A3-A39A-C0F73836D8A7}
		{CA994725-40D9-4E54-8D8F-A35BCB3D2E9F} = {83C13544-DE90-47A3-A39A-C0F73836D8A7}
		{14AED0A5-5DED-4501-B266-4E555D6C0B3C} = {83C13544-DE90-47A3-A39A-C0F73836D8A7}
		{C1ADB328-D03A-462D-AEEA-775419B437AB} = {83C13544-DE90-47A3-A39A-C0F73836D8A7}
		{0445A6AB-715E-4433-AD00-A1C14137B4A7} = {83C13544-DE90-47A3-A39A-C0F73836D8A7}
		{ED20137C-F30D-485C-83D6-C628D72DBC51} = {83C13544-DE90-47A3-A39A-C0F73836D8A7}
		{78EC5FD1-1954-4766-9FF5-B9FAE421C9FB} = {83C13544-DE90-47A3-A39A-C0F73836D8A7}
		{26BD229D-29A7-4193-8FAD-8527D2622B60} = {83C13544-DE90-47A3-A39A-C0F73836D8A7}
		{630B1CD7-9888-475F-9655-E36178299761} = {83C13544-DE90-47A3-A39A-C0F73836D8A7}
		{F5682A65-C94A-446D-92FD-E1D4A8B8B574} = {83C13544-DE90-47A3-A39A-C0F73836D8A7}
		{1BFB2FE5-5361-49E4-90E7-D5EF103FE4D7} = {83C13544-DE90-47A3-A39A-C0F73836D8A7}
		{4B9D0CEB-1BE9-48E3-B998-F66EA13F7334} = {83C13544-DE90-47A3-A39A-C0F73836D8A7}
		{380FE098-7192-42A1-9D17-8CDB53342D1A} = {83C13544-DE90-47A3-A39A-C0F73836D8A7}
		{1BA1585E-3E00-4F5E-8872-C76D6CDBD1F3} = {83C13544-DE90-47A3-A39A-C0F73836D8A7}
		{ED77C06D-65CC-4DF2-A166-8CF40F8C27BD} = {83C13544-DE90-47A3-A39A-C0F73836D8A7}
		{2715AF91-E924-4747-A15E-0C5A9C302416} = {83C13544-DE90-47A3-A39A-C0F73836D8A7}
		{743C7513-5365-4F31-BD7E-E706F2F581E0} = {83C13544-DE90-47A3-A39A-C0F73836D8A7}
		{DD21805C-B6F8-4058-BFE1-82CAA71EB1F1} = {83C13544-DE90-47A3-A39A-C0F73836D8A7}
		{3955818B-06FB-4E63-8133-C2CE988A26A9} = {83C13544-DE90-47A3-A39A-C0F73836D8A7}
		{AC00E0EF-388F-4E44-BAA2-EB71CA3B029A} = {83C13544-DE90-47A3-A39A-C0F73836D8A7}
		{A9462FBD-2DE1-411E-A690-8E831ADC5346} = {83C13544-DE90-47A3-A39A-C0F73836D8A7}
		{DE095296-F849-48A9-8BA1-C98D75E925FC} = {83C13544-DE90-47A3-A39A-C0F73836D8A7}
		{41E32C7A-23CA-48DD-8C86-BED87D9DD097} = {83C13544-DE90-47A3-A39A-C0F73836D8A7}
		{C9A7A777-1A4F-4E1E-A1F8-3ED19389BDCB} = {83C13544-DE90-47A3-A39A-C0F73836D8A7}
		{0B557449-BA59-4E59-A04A-9366B4B32F51} = {83C13544-DE90-47A3-A39A-C0F73836D8A7}
		{48C760FE-CE1A-4E88-870D-6B7D78CDFEF0} = {83C13544-DE90-47A3-A39A-C0F73836D8A7}
		{798F0F67-2F82-4E0D-BBA7-6681D2E64B99} = {83C13544-DE90-47A3-A39A-C0F73836D8A7}
		{9DD2FE88-A7A7-450A-A653-43CB8154E4DB} = {83C13544-DE90-47A3-A39A-C0F73836D8A7}
		{1DDDB4C9-5B3E-415F-989F-DD42B4E13E10} = {83C13544-DE90-47A3-A39A-C0F73836D8A7}
		{CA2F7DD7-6E67-4E22-975E-7CE6823E3A8C} = {83C13544-DE90-47A3-A39A-C0F73836D8A7}
		{76396047-8F41-42B8-B2C8-0AB67DEABA6F} = {83C13544-DE90-47A3-A39A-C0F73836D8A7}
		{346A3F30-0571-4297-A313-2915F7B39811} = {83C13544-DE90-47A3-A39A-C0F73836D8A7}
		{26706CBC-D664-4E13-A8AA-3E02AE60BC6E} = {83C13544-DE90-47A3-A39A-C0F73836D8A7}
		{A40D85FC-9CF6-416B-855D-51B8C807EF1F} = {83C13544-DE90-47A3-A39A-C0F73836D8A7}
		{FF86F99F-499C-4D0D-AE53-3724C4E028BF} = {83C13544-DE90-47A3-A39A-C0F73836D8A7}
		{ADAE160F-74E4-4022-8191-15492179754F} = {83C13544-DE90-47A3-A39A-C0F73836D8A7}
		{C4E0AEC1-974E-4768-8071-6D2D5B505319} = {83C13544-DE90-47A3-A39A-C0F73836D8A7}
		{F4404612-B0FF-43E6-97C6-B93274E746C0} = {83C13544-DE90-47A3-A39A-C0F73836D8A7}
		{743D6F2A-3484-497A-ADB0-599D3C26AD53} = {83C13544-DE90-47A3-A39A-C0F73836D8A7}
		{C7112915-164B-4B60-BC24-D36D8A1041E1} = {83C13544-DE90-47A3-A39A-C0F73836D8A7}
		{954B40E5-0D25-4870-BCD2-303B01C96DE9} = {83C13544-DE90-47A3-A39A-C0F73836D8A7}
		{CC21D04A-2197-4AB1-BC58-68EAD8A5C9C6} = {83C13544-DE90-47A3-A39A-C0F73836D8A7}
		{D844B898-0368-442C-9505-17350970F737} = {83C13544-DE90-47A3-A39A-C0F73836D8A7}
		{24476FD9-78C2-4866-9F40-985E65239ACE} = {83C13544-DE90-47A3-A39A-C0F73836D8A7}
		{DA895465-3408-4209-A9E6-8873C4D7B00F} = {83C13544-DE90-47A3-A39A-C0F73836D8A7}
		{6081E892-96F4-4B4D-AA72-A54C08CC2F5B} = {83C13544-DE90-47A3-A39A-C0F73836D8A7}
		{92986E55-DAC8-4AF6-AD07-A9726D0C9798} = {83C13544-DE90-47A3-A39A-C0F73836D8A7}
		{8883A8AF-EAE6-409A-8332-F5E4375AC181} = {83C13544-DE90-47A3-A39A-C0F73836D8A7}
		{5302F241-06B2-4B7C-957C-43D448D88F2D} = {83C13544-DE90-47A3-A39A-C0F73836D8A7}
		{4BAAA58F-1C3B-4E81-9106-5EFC79A4D91F} = {83C13544-DE90-47A3-A39A-C0F73836D8A7}
		{4858EA34-6B9D-4DB5-BF4B-4BD220681C73} = {83C13544-DE90-47A3-A39A-C0F73836D8A7}
		{AF82E87E-2D98-4AA4-B22A-F10E2D2D64AB} = {83C13544-DE90-47A3-A39A-C0F73836D8A7}
		{1E34B5BD-0DF6-4CC6-8739-22DB7C3D9F2E} = {83C13544-DE90-47A3-A39A-C0F73836D8A7}
		{DF216654-5CB4-4746-A96D-F91DE6CCD0E2} = {83C13544-DE90-47A3-A39A-C0F73836D8A7}
		{D08B5278-6E0C-406D-ACF2-290B1215712D} = {83C13544-DE90-47A3-A39A-C0F73836D8A7}
		{B04E41B2-A538-46BD-A7BB-1571B2B35B5F} = {83C13544-DE90-47A3-A39A-C0F73836D8A7}
		{521AFDFA-B826-4444-9930-917F548CD929} = {83C13544-DE90-47A3-A39A-C0F73836D8A7}
	EndGlobalSection
	GlobalSection(SolutionConfigurationPlatforms) = preSolution
		Debug|Any CPU = Debug|Any CPU
		Release|Any CPU = Release|Any CPU
	EndGlobalSection
	GlobalSection(ProjectConfigurationPlatforms) = postSolution
		{F74434E9-D4B3-49AC-822E-79D2B650BD96}.Debug|Any CPU.ActiveCfg = Debug|Any CPU
		{F74434E9-D4B3-49AC-822E-79D2B650BD96}.Debug|Any CPU.Build.0 = Debug|Any CPU
		{F74434E9-D4B3-49AC-822E-79D2B650BD96}.Release|Any CPU.ActiveCfg = Release|Any CPU
		{F74434E9-D4B3-49AC-822E-79D2B650BD96}.Release|Any CPU.Build.0 = Release|Any CPU
		{00850C67-8FC5-49DD-AF40-E30AE933B190}.Debug|Any CPU.ActiveCfg = Debug|Any CPU
		{00850C67-8FC5-49DD-AF40-E30AE933B190}.Debug|Any CPU.Build.0 = Debug|Any CPU
		{00850C67-8FC5-49DD-AF40-E30AE933B190}.Release|Any CPU.ActiveCfg = Release|Any CPU
		{00850C67-8FC5-49DD-AF40-E30AE933B190}.Release|Any CPU.Build.0 = Release|Any CPU
		{6A0B0E77-00C3-4BFA-AF23-B72B655FF872}.Debug|Any CPU.ActiveCfg = Debug|Any CPU
		{6A0B0E77-00C3-4BFA-AF23-B72B655FF872}.Debug|Any CPU.Build.0 = Debug|Any CPU
		{6A0B0E77-00C3-4BFA-AF23-B72B655FF872}.Release|Any CPU.ActiveCfg = Release|Any CPU
		{6A0B0E77-00C3-4BFA-AF23-B72B655FF872}.Release|Any CPU.Build.0 = Release|Any CPU
		{D1ED726D-BB87-4441-BBCD-FD6640FC7929}.Debug|Any CPU.ActiveCfg = Debug|Any CPU
		{D1ED726D-BB87-4441-BBCD-FD6640FC7929}.Debug|Any CPU.Build.0 = Debug|Any CPU
		{D1ED726D-BB87-4441-BBCD-FD6640FC7929}.Release|Any CPU.ActiveCfg = Release|Any CPU
		{D1ED726D-BB87-4441-BBCD-FD6640FC7929}.Release|Any CPU.Build.0 = Release|Any CPU
		{C83A286B-DCFF-400A-82BC-81626B30D2AD}.Debug|Any CPU.ActiveCfg = Debug|Any CPU
		{C83A286B-DCFF-400A-82BC-81626B30D2AD}.Debug|Any CPU.Build.0 = Debug|Any CPU
		{C83A286B-DCFF-400A-82BC-81626B30D2AD}.Release|Any CPU.ActiveCfg = Release|Any CPU
		{C83A286B-DCFF-400A-82BC-81626B30D2AD}.Release|Any CPU.Build.0 = Release|Any CPU
		{E98ADF4E-4E52-4F44-B912-7428E7B7890E}.Debug|Any CPU.ActiveCfg = Debug|Any CPU
		{E98ADF4E-4E52-4F44-B912-7428E7B7890E}.Debug|Any CPU.Build.0 = Debug|Any CPU
		{E98ADF4E-4E52-4F44-B912-7428E7B7890E}.Release|Any CPU.ActiveCfg = Release|Any CPU
		{E98ADF4E-4E52-4F44-B912-7428E7B7890E}.Release|Any CPU.Build.0 = Release|Any CPU
		{7EE3D37A-EC68-40DD-BEA4-9CFB99101BE7}.Debug|Any CPU.ActiveCfg = Debug|Any CPU
		{7EE3D37A-EC68-40DD-BEA4-9CFB99101BE7}.Debug|Any CPU.Build.0 = Debug|Any CPU
		{7EE3D37A-EC68-40DD-BEA4-9CFB99101BE7}.Release|Any CPU.ActiveCfg = Release|Any CPU
		{7EE3D37A-EC68-40DD-BEA4-9CFB99101BE7}.Release|Any CPU.Build.0 = Release|Any CPU
		{B3601D07-43D4-4C52-A507-F121A2FC09FA}.Debug|Any CPU.ActiveCfg = Debug|Any CPU
		{B3601D07-43D4-4C52-A507-F121A2FC09FA}.Debug|Any CPU.Build.0 = Debug|Any CPU
		{B3601D07-43D4-4C52-A507-F121A2FC09FA}.Release|Any CPU.ActiveCfg = Release|Any CPU
		{B3601D07-43D4-4C52-A507-F121A2FC09FA}.Release|Any CPU.Build.0 = Release|Any CPU
		{A74C02E7-DB1A-484A-818E-F5C593E4EBAA}.Debug|Any CPU.ActiveCfg = Debug|Any CPU
		{A74C02E7-DB1A-484A-818E-F5C593E4EBAA}.Debug|Any CPU.Build.0 = Debug|Any CPU
		{A74C02E7-DB1A-484A-818E-F5C593E4EBAA}.Release|Any CPU.ActiveCfg = Release|Any CPU
		{A74C02E7-DB1A-484A-818E-F5C593E4EBAA}.Release|Any CPU.Build.0 = Release|Any CPU
		{D1E26F1B-7BDC-43FE-B5E2-B9180CAD15C0}.Debug|Any CPU.ActiveCfg = Debug|Any CPU
		{D1E26F1B-7BDC-43FE-B5E2-B9180CAD15C0}.Debug|Any CPU.Build.0 = Debug|Any CPU
		{D1E26F1B-7BDC-43FE-B5E2-B9180CAD15C0}.Release|Any CPU.ActiveCfg = Release|Any CPU
		{D1E26F1B-7BDC-43FE-B5E2-B9180CAD15C0}.Release|Any CPU.Build.0 = Release|Any CPU
		{D52FE23E-FFBF-422B-A06D-86D18B4308D1}.Debug|Any CPU.ActiveCfg = Debug|Any CPU
		{D52FE23E-FFBF-422B-A06D-86D18B4308D1}.Debug|Any CPU.Build.0 = Debug|Any CPU
		{D52FE23E-FFBF-422B-A06D-86D18B4308D1}.Release|Any CPU.ActiveCfg = Release|Any CPU
		{D52FE23E-FFBF-422B-A06D-86D18B4308D1}.Release|Any CPU.Build.0 = Release|Any CPU
		{36A8B086-4628-4A08-A15E-67B673E250A0}.Debug|Any CPU.ActiveCfg = Debug|Any CPU
		{36A8B086-4628-4A08-A15E-67B673E250A0}.Debug|Any CPU.Build.0 = Debug|Any CPU
		{36A8B086-4628-4A08-A15E-67B673E250A0}.Release|Any CPU.ActiveCfg = Release|Any CPU
		{36A8B086-4628-4A08-A15E-67B673E250A0}.Release|Any CPU.Build.0 = Release|Any CPU
		{FC1769D3-D775-4558-BD0A-F0AEFECD0454}.Debug|Any CPU.ActiveCfg = Debug|Any CPU
		{FC1769D3-D775-4558-BD0A-F0AEFECD0454}.Debug|Any CPU.Build.0 = Debug|Any CPU
		{FC1769D3-D775-4558-BD0A-F0AEFECD0454}.Release|Any CPU.ActiveCfg = Release|Any CPU
		{FC1769D3-D775-4558-BD0A-F0AEFECD0454}.Release|Any CPU.Build.0 = Release|Any CPU
		{87898E8D-DB2B-4F1A-BFFC-C511CBF46DDA}.Debug|Any CPU.ActiveCfg = Debug|Any CPU
		{87898E8D-DB2B-4F1A-BFFC-C511CBF46DDA}.Debug|Any CPU.Build.0 = Debug|Any CPU
		{87898E8D-DB2B-4F1A-BFFC-C511CBF46DDA}.Release|Any CPU.ActiveCfg = Release|Any CPU
		{87898E8D-DB2B-4F1A-BFFC-C511CBF46DDA}.Release|Any CPU.Build.0 = Release|Any CPU
		{BBD17A57-F54D-4CB7-A830-F7CE9F57FE18}.Debug|Any CPU.ActiveCfg = Debug|Any CPU
		{BBD17A57-F54D-4CB7-A830-F7CE9F57FE18}.Debug|Any CPU.Build.0 = Debug|Any CPU
		{BBD17A57-F54D-4CB7-A830-F7CE9F57FE18}.Release|Any CPU.ActiveCfg = Release|Any CPU
		{BBD17A57-F54D-4CB7-A830-F7CE9F57FE18}.Release|Any CPU.Build.0 = Release|Any CPU
		{D44D8E35-9FCF-4642-BFEA-8BFB414FBBBC}.Debug|Any CPU.ActiveCfg = Debug|Any CPU
		{D44D8E35-9FCF-4642-BFEA-8BFB414FBBBC}.Debug|Any CPU.Build.0 = Debug|Any CPU
		{D44D8E35-9FCF-4642-BFEA-8BFB414FBBBC}.Release|Any CPU.ActiveCfg = Release|Any CPU
		{D44D8E35-9FCF-4642-BFEA-8BFB414FBBBC}.Release|Any CPU.Build.0 = Release|Any CPU
		{0407CC7D-1AA5-4C90-8DEC-CFA0A6E70218}.Debug|Any CPU.ActiveCfg = Debug|Any CPU
		{0407CC7D-1AA5-4C90-8DEC-CFA0A6E70218}.Debug|Any CPU.Build.0 = Debug|Any CPU
		{0407CC7D-1AA5-4C90-8DEC-CFA0A6E70218}.Release|Any CPU.ActiveCfg = Release|Any CPU
		{0407CC7D-1AA5-4C90-8DEC-CFA0A6E70218}.Release|Any CPU.Build.0 = Release|Any CPU
		{35EA5058-106D-4CA5-8731-974F16D621FB}.Debug|Any CPU.ActiveCfg = Debug|Any CPU
		{35EA5058-106D-4CA5-8731-974F16D621FB}.Debug|Any CPU.Build.0 = Debug|Any CPU
		{35EA5058-106D-4CA5-8731-974F16D621FB}.Release|Any CPU.ActiveCfg = Release|Any CPU
		{35EA5058-106D-4CA5-8731-974F16D621FB}.Release|Any CPU.Build.0 = Release|Any CPU
		{D7CB316F-D4E6-4CFD-8A25-44F049DC5BAA}.Debug|Any CPU.ActiveCfg = Debug|Any CPU
		{D7CB316F-D4E6-4CFD-8A25-44F049DC5BAA}.Debug|Any CPU.Build.0 = Debug|Any CPU
		{D7CB316F-D4E6-4CFD-8A25-44F049DC5BAA}.Release|Any CPU.ActiveCfg = Release|Any CPU
		{D7CB316F-D4E6-4CFD-8A25-44F049DC5BAA}.Release|Any CPU.Build.0 = Release|Any CPU
		{5825E452-5135-4233-A81E-ED5567CF9670}.Debug|Any CPU.ActiveCfg = Debug|Any CPU
		{5825E452-5135-4233-A81E-ED5567CF9670}.Debug|Any CPU.Build.0 = Debug|Any CPU
		{5825E452-5135-4233-A81E-ED5567CF9670}.Release|Any CPU.ActiveCfg = Release|Any CPU
		{5825E452-5135-4233-A81E-ED5567CF9670}.Release|Any CPU.Build.0 = Release|Any CPU
		{6D633E92-47ED-4E14-954D-7070A543426F}.Debug|Any CPU.ActiveCfg = Debug|Any CPU
		{6D633E92-47ED-4E14-954D-7070A543426F}.Debug|Any CPU.Build.0 = Debug|Any CPU
		{6D633E92-47ED-4E14-954D-7070A543426F}.Release|Any CPU.ActiveCfg = Release|Any CPU
		{6D633E92-47ED-4E14-954D-7070A543426F}.Release|Any CPU.Build.0 = Release|Any CPU
		{93EBCE46-24A8-40EA-A960-A40661957C54}.Debug|Any CPU.ActiveCfg = Debug|Any CPU
		{93EBCE46-24A8-40EA-A960-A40661957C54}.Debug|Any CPU.Build.0 = Debug|Any CPU
		{93EBCE46-24A8-40EA-A960-A40661957C54}.Release|Any CPU.ActiveCfg = Release|Any CPU
		{93EBCE46-24A8-40EA-A960-A40661957C54}.Release|Any CPU.Build.0 = Release|Any CPU
		{7D6250B1-22A0-4202-B4E9-0DEE13FC5E1C}.Debug|Any CPU.ActiveCfg = Debug|Any CPU
		{7D6250B1-22A0-4202-B4E9-0DEE13FC5E1C}.Debug|Any CPU.Build.0 = Debug|Any CPU
		{7D6250B1-22A0-4202-B4E9-0DEE13FC5E1C}.Release|Any CPU.ActiveCfg = Release|Any CPU
		{7D6250B1-22A0-4202-B4E9-0DEE13FC5E1C}.Release|Any CPU.Build.0 = Release|Any CPU
		{12ED4DA9-E082-4935-B5AD-8282DDC160B3}.Debug|Any CPU.ActiveCfg = Debug|Any CPU
		{12ED4DA9-E082-4935-B5AD-8282DDC160B3}.Debug|Any CPU.Build.0 = Debug|Any CPU
		{12ED4DA9-E082-4935-B5AD-8282DDC160B3}.Release|Any CPU.ActiveCfg = Release|Any CPU
		{12ED4DA9-E082-4935-B5AD-8282DDC160B3}.Release|Any CPU.Build.0 = Release|Any CPU
		{257AB517-1D7E-476F-B3C0-8B450D6B8A7D}.Debug|Any CPU.ActiveCfg = Debug|Any CPU
		{257AB517-1D7E-476F-B3C0-8B450D6B8A7D}.Debug|Any CPU.Build.0 = Debug|Any CPU
		{257AB517-1D7E-476F-B3C0-8B450D6B8A7D}.Release|Any CPU.ActiveCfg = Release|Any CPU
		{257AB517-1D7E-476F-B3C0-8B450D6B8A7D}.Release|Any CPU.Build.0 = Release|Any CPU
		{031B43B6-1DB2-4C02-87FC-63542B099360}.Debug|Any CPU.ActiveCfg = Debug|Any CPU
		{031B43B6-1DB2-4C02-87FC-63542B099360}.Debug|Any CPU.Build.0 = Debug|Any CPU
		{031B43B6-1DB2-4C02-87FC-63542B099360}.Release|Any CPU.ActiveCfg = Release|Any CPU
		{031B43B6-1DB2-4C02-87FC-63542B099360}.Release|Any CPU.Build.0 = Release|Any CPU
		{42DCFDD0-89BD-4BFB-8BDE-9F9163A2964A}.Debug|Any CPU.ActiveCfg = Debug|Any CPU
		{42DCFDD0-89BD-4BFB-8BDE-9F9163A2964A}.Debug|Any CPU.Build.0 = Debug|Any CPU
		{42DCFDD0-89BD-4BFB-8BDE-9F9163A2964A}.Release|Any CPU.ActiveCfg = Release|Any CPU
		{42DCFDD0-89BD-4BFB-8BDE-9F9163A2964A}.Release|Any CPU.Build.0 = Release|Any CPU
		{18EEF2BE-6820-4324-8755-3719EFAA80D7}.Debug|Any CPU.ActiveCfg = Debug|Any CPU
		{18EEF2BE-6820-4324-8755-3719EFAA80D7}.Debug|Any CPU.Build.0 = Debug|Any CPU
		{18EEF2BE-6820-4324-8755-3719EFAA80D7}.Release|Any CPU.ActiveCfg = Release|Any CPU
		{18EEF2BE-6820-4324-8755-3719EFAA80D7}.Release|Any CPU.Build.0 = Release|Any CPU
		{9CE00F4A-0227-46B3-827E-A54704BC7E55}.Debug|Any CPU.ActiveCfg = Debug|Any CPU
		{9CE00F4A-0227-46B3-827E-A54704BC7E55}.Debug|Any CPU.Build.0 = Debug|Any CPU
		{9CE00F4A-0227-46B3-827E-A54704BC7E55}.Release|Any CPU.ActiveCfg = Release|Any CPU
		{9CE00F4A-0227-46B3-827E-A54704BC7E55}.Release|Any CPU.Build.0 = Release|Any CPU
		{6D5AA482-34BC-4725-A028-884975AAC9E8}.Debug|Any CPU.ActiveCfg = Debug|Any CPU
		{6D5AA482-34BC-4725-A028-884975AAC9E8}.Debug|Any CPU.Build.0 = Debug|Any CPU
		{6D5AA482-34BC-4725-A028-884975AAC9E8}.Release|Any CPU.ActiveCfg = Release|Any CPU
		{6D5AA482-34BC-4725-A028-884975AAC9E8}.Release|Any CPU.Build.0 = Release|Any CPU
		{C300D759-C1F5-46E7-A426-33BDA2FD41AE}.Debug|Any CPU.ActiveCfg = Debug|Any CPU
		{C300D759-C1F5-46E7-A426-33BDA2FD41AE}.Debug|Any CPU.Build.0 = Debug|Any CPU
		{C300D759-C1F5-46E7-A426-33BDA2FD41AE}.Release|Any CPU.ActiveCfg = Release|Any CPU
		{C300D759-C1F5-46E7-A426-33BDA2FD41AE}.Release|Any CPU.Build.0 = Release|Any CPU
		{FA26D7C2-D343-49BA-B315-4002907DD8E0}.Debug|Any CPU.ActiveCfg = Debug|Any CPU
		{FA26D7C2-D343-49BA-B315-4002907DD8E0}.Debug|Any CPU.Build.0 = Debug|Any CPU
		{FA26D7C2-D343-49BA-B315-4002907DD8E0}.Release|Any CPU.ActiveCfg = Release|Any CPU
		{FA26D7C2-D343-49BA-B315-4002907DD8E0}.Release|Any CPU.Build.0 = Release|Any CPU
		{252C23DC-729D-4470-A001-EF7EC900D70D}.Debug|Any CPU.ActiveCfg = Debug|Any CPU
		{252C23DC-729D-4470-A001-EF7EC900D70D}.Debug|Any CPU.Build.0 = Debug|Any CPU
		{252C23DC-729D-4470-A001-EF7EC900D70D}.Release|Any CPU.ActiveCfg = Release|Any CPU
		{252C23DC-729D-4470-A001-EF7EC900D70D}.Release|Any CPU.Build.0 = Release|Any CPU
		{C26C6D4E-4C70-493B-9E07-5A687B581954}.Debug|Any CPU.ActiveCfg = Debug|Any CPU
		{C26C6D4E-4C70-493B-9E07-5A687B581954}.Debug|Any CPU.Build.0 = Debug|Any CPU
		{C26C6D4E-4C70-493B-9E07-5A687B581954}.Release|Any CPU.ActiveCfg = Release|Any CPU
		{C26C6D4E-4C70-493B-9E07-5A687B581954}.Release|Any CPU.Build.0 = Release|Any CPU
		{7CC2965B-2BB4-4A5C-B21E-452F94CB12CF}.Debug|Any CPU.ActiveCfg = Debug|Any CPU
		{7CC2965B-2BB4-4A5C-B21E-452F94CB12CF}.Debug|Any CPU.Build.0 = Debug|Any CPU
		{7CC2965B-2BB4-4A5C-B21E-452F94CB12CF}.Release|Any CPU.ActiveCfg = Release|Any CPU
		{7CC2965B-2BB4-4A5C-B21E-452F94CB12CF}.Release|Any CPU.Build.0 = Release|Any CPU
		{45F0873D-D417-47F8-910C-FA36FD5FFF76}.Debug|Any CPU.ActiveCfg = Debug|Any CPU
		{45F0873D-D417-47F8-910C-FA36FD5FFF76}.Debug|Any CPU.Build.0 = Debug|Any CPU
		{45F0873D-D417-47F8-910C-FA36FD5FFF76}.Release|Any CPU.ActiveCfg = Release|Any CPU
		{45F0873D-D417-47F8-910C-FA36FD5FFF76}.Release|Any CPU.Build.0 = Release|Any CPU
		{EA8980E4-646E-4D38-895E-C68DD88DE904}.Debug|Any CPU.ActiveCfg = Debug|Any CPU
		{EA8980E4-646E-4D38-895E-C68DD88DE904}.Debug|Any CPU.Build.0 = Debug|Any CPU
		{EA8980E4-646E-4D38-895E-C68DD88DE904}.Release|Any CPU.ActiveCfg = Release|Any CPU
		{EA8980E4-646E-4D38-895E-C68DD88DE904}.Release|Any CPU.Build.0 = Release|Any CPU
		{1689DBE7-17F1-483B-8426-FBF4D00E8AF4}.Debug|Any CPU.ActiveCfg = Debug|Any CPU
		{1689DBE7-17F1-483B-8426-FBF4D00E8AF4}.Debug|Any CPU.Build.0 = Debug|Any CPU
		{1689DBE7-17F1-483B-8426-FBF4D00E8AF4}.Release|Any CPU.ActiveCfg = Release|Any CPU
		{1689DBE7-17F1-483B-8426-FBF4D00E8AF4}.Release|Any CPU.Build.0 = Release|Any CPU
		{840F45B3-3EF9-44E1-98D6-C67FD7E2A3F1}.Debug|Any CPU.ActiveCfg = Debug|Any CPU
		{840F45B3-3EF9-44E1-98D6-C67FD7E2A3F1}.Debug|Any CPU.Build.0 = Debug|Any CPU
		{840F45B3-3EF9-44E1-98D6-C67FD7E2A3F1}.Release|Any CPU.ActiveCfg = Release|Any CPU
		{840F45B3-3EF9-44E1-98D6-C67FD7E2A3F1}.Release|Any CPU.Build.0 = Release|Any CPU
		{82A5103E-0010-4890-83DD-77EF9A9417E1}.Debug|Any CPU.ActiveCfg = Debug|Any CPU
		{82A5103E-0010-4890-83DD-77EF9A9417E1}.Debug|Any CPU.Build.0 = Debug|Any CPU
		{82A5103E-0010-4890-83DD-77EF9A9417E1}.Release|Any CPU.ActiveCfg = Release|Any CPU
		{82A5103E-0010-4890-83DD-77EF9A9417E1}.Release|Any CPU.Build.0 = Release|Any CPU
		{E1EFB444-7008-4984-BE97-C923C51672A9}.Debug|Any CPU.ActiveCfg = Debug|Any CPU
		{E1EFB444-7008-4984-BE97-C923C51672A9}.Debug|Any CPU.Build.0 = Debug|Any CPU
		{E1EFB444-7008-4984-BE97-C923C51672A9}.Release|Any CPU.ActiveCfg = Release|Any CPU
		{E1EFB444-7008-4984-BE97-C923C51672A9}.Release|Any CPU.Build.0 = Release|Any CPU
		{FB4ABAA9-EB49-4F6E-90F7-A631CB18BBE6}.Debug|Any CPU.ActiveCfg = Debug|Any CPU
		{FB4ABAA9-EB49-4F6E-90F7-A631CB18BBE6}.Debug|Any CPU.Build.0 = Debug|Any CPU
		{FB4ABAA9-EB49-4F6E-90F7-A631CB18BBE6}.Release|Any CPU.ActiveCfg = Release|Any CPU
		{FB4ABAA9-EB49-4F6E-90F7-A631CB18BBE6}.Release|Any CPU.Build.0 = Release|Any CPU
		{D70434B2-C0D1-4D92-9742-B95F3EBA9A07}.Debug|Any CPU.ActiveCfg = Debug|Any CPU
		{D70434B2-C0D1-4D92-9742-B95F3EBA9A07}.Debug|Any CPU.Build.0 = Debug|Any CPU
		{D70434B2-C0D1-4D92-9742-B95F3EBA9A07}.Release|Any CPU.ActiveCfg = Release|Any CPU
		{D70434B2-C0D1-4D92-9742-B95F3EBA9A07}.Release|Any CPU.Build.0 = Release|Any CPU
		{AB43429E-367B-4714-A3F9-5502C665147A}.Debug|Any CPU.ActiveCfg = Debug|Any CPU
		{AB43429E-367B-4714-A3F9-5502C665147A}.Debug|Any CPU.Build.0 = Debug|Any CPU
		{AB43429E-367B-4714-A3F9-5502C665147A}.Release|Any CPU.ActiveCfg = Release|Any CPU
		{AB43429E-367B-4714-A3F9-5502C665147A}.Release|Any CPU.Build.0 = Release|Any CPU
		{CF66ECA4-3ADF-42CD-838E-563A228A8DFE}.Debug|Any CPU.ActiveCfg = Debug|Any CPU
		{CF66ECA4-3ADF-42CD-838E-563A228A8DFE}.Debug|Any CPU.Build.0 = Debug|Any CPU
		{CF66ECA4-3ADF-42CD-838E-563A228A8DFE}.Release|Any CPU.ActiveCfg = Release|Any CPU
		{CF66ECA4-3ADF-42CD-838E-563A228A8DFE}.Release|Any CPU.Build.0 = Release|Any CPU
		{B3788246-D1C0-44EB-9A38-E575822A3638}.Debug|Any CPU.ActiveCfg = Debug|Any CPU
		{B3788246-D1C0-44EB-9A38-E575822A3638}.Debug|Any CPU.Build.0 = Debug|Any CPU
		{B3788246-D1C0-44EB-9A38-E575822A3638}.Release|Any CPU.ActiveCfg = Release|Any CPU
		{B3788246-D1C0-44EB-9A38-E575822A3638}.Release|Any CPU.Build.0 = Release|Any CPU
		{CD84441B-AFE3-49E0-98ED-AA643BD53FA2}.Debug|Any CPU.ActiveCfg = Debug|Any CPU
		{CD84441B-AFE3-49E0-98ED-AA643BD53FA2}.Debug|Any CPU.Build.0 = Debug|Any CPU
		{CD84441B-AFE3-49E0-98ED-AA643BD53FA2}.Release|Any CPU.ActiveCfg = Release|Any CPU
		{CD84441B-AFE3-49E0-98ED-AA643BD53FA2}.Release|Any CPU.Build.0 = Release|Any CPU
		{F0A1D9CA-76AB-4056-8E9C-D72D5351772F}.Debug|Any CPU.ActiveCfg = Debug|Any CPU
		{F0A1D9CA-76AB-4056-8E9C-D72D5351772F}.Debug|Any CPU.Build.0 = Debug|Any CPU
		{F0A1D9CA-76AB-4056-8E9C-D72D5351772F}.Release|Any CPU.ActiveCfg = Release|Any CPU
		{F0A1D9CA-76AB-4056-8E9C-D72D5351772F}.Release|Any CPU.Build.0 = Release|Any CPU
		{A27388D3-F841-4A34-B6C3-B6BF0C1AC270}.Debug|Any CPU.ActiveCfg = Debug|Any CPU
		{A27388D3-F841-4A34-B6C3-B6BF0C1AC270}.Debug|Any CPU.Build.0 = Debug|Any CPU
		{A27388D3-F841-4A34-B6C3-B6BF0C1AC270}.Release|Any CPU.ActiveCfg = Release|Any CPU
		{A27388D3-F841-4A34-B6C3-B6BF0C1AC270}.Release|Any CPU.Build.0 = Release|Any CPU
		{E39C9AD3-A1DA-40F4-B80D-53389D5C3A9A}.Debug|Any CPU.ActiveCfg = Debug|Any CPU
		{E39C9AD3-A1DA-40F4-B80D-53389D5C3A9A}.Debug|Any CPU.Build.0 = Debug|Any CPU
		{E39C9AD3-A1DA-40F4-B80D-53389D5C3A9A}.Release|Any CPU.ActiveCfg = Release|Any CPU
		{E39C9AD3-A1DA-40F4-B80D-53389D5C3A9A}.Release|Any CPU.Build.0 = Release|Any CPU
		{8668801D-61D9-48A3-8247-0672D356AF6C}.Debug|Any CPU.ActiveCfg = Debug|Any CPU
		{8668801D-61D9-48A3-8247-0672D356AF6C}.Debug|Any CPU.Build.0 = Debug|Any CPU
		{8668801D-61D9-48A3-8247-0672D356AF6C}.Release|Any CPU.ActiveCfg = Release|Any CPU
		{8668801D-61D9-48A3-8247-0672D356AF6C}.Release|Any CPU.Build.0 = Release|Any CPU
		{E4FD457E-B682-42DE-A118-EB8260E7F7D5}.Debug|Any CPU.ActiveCfg = Debug|Any CPU
		{E4FD457E-B682-42DE-A118-EB8260E7F7D5}.Debug|Any CPU.Build.0 = Debug|Any CPU
		{E4FD457E-B682-42DE-A118-EB8260E7F7D5}.Release|Any CPU.ActiveCfg = Release|Any CPU
		{E4FD457E-B682-42DE-A118-EB8260E7F7D5}.Release|Any CPU.Build.0 = Release|Any CPU
		{9CD46DD6-0144-42A2-90F7-1B47B2D7A955}.Debug|Any CPU.ActiveCfg = Debug|Any CPU
		{9CD46DD6-0144-42A2-90F7-1B47B2D7A955}.Debug|Any CPU.Build.0 = Debug|Any CPU
		{9CD46DD6-0144-42A2-90F7-1B47B2D7A955}.Release|Any CPU.ActiveCfg = Release|Any CPU
		{9CD46DD6-0144-42A2-90F7-1B47B2D7A955}.Release|Any CPU.Build.0 = Release|Any CPU
		{6DE31FCB-45AC-45F1-8E0F-136DCEF82610}.Debug|Any CPU.ActiveCfg = Debug|Any CPU
		{6DE31FCB-45AC-45F1-8E0F-136DCEF82610}.Debug|Any CPU.Build.0 = Debug|Any CPU
		{6DE31FCB-45AC-45F1-8E0F-136DCEF82610}.Release|Any CPU.ActiveCfg = Release|Any CPU
		{6DE31FCB-45AC-45F1-8E0F-136DCEF82610}.Release|Any CPU.Build.0 = Release|Any CPU
		{FD12EBB8-127A-49FE-B63E-FB7E06996CF0}.Debug|Any CPU.ActiveCfg = Debug|Any CPU
		{FD12EBB8-127A-49FE-B63E-FB7E06996CF0}.Debug|Any CPU.Build.0 = Debug|Any CPU
		{FD12EBB8-127A-49FE-B63E-FB7E06996CF0}.Release|Any CPU.ActiveCfg = Release|Any CPU
		{FD12EBB8-127A-49FE-B63E-FB7E06996CF0}.Release|Any CPU.Build.0 = Release|Any CPU
		{BE30DFAB-0C15-4B2B-B288-439BBE5AF782}.Debug|Any CPU.ActiveCfg = Debug|Any CPU
		{BE30DFAB-0C15-4B2B-B288-439BBE5AF782}.Debug|Any CPU.Build.0 = Debug|Any CPU
		{BE30DFAB-0C15-4B2B-B288-439BBE5AF782}.Release|Any CPU.ActiveCfg = Release|Any CPU
		{BE30DFAB-0C15-4B2B-B288-439BBE5AF782}.Release|Any CPU.Build.0 = Release|Any CPU
		{C645DF7E-5AEA-46FA-89C1-0462709E42C3}.Debug|Any CPU.ActiveCfg = Debug|Any CPU
		{C645DF7E-5AEA-46FA-89C1-0462709E42C3}.Debug|Any CPU.Build.0 = Debug|Any CPU
		{C645DF7E-5AEA-46FA-89C1-0462709E42C3}.Release|Any CPU.ActiveCfg = Release|Any CPU
		{C645DF7E-5AEA-46FA-89C1-0462709E42C3}.Release|Any CPU.Build.0 = Release|Any CPU
		{C22FCB30-60A8-4B15-8F28-D5089132835C}.Debug|Any CPU.ActiveCfg = Debug|Any CPU
		{C22FCB30-60A8-4B15-8F28-D5089132835C}.Debug|Any CPU.Build.0 = Debug|Any CPU
		{C22FCB30-60A8-4B15-8F28-D5089132835C}.Release|Any CPU.ActiveCfg = Release|Any CPU
		{C22FCB30-60A8-4B15-8F28-D5089132835C}.Release|Any CPU.Build.0 = Release|Any CPU
		{3406E635-FD96-46EF-858A-A8C48589DA50}.Debug|Any CPU.ActiveCfg = Debug|Any CPU
		{3406E635-FD96-46EF-858A-A8C48589DA50}.Debug|Any CPU.Build.0 = Debug|Any CPU
		{3406E635-FD96-46EF-858A-A8C48589DA50}.Release|Any CPU.ActiveCfg = Release|Any CPU
		{3406E635-FD96-46EF-858A-A8C48589DA50}.Release|Any CPU.Build.0 = Release|Any CPU
		{CA994725-40D9-4E54-8D8F-A35BCB3D2E9F}.Debug|Any CPU.ActiveCfg = Debug|Any CPU
		{CA994725-40D9-4E54-8D8F-A35BCB3D2E9F}.Debug|Any CPU.Build.0 = Debug|Any CPU
		{CA994725-40D9-4E54-8D8F-A35BCB3D2E9F}.Release|Any CPU.ActiveCfg = Release|Any CPU
		{CA994725-40D9-4E54-8D8F-A35BCB3D2E9F}.Release|Any CPU.Build.0 = Release|Any CPU
		{14AED0A5-5DED-4501-B266-4E555D6C0B3C}.Debug|Any CPU.ActiveCfg = Debug|Any CPU
		{14AED0A5-5DED-4501-B266-4E555D6C0B3C}.Debug|Any CPU.Build.0 = Debug|Any CPU
		{14AED0A5-5DED-4501-B266-4E555D6C0B3C}.Release|Any CPU.ActiveCfg = Release|Any CPU
		{14AED0A5-5DED-4501-B266-4E555D6C0B3C}.Release|Any CPU.Build.0 = Release|Any CPU
		{C1ADB328-D03A-462D-AEEA-775419B437AB}.Debug|Any CPU.ActiveCfg = Debug|Any CPU
		{C1ADB328-D03A-462D-AEEA-775419B437AB}.Debug|Any CPU.Build.0 = Debug|Any CPU
		{C1ADB328-D03A-462D-AEEA-775419B437AB}.Release|Any CPU.ActiveCfg = Release|Any CPU
		{C1ADB328-D03A-462D-AEEA-775419B437AB}.Release|Any CPU.Build.0 = Release|Any CPU
		{7A1D2D90-8DF4-4FCB-9C85-444F9C3AD328}.Debug|Any CPU.ActiveCfg = Debug|Any CPU
		{7A1D2D90-8DF4-4FCB-9C85-444F9C3AD328}.Debug|Any CPU.Build.0 = Debug|Any CPU
		{7A1D2D90-8DF4-4FCB-9C85-444F9C3AD328}.Release|Any CPU.ActiveCfg = Release|Any CPU
		{7A1D2D90-8DF4-4FCB-9C85-444F9C3AD328}.Release|Any CPU.Build.0 = Release|Any CPU
		{0445A6AB-715E-4433-AD00-A1C14137B4A7}.Debug|Any CPU.ActiveCfg = Debug|Any CPU
		{0445A6AB-715E-4433-AD00-A1C14137B4A7}.Debug|Any CPU.Build.0 = Debug|Any CPU
		{0445A6AB-715E-4433-AD00-A1C14137B4A7}.Release|Any CPU.ActiveCfg = Release|Any CPU
		{0445A6AB-715E-4433-AD00-A1C14137B4A7}.Release|Any CPU.Build.0 = Release|Any CPU
		{ED20137C-F30D-485C-83D6-C628D72DBC51}.Debug|Any CPU.ActiveCfg = Debug|Any CPU
		{ED20137C-F30D-485C-83D6-C628D72DBC51}.Debug|Any CPU.Build.0 = Debug|Any CPU
		{ED20137C-F30D-485C-83D6-C628D72DBC51}.Release|Any CPU.ActiveCfg = Release|Any CPU
		{ED20137C-F30D-485C-83D6-C628D72DBC51}.Release|Any CPU.Build.0 = Release|Any CPU
		{78EC5FD1-1954-4766-9FF5-B9FAE421C9FB}.Debug|Any CPU.ActiveCfg = Debug|Any CPU
		{78EC5FD1-1954-4766-9FF5-B9FAE421C9FB}.Debug|Any CPU.Build.0 = Debug|Any CPU
		{78EC5FD1-1954-4766-9FF5-B9FAE421C9FB}.Release|Any CPU.ActiveCfg = Release|Any CPU
		{78EC5FD1-1954-4766-9FF5-B9FAE421C9FB}.Release|Any CPU.Build.0 = Release|Any CPU
		{26BD229D-29A7-4193-8FAD-8527D2622B60}.Debug|Any CPU.ActiveCfg = Debug|Any CPU
		{26BD229D-29A7-4193-8FAD-8527D2622B60}.Debug|Any CPU.Build.0 = Debug|Any CPU
		{26BD229D-29A7-4193-8FAD-8527D2622B60}.Release|Any CPU.ActiveCfg = Release|Any CPU
		{26BD229D-29A7-4193-8FAD-8527D2622B60}.Release|Any CPU.Build.0 = Release|Any CPU
		{630B1CD7-9888-475F-9655-E36178299761}.Debug|Any CPU.ActiveCfg = Debug|Any CPU
		{630B1CD7-9888-475F-9655-E36178299761}.Debug|Any CPU.Build.0 = Debug|Any CPU
		{630B1CD7-9888-475F-9655-E36178299761}.Release|Any CPU.ActiveCfg = Release|Any CPU
		{630B1CD7-9888-475F-9655-E36178299761}.Release|Any CPU.Build.0 = Release|Any CPU
		{F5682A65-C94A-446D-92FD-E1D4A8B8B574}.Debug|Any CPU.ActiveCfg = Debug|Any CPU
		{F5682A65-C94A-446D-92FD-E1D4A8B8B574}.Debug|Any CPU.Build.0 = Debug|Any CPU
		{F5682A65-C94A-446D-92FD-E1D4A8B8B574}.Release|Any CPU.ActiveCfg = Release|Any CPU
		{F5682A65-C94A-446D-92FD-E1D4A8B8B574}.Release|Any CPU.Build.0 = Release|Any CPU
		{1BFB2FE5-5361-49E4-90E7-D5EF103FE4D7}.Debug|Any CPU.ActiveCfg = Debug|Any CPU
		{1BFB2FE5-5361-49E4-90E7-D5EF103FE4D7}.Debug|Any CPU.Build.0 = Debug|Any CPU
		{1BFB2FE5-5361-49E4-90E7-D5EF103FE4D7}.Release|Any CPU.ActiveCfg = Release|Any CPU
		{1BFB2FE5-5361-49E4-90E7-D5EF103FE4D7}.Release|Any CPU.Build.0 = Release|Any CPU
		{4B9D0CEB-1BE9-48E3-B998-F66EA13F7334}.Debug|Any CPU.ActiveCfg = Debug|Any CPU
		{4B9D0CEB-1BE9-48E3-B998-F66EA13F7334}.Debug|Any CPU.Build.0 = Debug|Any CPU
		{4B9D0CEB-1BE9-48E3-B998-F66EA13F7334}.Release|Any CPU.ActiveCfg = Release|Any CPU
		{4B9D0CEB-1BE9-48E3-B998-F66EA13F7334}.Release|Any CPU.Build.0 = Release|Any CPU
		{380FE098-7192-42A1-9D17-8CDB53342D1A}.Debug|Any CPU.ActiveCfg = Debug|Any CPU
		{380FE098-7192-42A1-9D17-8CDB53342D1A}.Debug|Any CPU.Build.0 = Debug|Any CPU
		{380FE098-7192-42A1-9D17-8CDB53342D1A}.Release|Any CPU.ActiveCfg = Release|Any CPU
		{380FE098-7192-42A1-9D17-8CDB53342D1A}.Release|Any CPU.Build.0 = Release|Any CPU
		{1BA1585E-3E00-4F5E-8872-C76D6CDBD1F3}.Debug|Any CPU.ActiveCfg = Debug|Any CPU
		{1BA1585E-3E00-4F5E-8872-C76D6CDBD1F3}.Debug|Any CPU.Build.0 = Debug|Any CPU
		{1BA1585E-3E00-4F5E-8872-C76D6CDBD1F3}.Release|Any CPU.ActiveCfg = Release|Any CPU
		{1BA1585E-3E00-4F5E-8872-C76D6CDBD1F3}.Release|Any CPU.Build.0 = Release|Any CPU
		{ED77C06D-65CC-4DF2-A166-8CF40F8C27BD}.Debug|Any CPU.ActiveCfg = Debug|Any CPU
		{ED77C06D-65CC-4DF2-A166-8CF40F8C27BD}.Debug|Any CPU.Build.0 = Debug|Any CPU
		{ED77C06D-65CC-4DF2-A166-8CF40F8C27BD}.Release|Any CPU.ActiveCfg = Release|Any CPU
		{ED77C06D-65CC-4DF2-A166-8CF40F8C27BD}.Release|Any CPU.Build.0 = Release|Any CPU
		{2715AF91-E924-4747-A15E-0C5A9C302416}.Debug|Any CPU.ActiveCfg = Debug|Any CPU
		{2715AF91-E924-4747-A15E-0C5A9C302416}.Debug|Any CPU.Build.0 = Debug|Any CPU
		{2715AF91-E924-4747-A15E-0C5A9C302416}.Release|Any CPU.ActiveCfg = Release|Any CPU
		{2715AF91-E924-4747-A15E-0C5A9C302416}.Release|Any CPU.Build.0 = Release|Any CPU
		{743C7513-5365-4F31-BD7E-E706F2F581E0}.Debug|Any CPU.ActiveCfg = Debug|Any CPU
		{743C7513-5365-4F31-BD7E-E706F2F581E0}.Debug|Any CPU.Build.0 = Debug|Any CPU
		{743C7513-5365-4F31-BD7E-E706F2F581E0}.Release|Any CPU.ActiveCfg = Release|Any CPU
		{743C7513-5365-4F31-BD7E-E706F2F581E0}.Release|Any CPU.Build.0 = Release|Any CPU
		{DD21805C-B6F8-4058-BFE1-82CAA71EB1F1}.Debug|Any CPU.ActiveCfg = Debug|Any CPU
		{DD21805C-B6F8-4058-BFE1-82CAA71EB1F1}.Debug|Any CPU.Build.0 = Debug|Any CPU
		{DD21805C-B6F8-4058-BFE1-82CAA71EB1F1}.Release|Any CPU.ActiveCfg = Release|Any CPU
		{DD21805C-B6F8-4058-BFE1-82CAA71EB1F1}.Release|Any CPU.Build.0 = Release|Any CPU
		{3955818B-06FB-4E63-8133-C2CE988A26A9}.Debug|Any CPU.ActiveCfg = Debug|Any CPU
		{3955818B-06FB-4E63-8133-C2CE988A26A9}.Debug|Any CPU.Build.0 = Debug|Any CPU
		{3955818B-06FB-4E63-8133-C2CE988A26A9}.Release|Any CPU.ActiveCfg = Release|Any CPU
		{3955818B-06FB-4E63-8133-C2CE988A26A9}.Release|Any CPU.Build.0 = Release|Any CPU
		{AC00E0EF-388F-4E44-BAA2-EB71CA3B029A}.Debug|Any CPU.ActiveCfg = Debug|Any CPU
		{AC00E0EF-388F-4E44-BAA2-EB71CA3B029A}.Debug|Any CPU.Build.0 = Debug|Any CPU
		{AC00E0EF-388F-4E44-BAA2-EB71CA3B029A}.Release|Any CPU.ActiveCfg = Release|Any CPU
		{AC00E0EF-388F-4E44-BAA2-EB71CA3B029A}.Release|Any CPU.Build.0 = Release|Any CPU
		{A9462FBD-2DE1-411E-A690-8E831ADC5346}.Debug|Any CPU.ActiveCfg = Debug|Any CPU
		{A9462FBD-2DE1-411E-A690-8E831ADC5346}.Debug|Any CPU.Build.0 = Debug|Any CPU
		{A9462FBD-2DE1-411E-A690-8E831ADC5346}.Release|Any CPU.ActiveCfg = Release|Any CPU
		{A9462FBD-2DE1-411E-A690-8E831ADC5346}.Release|Any CPU.Build.0 = Release|Any CPU
		{DE095296-F849-48A9-8BA1-C98D75E925FC}.Debug|Any CPU.ActiveCfg = Debug|Any CPU
		{DE095296-F849-48A9-8BA1-C98D75E925FC}.Debug|Any CPU.Build.0 = Debug|Any CPU
		{DE095296-F849-48A9-8BA1-C98D75E925FC}.Release|Any CPU.ActiveCfg = Release|Any CPU
		{DE095296-F849-48A9-8BA1-C98D75E925FC}.Release|Any CPU.Build.0 = Release|Any CPU
		{41E32C7A-23CA-48DD-8C86-BED87D9DD097}.Debug|Any CPU.ActiveCfg = Debug|Any CPU
		{41E32C7A-23CA-48DD-8C86-BED87D9DD097}.Debug|Any CPU.Build.0 = Debug|Any CPU
		{41E32C7A-23CA-48DD-8C86-BED87D9DD097}.Release|Any CPU.ActiveCfg = Release|Any CPU
		{41E32C7A-23CA-48DD-8C86-BED87D9DD097}.Release|Any CPU.Build.0 = Release|Any CPU
		{C9A7A777-1A4F-4E1E-A1F8-3ED19389BDCB}.Debug|Any CPU.ActiveCfg = Debug|Any CPU
		{C9A7A777-1A4F-4E1E-A1F8-3ED19389BDCB}.Debug|Any CPU.Build.0 = Debug|Any CPU
		{C9A7A777-1A4F-4E1E-A1F8-3ED19389BDCB}.Release|Any CPU.ActiveCfg = Release|Any CPU
		{C9A7A777-1A4F-4E1E-A1F8-3ED19389BDCB}.Release|Any CPU.Build.0 = Release|Any CPU
		{0B557449-BA59-4E59-A04A-9366B4B32F51}.Debug|Any CPU.ActiveCfg = Debug|Any CPU
		{0B557449-BA59-4E59-A04A-9366B4B32F51}.Debug|Any CPU.Build.0 = Debug|Any CPU
		{0B557449-BA59-4E59-A04A-9366B4B32F51}.Release|Any CPU.ActiveCfg = Release|Any CPU
		{0B557449-BA59-4E59-A04A-9366B4B32F51}.Release|Any CPU.Build.0 = Release|Any CPU
		{48C760FE-CE1A-4E88-870D-6B7D78CDFEF0}.Debug|Any CPU.ActiveCfg = Debug|Any CPU
		{48C760FE-CE1A-4E88-870D-6B7D78CDFEF0}.Debug|Any CPU.Build.0 = Debug|Any CPU
		{48C760FE-CE1A-4E88-870D-6B7D78CDFEF0}.Release|Any CPU.ActiveCfg = Release|Any CPU
		{48C760FE-CE1A-4E88-870D-6B7D78CDFEF0}.Release|Any CPU.Build.0 = Release|Any CPU
		{798F0F67-2F82-4E0D-BBA7-6681D2E64B99}.Debug|Any CPU.ActiveCfg = Debug|Any CPU
		{798F0F67-2F82-4E0D-BBA7-6681D2E64B99}.Debug|Any CPU.Build.0 = Debug|Any CPU
		{798F0F67-2F82-4E0D-BBA7-6681D2E64B99}.Release|Any CPU.ActiveCfg = Release|Any CPU
		{798F0F67-2F82-4E0D-BBA7-6681D2E64B99}.Release|Any CPU.Build.0 = Release|Any CPU
		{9DD2FE88-A7A7-450A-A653-43CB8154E4DB}.Debug|Any CPU.ActiveCfg = Debug|Any CPU
		{9DD2FE88-A7A7-450A-A653-43CB8154E4DB}.Debug|Any CPU.Build.0 = Debug|Any CPU
		{9DD2FE88-A7A7-450A-A653-43CB8154E4DB}.Release|Any CPU.ActiveCfg = Release|Any CPU
		{9DD2FE88-A7A7-450A-A653-43CB8154E4DB}.Release|Any CPU.Build.0 = Release|Any CPU
		{1DDDB4C9-5B3E-415F-989F-DD42B4E13E10}.Debug|Any CPU.ActiveCfg = Debug|Any CPU
		{1DDDB4C9-5B3E-415F-989F-DD42B4E13E10}.Debug|Any CPU.Build.0 = Debug|Any CPU
		{1DDDB4C9-5B3E-415F-989F-DD42B4E13E10}.Release|Any CPU.ActiveCfg = Release|Any CPU
		{1DDDB4C9-5B3E-415F-989F-DD42B4E13E10}.Release|Any CPU.Build.0 = Release|Any CPU
		{CA2F7DD7-6E67-4E22-975E-7CE6823E3A8C}.Debug|Any CPU.ActiveCfg = Debug|Any CPU
		{CA2F7DD7-6E67-4E22-975E-7CE6823E3A8C}.Debug|Any CPU.Build.0 = Debug|Any CPU
		{CA2F7DD7-6E67-4E22-975E-7CE6823E3A8C}.Release|Any CPU.ActiveCfg = Release|Any CPU
		{CA2F7DD7-6E67-4E22-975E-7CE6823E3A8C}.Release|Any CPU.Build.0 = Release|Any CPU
		{76396047-8F41-42B8-B2C8-0AB67DEABA6F}.Debug|Any CPU.ActiveCfg = Debug|Any CPU
		{76396047-8F41-42B8-B2C8-0AB67DEABA6F}.Debug|Any CPU.Build.0 = Debug|Any CPU
		{76396047-8F41-42B8-B2C8-0AB67DEABA6F}.Release|Any CPU.ActiveCfg = Release|Any CPU
		{76396047-8F41-42B8-B2C8-0AB67DEABA6F}.Release|Any CPU.Build.0 = Release|Any CPU
		{346A3F30-0571-4297-A313-2915F7B39811}.Debug|Any CPU.ActiveCfg = Debug|Any CPU
		{346A3F30-0571-4297-A313-2915F7B39811}.Debug|Any CPU.Build.0 = Debug|Any CPU
		{346A3F30-0571-4297-A313-2915F7B39811}.Release|Any CPU.ActiveCfg = Release|Any CPU
		{346A3F30-0571-4297-A313-2915F7B39811}.Release|Any CPU.Build.0 = Release|Any CPU
		{26706CBC-D664-4E13-A8AA-3E02AE60BC6E}.Debug|Any CPU.ActiveCfg = Debug|Any CPU
		{26706CBC-D664-4E13-A8AA-3E02AE60BC6E}.Debug|Any CPU.Build.0 = Debug|Any CPU
		{26706CBC-D664-4E13-A8AA-3E02AE60BC6E}.Release|Any CPU.ActiveCfg = Release|Any CPU
		{26706CBC-D664-4E13-A8AA-3E02AE60BC6E}.Release|Any CPU.Build.0 = Release|Any CPU
		{A40D85FC-9CF6-416B-855D-51B8C807EF1F}.Debug|Any CPU.ActiveCfg = Debug|Any CPU
		{A40D85FC-9CF6-416B-855D-51B8C807EF1F}.Debug|Any CPU.Build.0 = Debug|Any CPU
		{A40D85FC-9CF6-416B-855D-51B8C807EF1F}.Release|Any CPU.ActiveCfg = Release|Any CPU
		{A40D85FC-9CF6-416B-855D-51B8C807EF1F}.Release|Any CPU.Build.0 = Release|Any CPU
		{FF86F99F-499C-4D0D-AE53-3724C4E028BF}.Debug|Any CPU.ActiveCfg = Debug|Any CPU
		{FF86F99F-499C-4D0D-AE53-3724C4E028BF}.Debug|Any CPU.Build.0 = Debug|Any CPU
		{FF86F99F-499C-4D0D-AE53-3724C4E028BF}.Release|Any CPU.ActiveCfg = Release|Any CPU
		{FF86F99F-499C-4D0D-AE53-3724C4E028BF}.Release|Any CPU.Build.0 = Release|Any CPU
		{ADAE160F-74E4-4022-8191-15492179754F}.Debug|Any CPU.ActiveCfg = Debug|Any CPU
		{ADAE160F-74E4-4022-8191-15492179754F}.Debug|Any CPU.Build.0 = Debug|Any CPU
		{ADAE160F-74E4-4022-8191-15492179754F}.Release|Any CPU.ActiveCfg = Release|Any CPU
		{ADAE160F-74E4-4022-8191-15492179754F}.Release|Any CPU.Build.0 = Release|Any CPU
		{C4E0AEC1-974E-4768-8071-6D2D5B505319}.Debug|Any CPU.ActiveCfg = Debug|Any CPU
		{C4E0AEC1-974E-4768-8071-6D2D5B505319}.Debug|Any CPU.Build.0 = Debug|Any CPU
		{C4E0AEC1-974E-4768-8071-6D2D5B505319}.Release|Any CPU.ActiveCfg = Release|Any CPU
		{C4E0AEC1-974E-4768-8071-6D2D5B505319}.Release|Any CPU.Build.0 = Release|Any CPU
		{F4404612-B0FF-43E6-97C6-B93274E746C0}.Debug|Any CPU.ActiveCfg = Debug|Any CPU
		{F4404612-B0FF-43E6-97C6-B93274E746C0}.Debug|Any CPU.Build.0 = Debug|Any CPU
		{F4404612-B0FF-43E6-97C6-B93274E746C0}.Release|Any CPU.ActiveCfg = Release|Any CPU
		{F4404612-B0FF-43E6-97C6-B93274E746C0}.Release|Any CPU.Build.0 = Release|Any CPU
		{743D6F2A-3484-497A-ADB0-599D3C26AD53}.Debug|Any CPU.ActiveCfg = Debug|Any CPU
		{743D6F2A-3484-497A-ADB0-599D3C26AD53}.Debug|Any CPU.Build.0 = Debug|Any CPU
		{743D6F2A-3484-497A-ADB0-599D3C26AD53}.Release|Any CPU.ActiveCfg = Release|Any CPU
		{743D6F2A-3484-497A-ADB0-599D3C26AD53}.Release|Any CPU.Build.0 = Release|Any CPU
		{C7112915-164B-4B60-BC24-D36D8A1041E1}.Debug|Any CPU.ActiveCfg = Debug|Any CPU
		{C7112915-164B-4B60-BC24-D36D8A1041E1}.Debug|Any CPU.Build.0 = Debug|Any CPU
		{C7112915-164B-4B60-BC24-D36D8A1041E1}.Release|Any CPU.ActiveCfg = Release|Any CPU
		{C7112915-164B-4B60-BC24-D36D8A1041E1}.Release|Any CPU.Build.0 = Release|Any CPU
		{954B40E5-0D25-4870-BCD2-303B01C96DE9}.Debug|Any CPU.ActiveCfg = Debug|Any CPU
		{954B40E5-0D25-4870-BCD2-303B01C96DE9}.Debug|Any CPU.Build.0 = Debug|Any CPU
		{954B40E5-0D25-4870-BCD2-303B01C96DE9}.Release|Any CPU.ActiveCfg = Release|Any CPU
		{954B40E5-0D25-4870-BCD2-303B01C96DE9}.Release|Any CPU.Build.0 = Release|Any CPU
		{CC21D04A-2197-4AB1-BC58-68EAD8A5C9C6}.Debug|Any CPU.ActiveCfg = Debug|Any CPU
		{CC21D04A-2197-4AB1-BC58-68EAD8A5C9C6}.Debug|Any CPU.Build.0 = Debug|Any CPU
		{CC21D04A-2197-4AB1-BC58-68EAD8A5C9C6}.Release|Any CPU.ActiveCfg = Release|Any CPU
		{CC21D04A-2197-4AB1-BC58-68EAD8A5C9C6}.Release|Any CPU.Build.0 = Release|Any CPU
		{D844B898-0368-442C-9505-17350970F737}.Debug|Any CPU.ActiveCfg = Debug|Any CPU
		{D844B898-0368-442C-9505-17350970F737}.Debug|Any CPU.Build.0 = Debug|Any CPU
		{D844B898-0368-442C-9505-17350970F737}.Release|Any CPU.ActiveCfg = Release|Any CPU
		{D844B898-0368-442C-9505-17350970F737}.Release|Any CPU.Build.0 = Release|Any CPU
		{24476FD9-78C2-4866-9F40-985E65239ACE}.Debug|Any CPU.ActiveCfg = Debug|Any CPU
		{24476FD9-78C2-4866-9F40-985E65239ACE}.Debug|Any CPU.Build.0 = Debug|Any CPU
		{24476FD9-78C2-4866-9F40-985E65239ACE}.Release|Any CPU.ActiveCfg = Release|Any CPU
		{24476FD9-78C2-4866-9F40-985E65239ACE}.Release|Any CPU.Build.0 = Release|Any CPU
		{DA895465-3408-4209-A9E6-8873C4D7B00F}.Debug|Any CPU.ActiveCfg = Debug|Any CPU
		{DA895465-3408-4209-A9E6-8873C4D7B00F}.Debug|Any CPU.Build.0 = Debug|Any CPU
		{DA895465-3408-4209-A9E6-8873C4D7B00F}.Release|Any CPU.ActiveCfg = Release|Any CPU
		{DA895465-3408-4209-A9E6-8873C4D7B00F}.Release|Any CPU.Build.0 = Release|Any CPU
		{6081E892-96F4-4B4D-AA72-A54C08CC2F5B}.Debug|Any CPU.ActiveCfg = Debug|Any CPU
		{6081E892-96F4-4B4D-AA72-A54C08CC2F5B}.Debug|Any CPU.Build.0 = Debug|Any CPU
		{6081E892-96F4-4B4D-AA72-A54C08CC2F5B}.Release|Any CPU.ActiveCfg = Release|Any CPU
		{6081E892-96F4-4B4D-AA72-A54C08CC2F5B}.Release|Any CPU.Build.0 = Release|Any CPU
		{92986E55-DAC8-4AF6-AD07-A9726D0C9798}.Debug|Any CPU.ActiveCfg = Debug|Any CPU
		{92986E55-DAC8-4AF6-AD07-A9726D0C9798}.Debug|Any CPU.Build.0 = Debug|Any CPU
		{92986E55-DAC8-4AF6-AD07-A9726D0C9798}.Release|Any CPU.ActiveCfg = Release|Any CPU
		{92986E55-DAC8-4AF6-AD07-A9726D0C9798}.Release|Any CPU.Build.0 = Release|Any CPU
		{8883A8AF-EAE6-409A-8332-F5E4375AC181}.Debug|Any CPU.ActiveCfg = Debug|Any CPU
		{8883A8AF-EAE6-409A-8332-F5E4375AC181}.Debug|Any CPU.Build.0 = Debug|Any CPU
		{8883A8AF-EAE6-409A-8332-F5E4375AC181}.Release|Any CPU.ActiveCfg = Release|Any CPU
		{8883A8AF-EAE6-409A-8332-F5E4375AC181}.Release|Any CPU.Build.0 = Release|Any CPU
		{5302F241-06B2-4B7C-957C-43D448D88F2D}.Debug|Any CPU.ActiveCfg = Debug|Any CPU
		{5302F241-06B2-4B7C-957C-43D448D88F2D}.Debug|Any CPU.Build.0 = Debug|Any CPU
		{5302F241-06B2-4B7C-957C-43D448D88F2D}.Release|Any CPU.ActiveCfg = Release|Any CPU
		{5302F241-06B2-4B7C-957C-43D448D88F2D}.Release|Any CPU.Build.0 = Release|Any CPU
		{4BAAA58F-1C3B-4E81-9106-5EFC79A4D91F}.Debug|Any CPU.ActiveCfg = Debug|Any CPU
		{4BAAA58F-1C3B-4E81-9106-5EFC79A4D91F}.Debug|Any CPU.Build.0 = Debug|Any CPU
		{4BAAA58F-1C3B-4E81-9106-5EFC79A4D91F}.Release|Any CPU.ActiveCfg = Release|Any CPU
		{4BAAA58F-1C3B-4E81-9106-5EFC79A4D91F}.Release|Any CPU.Build.0 = Release|Any CPU
		{4858EA34-6B9D-4DB5-BF4B-4BD220681C73}.Debug|Any CPU.ActiveCfg = Debug|Any CPU
		{4858EA34-6B9D-4DB5-BF4B-4BD220681C73}.Debug|Any CPU.Build.0 = Debug|Any CPU
		{4858EA34-6B9D-4DB5-BF4B-4BD220681C73}.Release|Any CPU.ActiveCfg = Release|Any CPU
		{4858EA34-6B9D-4DB5-BF4B-4BD220681C73}.Release|Any CPU.Build.0 = Release|Any CPU
		{AF82E87E-2D98-4AA4-B22A-F10E2D2D64AB}.Debug|Any CPU.ActiveCfg = Debug|Any CPU
		{AF82E87E-2D98-4AA4-B22A-F10E2D2D64AB}.Debug|Any CPU.Build.0 = Debug|Any CPU
		{AF82E87E-2D98-4AA4-B22A-F10E2D2D64AB}.Release|Any CPU.ActiveCfg = Release|Any CPU
		{AF82E87E-2D98-4AA4-B22A-F10E2D2D64AB}.Release|Any CPU.Build.0 = Release|Any CPU
		{1E34B5BD-0DF6-4CC6-8739-22DB7C3D9F2E}.Debug|Any CPU.ActiveCfg = Debug|Any CPU
		{1E34B5BD-0DF6-4CC6-8739-22DB7C3D9F2E}.Debug|Any CPU.Build.0 = Debug|Any CPU
		{1E34B5BD-0DF6-4CC6-8739-22DB7C3D9F2E}.Release|Any CPU.ActiveCfg = Release|Any CPU
		{1E34B5BD-0DF6-4CC6-8739-22DB7C3D9F2E}.Release|Any CPU.Build.0 = Release|Any CPU
		{DF216654-5CB4-4746-A96D-F91DE6CCD0E2}.Debug|Any CPU.ActiveCfg = Debug|Any CPU
		{DF216654-5CB4-4746-A96D-F91DE6CCD0E2}.Debug|Any CPU.Build.0 = Debug|Any CPU
		{DF216654-5CB4-4746-A96D-F91DE6CCD0E2}.Release|Any CPU.ActiveCfg = Release|Any CPU
		{DF216654-5CB4-4746-A96D-F91DE6CCD0E2}.Release|Any CPU.Build.0 = Release|Any CPU
		{D08B5278-6E0C-406D-ACF2-290B1215712D}.Debug|Any CPU.ActiveCfg = Debug|Any CPU
		{D08B5278-6E0C-406D-ACF2-290B1215712D}.Debug|Any CPU.Build.0 = Debug|Any CPU
		{D08B5278-6E0C-406D-ACF2-290B1215712D}.Release|Any CPU.ActiveCfg = Release|Any CPU
		{D08B5278-6E0C-406D-ACF2-290B1215712D}.Release|Any CPU.Build.0 = Release|Any CPU
		{B04E41B2-A538-46BD-A7BB-1571B2B35B5F}.Debug|Any CPU.ActiveCfg = Debug|Any CPU
		{B04E41B2-A538-46BD-A7BB-1571B2B35B5F}.Debug|Any CPU.Build.0 = Debug|Any CPU
		{B04E41B2-A538-46BD-A7BB-1571B2B35B5F}.Release|Any CPU.ActiveCfg = Release|Any CPU
		{B04E41B2-A538-46BD-A7BB-1571B2B35B5F}.Release|Any CPU.Build.0 = Release|Any CPU
		{521AFDFA-B826-4444-9930-917F548CD929}.Debug|Any CPU.ActiveCfg = Debug|Any CPU
		{521AFDFA-B826-4444-9930-917F548CD929}.Debug|Any CPU.Build.0 = Debug|Any CPU
		{521AFDFA-B826-4444-9930-917F548CD929}.Release|Any CPU.ActiveCfg = Release|Any CPU
		{521AFDFA-B826-4444-9930-917F548CD929}.Release|Any CPU.Build.0 = Release|Any CPU
	EndGlobalSection
	GlobalSection(SolutionProperties) = preSolution
		HideSolutionNode = FALSE
	EndGlobalSection
	GlobalSection(ExtensibilityGlobals) = postSolution
		SolutionGuid = {3ADC7DD1-6E2E-47C9-92C2-0A140EEAE0E3}
	EndGlobalSection
EndGlobal
