
Microsoft Visual Studio Solution File, Format Version 12.00
# Visual Studio Version 17
VisualStudioVersion = 17.2.32630.192
MinimumVisualStudioVersion = 10.0.40219.1
Project("{9A19103F-16F7-4668-BE54-9A1E7A4F7556}") = "R5T.C0003.Deploy", "R5T.C0003.Deploy\R5T.C0003.Deploy.csproj", "{65E6073A-E4AB-4875-83A9-6344ACF6BDAE}"
EndProject
Project("{2150E333-8FDC-42A3-9474-1A3956D46DE8}") = "_Dependencies", "_Dependencies", "{5581FF02-CFED-4C34-8B8B-9D135D6B10FE}"
EndProject
Project("{9A19103F-16F7-4668-BE54-9A1E7A4F7556}") = "R5T.F0000", "..\..\R5T.F0000\source\R5T.F0000\R5T.F0000.csproj", "{CFA55CE0-A7B5-4ACC-A8B5-F618203BE05F}"
EndProject
Project("{9A19103F-16F7-4668-BE54-9A1E7A4F7556}") = "R5T.F0002", "..\..\R5T.F0002\source\R5T.F0002\R5T.F0002.csproj", "{8CC41426-4215-4F28-8953-D87C10EE0D93}"
EndProject
Project("{9A19103F-16F7-4668-BE54-9A1E7A4F7556}") = "R5T.F0016.F001", "..\..\R5T.F0016\source\R5T.F0016.F001\R5T.F0016.F001.csproj", "{9E6B4246-6597-4B42-AC09-FA074068D60E}"
EndProject
Project("{9A19103F-16F7-4668-BE54-9A1E7A4F7556}") = "R5T.F0016", "..\..\R5T.F0016\source\R5T.F0016\R5T.F0016.csproj", "{2812511F-4E50-4F3E-A86A-E366F8C3786B}"
EndProject
Project("{9A19103F-16F7-4668-BE54-9A1E7A4F7556}") = "R5T.F0020", "..\..\R5T.F0020\source\R5T.F0020\R5T.F0020.csproj", "{61484174-F449-4587-993E-86B6182C9C30}"
EndProject
Project("{9A19103F-16F7-4668-BE54-9A1E7A4F7556}") = "R5T.F0026", "..\..\R5T.F0026\source\R5T.F0026\R5T.F0026.csproj", "{1A36825E-E151-427C-92E3-3FC8BA425B4E}"
EndProject
Project("{9A19103F-16F7-4668-BE54-9A1E7A4F7556}") = "R5T.F0027", "..\..\R5T.F0027\source\R5T.F0027\R5T.F0027.csproj", "{6DB54BAF-63B4-4251-8601-2217E9173C06}"
EndProject
Project("{9A19103F-16F7-4668-BE54-9A1E7A4F7556}") = "R5T.F0029", "..\..\R5T.F0029\source\R5T.F0029\R5T.F0029.csproj", "{91D75CDA-4981-4566-93D7-7989EE2B3287}"
EndProject
Project("{9A19103F-16F7-4668-BE54-9A1E7A4F7556}") = "R5T.F0030", "..\..\R5T.F0030\source\R5T.F0030\R5T.F0030.csproj", "{E73E0555-2174-4959-ADA6-35ADBC050129}"
EndProject
Project("{9A19103F-16F7-4668-BE54-9A1E7A4F7556}") = "R5T.F0034", "..\..\R5T.F0034\source\R5T.F0034\R5T.F0034.csproj", "{24989115-4994-474A-BFD6-A9E767B89D07}"
EndProject
Project("{9A19103F-16F7-4668-BE54-9A1E7A4F7556}") = "R5T.F0035", "..\..\R5T.F0035\source\R5T.F0035\R5T.F0035.csproj", "{BFEEEDF6-BEDB-4BBC-B8CA-3F1F3A81E0EA}"
EndProject
Project("{9A19103F-16F7-4668-BE54-9A1E7A4F7556}") = "R5T.F0040.F000", "..\..\R5T.F0040\source\R5T.F0040.F000\R5T.F0040.F000.csproj", "{61B744EE-0161-452B-9E24-0CBA76348DAF}"
EndProject
Project("{9A19103F-16F7-4668-BE54-9A1E7A4F7556}") = "R5T.F0052", "..\..\R5T.F0052\source\R5T.F0052\R5T.F0052.csproj", "{41735BA7-C5B9-4CD0-8BC9-017C676A99DE}"
EndProject
Project("{9A19103F-16F7-4668-BE54-9A1E7A4F7556}") = "R5T.F0053", "..\..\R5T.F0053\source\R5T.F0053\R5T.F0053.csproj", "{289ACD23-6C7A-4D27-BD7A-11AEDC6BA071}"
EndProject
Project("{9A19103F-16F7-4668-BE54-9A1E7A4F7556}") = "R5T.F0054", "..\..\R5T.F0054\source\R5T.F0054\R5T.F0054.csproj", "{7DA0B60C-074E-409E-83A2-FA58AE010F0A}"
EndProject
Project("{9A19103F-16F7-4668-BE54-9A1E7A4F7556}") = "R5T.F0076", "..\..\R5T.F0076\source\R5T.F0076\R5T.F0076.csproj", "{8C7490C8-92AE-476F-832E-D310973EE46B}"
EndProject
Project("{9A19103F-16F7-4668-BE54-9A1E7A4F7556}") = "R5T.F0077", "..\..\R5T.F0077\source\R5T.F0077\R5T.F0077.csproj", "{BB73C61D-D7B5-42C5-81E0-62610C1DFBA3}"
EndProject
Project("{9A19103F-16F7-4668-BE54-9A1E7A4F7556}") = "R5T.F0096", "..\..\R5T.F0096\source\R5T.F0096\R5T.F0096.csproj", "{2DDB92BD-281D-4A16-A935-0A5D9CB6E0E7}"
EndProject
Project("{9A19103F-16F7-4668-BE54-9A1E7A4F7556}") = "R5T.L0015", "..\..\R5T.L0015\source\R5T.L0015\R5T.L0015.csproj", "{15FD0C76-0876-4274-AD9D-4ECFF259FC97}"
EndProject
Project("{9A19103F-16F7-4668-BE54-9A1E7A4F7556}") = "R5T.L0024", "..\..\R5T.L0024\source\R5T.L0024\R5T.L0024.csproj", "{36486BA8-C4BF-41B4-80F0-1BBAB525957E}"
EndProject
Project("{9A19103F-16F7-4668-BE54-9A1E7A4F7556}") = "R5T.L0028", "..\..\R5T.L0028\source\R5T.L0028\R5T.L0028.csproj", "{1BF73DCB-C42E-488B-BDA7-7EF05CD64E76}"
EndProject
Project("{9A19103F-16F7-4668-BE54-9A1E7A4F7556}") = "R5T.L0029", "..\..\R5T.L0029\source\R5T.L0029\R5T.L0029.csproj", "{4C1A39D5-1894-445F-809C-1CF9F4FBAC30}"
EndProject
Project("{9A19103F-16F7-4668-BE54-9A1E7A4F7556}") = "R5T.NG0002", "..\..\R5T.NG0002\source\R5T.NG0002\R5T.NG0002.csproj", "{5E2CB140-1922-4541-9873-640090FBD317}"
EndProject
Project("{9A19103F-16F7-4668-BE54-9A1E7A4F7556}") = "R5T.NG0003", "..\..\R5T.NG0003\source\R5T.NG0003\R5T.NG0003.csproj", "{E2B9B0A0-0AE5-41D9-9C5E-3E9C232C8757}"
EndProject
Project("{9A19103F-16F7-4668-BE54-9A1E7A4F7556}") = "R5T.NG0006", "..\..\R5T.NG0006\source\R5T.NG0006\R5T.NG0006.csproj", "{62D7722C-2AEA-4B3F-8370-809AA05D24B0}"
EndProject
Project("{9A19103F-16F7-4668-BE54-9A1E7A4F7556}") = "R5T.T0131", "..\..\R5T.T0131\source\R5T.T0131\R5T.T0131.csproj", "{59F18F4B-2EED-45D9-839A-8ED3F463153C}"
EndProject
Project("{9A19103F-16F7-4668-BE54-9A1E7A4F7556}") = "R5T.T0132", "..\..\R5T.T0132\source\R5T.T0132\R5T.T0132.csproj", "{B52A1E73-524D-4ABC-8BC0-4230565D9701}"
EndProject
Project("{9A19103F-16F7-4668-BE54-9A1E7A4F7556}") = "R5T.T0142", "..\..\R5T.T0142\source\R5T.T0142\R5T.T0142.csproj", "{E93CDEEB-7F2F-497C-BE06-F278466C1433}"
EndProject
Project("{9A19103F-16F7-4668-BE54-9A1E7A4F7556}") = "R5T.T0143", "..\..\R5T.T0143\source\R5T.T0143\R5T.T0143.csproj", "{DCFF3A6E-73A4-4E47-A356-37CB0F318CE8}"
EndProject
Project("{9A19103F-16F7-4668-BE54-9A1E7A4F7556}") = "R5T.T0144", "..\..\R5T.T0144\source\R5T.T0144\R5T.T0144.csproj", "{3A87FB6F-A111-487D-A136-60032EC7F21F}"
EndProject
Project("{9A19103F-16F7-4668-BE54-9A1E7A4F7556}") = "R5T.T0145", "..\..\R5T.T0145\source\R5T.T0145\R5T.T0145.csproj", "{FB722344-4801-4745-B463-ED32B081C2A8}"
EndProject
Project("{9A19103F-16F7-4668-BE54-9A1E7A4F7556}") = "R5T.T0152", "..\..\R5T.T0152\source\R5T.T0152\R5T.T0152.csproj", "{9FA1974E-6CFC-4BB5-9199-B35CB08DEC1D}"
EndProject
Project("{9A19103F-16F7-4668-BE54-9A1E7A4F7556}") = "R5T.T0156", "..\..\R5T.T0156\source\R5T.T0156\R5T.T0156.csproj", "{C6A6223A-1C76-408B-802E-7F69C277ACAE}"
EndProject
Project("{9A19103F-16F7-4668-BE54-9A1E7A4F7556}") = "R5T.Y0000", "..\..\R5T.Y0000\source\R5T.Y0000\R5T.Y0000.csproj", "{1A3E57AA-72DB-4A30-9B35-E54A864B4782}"
EndProject
Project("{9A19103F-16F7-4668-BE54-9A1E7A4F7556}") = "R5T.Z0000", "..\..\R5T.Z0000\source\R5T.Z0000\R5T.Z0000.csproj", "{A3C01E7C-C689-4326-9EB4-92FE0EB207E7}"
EndProject
Project("{9A19103F-16F7-4668-BE54-9A1E7A4F7556}") = "R5T.Z0011", "..\..\R5T.Z0011\source\R5T.Z0011\R5T.Z0011.csproj", "{34359EE1-470F-45FB-AA6D-95389856EA7F}"
EndProject
Project("{9A19103F-16F7-4668-BE54-9A1E7A4F7556}") = "R5T.Z0017", "..\..\R5T.Z0017.Private\source\R5T.Z0017\R5T.Z0017.csproj", "{7527AB7B-BAC1-4AB9-9935-F7979BA1B268}"
EndProject
Project("{9A19103F-16F7-4668-BE54-9A1E7A4F7556}") = "R5T.Z0024", "..\..\R5T.Z0024.Private\source\R5T.Z0024\R5T.Z0024.csproj", "{5FC452EA-5752-4FA7-B38B-B08A72FB4F14}"
EndProject
Project("{9A19103F-16F7-4668-BE54-9A1E7A4F7556}") = "R5T.F0034.Platform", "..\..\R5T.F0034\source\R5T.F0034.Platform\R5T.F0034.Platform.csproj", "{D30D9B2A-7E44-4DB9-BAEB-FC2144A24778}"
EndProject
Project("{9A19103F-16F7-4668-BE54-9A1E7A4F7556}") = "R5T.F0035.F001", "..\..\R5T.F0035\source\R5T.F0035.F001\R5T.F0035.F001.csproj", "{4A43BD82-65DB-4DA3-BBE2-9D326347ADEE}"
EndProject
Project("{9A19103F-16F7-4668-BE54-9A1E7A4F7556}") = "R5T.L0053", "..\..\R5T.L0053\source\R5T.L0053\R5T.L0053.csproj", "{EC3DCCF9-FB1C-45EC-A54F-C6768C601B05}"
EndProject
Project("{9A19103F-16F7-4668-BE54-9A1E7A4F7556}") = "R5T.L0066", "..\..\R5T.L0066\source\R5T.L0066\R5T.L0066.csproj", "{61FC8961-0AA0-4D49-ADED-128BB9EE9DB4}"
EndProject
Project("{9A19103F-16F7-4668-BE54-9A1E7A4F7556}") = "R5T.L0071", "..\..\R5T.L0071\source\R5T.L0071\R5T.L0071.csproj", "{36EB5299-DB48-481D-BE41-EC24031B8597}"
EndProject
Project("{9A19103F-16F7-4668-BE54-9A1E7A4F7556}") = "R5T.L0089.F000", "..\..\R5T.L0089\source\R5T.L0089.F000\R5T.L0089.F000.csproj", "{39BFB7BD-8457-44C5-96DD-B3486A63D1FD}"
EndProject
Project("{9A19103F-16F7-4668-BE54-9A1E7A4F7556}") = "R5T.L0089.T000", "..\..\R5T.L0089\source\R5T.L0089.T000\R5T.L0089.T000.csproj", "{82B6A715-4BCE-4DB5-81B3-E6A7ADA0E0AB}"
EndProject
Project("{9A19103F-16F7-4668-BE54-9A1E7A4F7556}") = "R5T.L0089", "..\..\R5T.L0089\source\R5T.L0089\R5T.L0089.csproj", "{6474C763-047A-4A1C-B2CA-57834F0CCA18}"
EndProject
Project("{9A19103F-16F7-4668-BE54-9A1E7A4F7556}") = "R5T.T0178", "..\..\R5T.T0178\source\R5T.T0178\R5T.T0178.csproj", "{38DB2F14-D072-4DC2-9438-72C6A2AC3212}"
EndProject
Project("{9A19103F-16F7-4668-BE54-9A1E7A4F7556}") = "R5T.T0179", "..\..\R5T.T0179\source\R5T.T0179\R5T.T0179.csproj", "{422C56E5-9834-4052-B1D5-A2A2C54D6F47}"
EndProject
Project("{9A19103F-16F7-4668-BE54-9A1E7A4F7556}") = "R5T.T0180", "..\..\R5T.T0180\source\R5T.T0180\R5T.T0180.csproj", "{E0774BE6-5CD2-43A6-9B5D-1EC7DA96A4D5}"
EndProject
Project("{9A19103F-16F7-4668-BE54-9A1E7A4F7556}") = "R5T.T0221", "..\..\R5T.T0221\source\R5T.T0221\R5T.T0221.csproj", "{516BCD59-F90A-4EE2-A15B-034208BDF855}"
EndProject
Project("{9A19103F-16F7-4668-BE54-9A1E7A4F7556}") = "R5T.T0241", "..\..\R5T.T0241\source\R5T.T0241\R5T.T0241.csproj", "{D3EF487C-6F28-4AE9-BD73-A55493AA9FCA}"
EndProject
Project("{9A19103F-16F7-4668-BE54-9A1E7A4F7556}") = "R5T.Y0006", "..\..\R5T.Y0006\source\R5T.Y0006\R5T.Y0006.csproj", "{7C0DB646-B551-4C19-82FF-E1C0EB9512B0}"
EndProject
Project("{9A19103F-16F7-4668-BE54-9A1E7A4F7556}") = "R5T.Z0070.Z000", "..\..\R5T.Z0070\source\R5T.Z0070.Z000\R5T.Z0070.Z000.csproj", "{B2CF3B7F-956F-4927-A8D5-D642EBF0561E}"
EndProject
Project("{9A19103F-16F7-4668-BE54-9A1E7A4F7556}") = "R5T.Z0071.Z000", "..\..\R5T.Z0071\source\R5T.Z0071.Z000\R5T.Z0071.Z000.csproj", "{4FAB6096-E8A0-4F17-AC8C-14FD6C5FC832}"
EndProject
Project("{9A19103F-16F7-4668-BE54-9A1E7A4F7556}") = "R5T.Z0071.Z002", "..\..\R5T.Z0071\source\R5T.Z0071.Z002\R5T.Z0071.Z002.csproj", "{C3F0A9CD-2B31-42DF-B74F-67A5CEE3D4C2}"
EndProject
Project("{9A19103F-16F7-4668-BE54-9A1E7A4F7556}") = "R5T.Z0072.Z000", "..\..\R5T.Z0072\source\R5T.Z0072.Z000\R5T.Z0072.Z000.csproj", "{F00C92CE-5EF2-44F4-B0B4-964FDCFE1BA2}"
EndProject
Project("{9A19103F-16F7-4668-BE54-9A1E7A4F7556}") = "R5T.Z0072.Z002", "..\..\R5T.Z0072\source\R5T.Z0072.Z002\R5T.Z0072.Z002.csproj", "{9F8742CD-0B5B-453B-BCF6-067763EABCBF}"
EndProject
Project("{9A19103F-16F7-4668-BE54-9A1E7A4F7556}") = "R5T.Z0073.Z000", "..\..\R5T.Z0073\source\R5T.Z0073.Z000\R5T.Z0073.Z000.csproj", "{A89354B3-63E1-4057-A9D7-C950C5B2549F}"
EndProject
Project("{9A19103F-16F7-4668-BE54-9A1E7A4F7556}") = "F10Y.L0000", "..\..\..\Functionairy\F10Y.L0000\source\F10Y.L0000\F10Y.L0000.csproj", "{C1B7599B-AABB-425B-ACF2-5391A2F34004}"
EndProject
Project("{9A19103F-16F7-4668-BE54-9A1E7A4F7556}") = "F10Y.L0001.L000", "..\..\..\Functionairy\F10Y.L0001\source\F10Y.L0001.L000\F10Y.L0001.L000.csproj", "{FB0DD4AD-C588-4725-9311-29FB7D870B09}"
EndProject
Project("{9A19103F-16F7-4668-BE54-9A1E7A4F7556}") = "F10Y.L0001.L001", "..\..\..\Functionairy\F10Y.L0001\source\F10Y.L0001.L001\F10Y.L0001.L001.csproj", "{4212819D-C0B1-450A-B46F-8A7B8D11EAB7}"
EndProject
Project("{9A19103F-16F7-4668-BE54-9A1E7A4F7556}") = "F10Y.L0001.L002", "..\..\..\Functionairy\F10Y.L0001\source\F10Y.L0001.L002\F10Y.L0001.L002.csproj", "{6ED2B2C0-10E1-4EAE-BBE7-2A6154412E71}"
EndProject
Project("{9A19103F-16F7-4668-BE54-9A1E7A4F7556}") = "F10Y.L0001.L003", "..\..\..\Functionairy\F10Y.L0001\source\F10Y.L0001.L003\F10Y.L0001.L003.csproj", "{A23DA541-030D-4D76-8F56-F36BF01E6389}"
EndProject
Project("{9A19103F-16F7-4668-BE54-9A1E7A4F7556}") = "F10Y.L0001.T000", "..\..\..\Functionairy\F10Y.L0001\source\F10Y.L0001.T000\F10Y.L0001.T000.csproj", "{9C831A05-46AB-4B84-899C-437E355BC3D6}"
EndProject
Project("{9A19103F-16F7-4668-BE54-9A1E7A4F7556}") = "F10Y.L0001.X000", "..\..\..\Functionairy\F10Y.L0001\source\F10Y.L0001.X000\F10Y.L0001.X000.csproj", "{B5229C6C-6CCB-47D6-A001-629B52B9C044}"
EndProject
Project("{9A19103F-16F7-4668-BE54-9A1E7A4F7556}") = "F10Y.L0001.Z000", "..\..\..\Functionairy\F10Y.L0001\source\F10Y.L0001.Z000\F10Y.L0001.Z000.csproj", "{759C7592-F371-4BF3-B587-8C9827118C03}"
EndProject
Project("{9A19103F-16F7-4668-BE54-9A1E7A4F7556}") = "F10Y.L0001", "..\..\..\Functionairy\F10Y.L0001\source\F10Y.L0001\F10Y.L0001.csproj", "{E74BF4FD-5792-4531-85FF-601B97A6AEA7}"
EndProject
Project("{9A19103F-16F7-4668-BE54-9A1E7A4F7556}") = "F10Y.L0003.L001", "..\..\..\Functionairy\F10Y.L0003\source\F10Y.L0003.L001\F10Y.L0003.L001.csproj", "{88954354-07FE-4527-89A4-F3D27C65BE14}"
EndProject
Project("{9A19103F-16F7-4668-BE54-9A1E7A4F7556}") = "F10Y.L0003", "..\..\..\Functionairy\F10Y.L0003\source\F10Y.L0003\F10Y.L0003.csproj", "{F14C6545-848F-40FD-A21B-3C305D74F08A}"
EndProject
Project("{9A19103F-16F7-4668-BE54-9A1E7A4F7556}") = "F10Y.L0005.T000", "..\..\..\Functionairy\F10Y.L0005\source\F10Y.L0005.T000\F10Y.L0005.T000.csproj", "{E649A01B-04C5-409E-A843-DBA3B8E42DF5}"
EndProject
Project("{9A19103F-16F7-4668-BE54-9A1E7A4F7556}") = "F10Y.L0005.T001", "..\..\..\Functionairy\F10Y.L0005\source\F10Y.L0005.T001\F10Y.L0005.T001.csproj", "{5BEA11B3-2D96-42A8-BCB1-E1109294A4B3}"
EndProject
Project("{9A19103F-16F7-4668-BE54-9A1E7A4F7556}") = "F10Y.L0005", "..\..\..\Functionairy\F10Y.L0005\source\F10Y.L0005\F10Y.L0005.csproj", "{8592E88F-4A8B-440A-AE5B-5886EF9AD8FA}"
EndProject
Project("{9A19103F-16F7-4668-BE54-9A1E7A4F7556}") = "F10Y.T0000", "..\..\..\Functionairy\F10Y.T0000\source\F10Y.T0000\F10Y.T0000.csproj", "{CBDEE387-705A-460E-8A23-30FD32A16624}"
EndProject
Project("{9A19103F-16F7-4668-BE54-9A1E7A4F7556}") = "F10Y.T0001", "..\..\..\Functionairy\F10Y.T0001\source\F10Y.T0001\F10Y.T0001.csproj", "{893A863D-0957-443C-BE6D-D45C0E4E4FB0}"
EndProject
Project("{9A19103F-16F7-4668-BE54-9A1E7A4F7556}") = "F10Y.T0002", "..\..\..\Functionairy\F10Y.T0002\source\F10Y.T0002\F10Y.T0002.csproj", "{45A92073-54E3-4629-BE92-49E7F70245E3}"
EndProject
Project("{9A19103F-16F7-4668-BE54-9A1E7A4F7556}") = "F10Y.T0003", "..\..\..\Functionairy\F10Y.T0003\source\F10Y.T0003\F10Y.T0003.csproj", "{657A91E5-EB7F-426E-8E42-5D93EA00F36D}"
EndProject
Project("{9A19103F-16F7-4668-BE54-9A1E7A4F7556}") = "F10Y.T0004", "..\..\..\Functionairy\F10Y.T0004\source\F10Y.T0004\F10Y.T0004.csproj", "{30888CC6-7F67-477D-B7FA-03EA68D2B869}"
EndProject
Project("{9A19103F-16F7-4668-BE54-9A1E7A4F7556}") = "F10Y.T0009", "..\..\..\Functionairy\F10Y.T0009\source\F10Y.T0009\F10Y.T0009.csproj", "{FDE9C923-EB23-4105-AF4A-F534E66A0CA8}"
EndProject
Project("{9A19103F-16F7-4668-BE54-9A1E7A4F7556}") = "F10Y.T0011", "..\..\..\Functionairy\F10Y.T0011\source\F10Y.T0011\F10Y.T0011.csproj", "{4A37B59D-60BA-443A-AB61-CD6B5D7BBCFF}"
EndProject
Project("{9A19103F-16F7-4668-BE54-9A1E7A4F7556}") = "F10Y.Y0000", "..\..\..\Functionairy\F10Y.Y0000\source\F10Y.Y0000\F10Y.Y0000.csproj", "{5C62638D-5749-450F-96B8-DD6EF4F82CA4}"
EndProject
Project("{9A19103F-16F7-4668-BE54-9A1E7A4F7556}") = "R5T.Z0069", "..\..\R5T.Z0069.Private\source\R5T.Z0069\R5T.Z0069.csproj", "{0997B742-195E-4CC5-A5D2-3B68FC8C7B26}"
EndProject
Global
	GlobalSection(NestedProjects) = preSolution
		{CFA55CE0-A7B5-4ACC-A8B5-F618203BE05F} = {5581FF02-CFED-4C34-8B8B-9D135D6B10FE}
		{8CC41426-4215-4F28-8953-D87C10EE0D93} = {5581FF02-CFED-4C34-8B8B-9D135D6B10FE}
		{9E6B4246-6597-4B42-AC09-FA074068D60E} = {5581FF02-CFED-4C34-8B8B-9D135D6B10FE}
		{2812511F-4E50-4F3E-A86A-E366F8C3786B} = {5581FF02-CFED-4C34-8B8B-9D135D6B10FE}
		{61484174-F449-4587-993E-86B6182C9C30} = {5581FF02-CFED-4C34-8B8B-9D135D6B10FE}
		{1A36825E-E151-427C-92E3-3FC8BA425B4E} = {5581FF02-CFED-4C34-8B8B-9D135D6B10FE}
		{6DB54BAF-63B4-4251-8601-2217E9173C06} = {5581FF02-CFED-4C34-8B8B-9D135D6B10FE}
		{91D75CDA-4981-4566-93D7-7989EE2B3287} = {5581FF02-CFED-4C34-8B8B-9D135D6B10FE}
		{E73E0555-2174-4959-ADA6-35ADBC050129} = {5581FF02-CFED-4C34-8B8B-9D135D6B10FE}
		{24989115-4994-474A-BFD6-A9E767B89D07} = {5581FF02-CFED-4C34-8B8B-9D135D6B10FE}
		{BFEEEDF6-BEDB-4BBC-B8CA-3F1F3A81E0EA} = {5581FF02-CFED-4C34-8B8B-9D135D6B10FE}
		{61B744EE-0161-452B-9E24-0CBA76348DAF} = {5581FF02-CFED-4C34-8B8B-9D135D6B10FE}
		{41735BA7-C5B9-4CD0-8BC9-017C676A99DE} = {5581FF02-CFED-4C34-8B8B-9D135D6B10FE}
		{289ACD23-6C7A-4D27-BD7A-11AEDC6BA071} = {5581FF02-CFED-4C34-8B8B-9D135D6B10FE}
		{7DA0B60C-074E-409E-83A2-FA58AE010F0A} = {5581FF02-CFED-4C34-8B8B-9D135D6B10FE}
		{8C7490C8-92AE-476F-832E-D310973EE46B} = {5581FF02-CFED-4C34-8B8B-9D135D6B10FE}
		{BB73C61D-D7B5-42C5-81E0-62610C1DFBA3} = {5581FF02-CFED-4C34-8B8B-9D135D6B10FE}
		{2DDB92BD-281D-4A16-A935-0A5D9CB6E0E7} = {5581FF02-CFED-4C34-8B8B-9D135D6B10FE}
		{15FD0C76-0876-4274-AD9D-4ECFF259FC97} = {5581FF02-CFED-4C34-8B8B-9D135D6B10FE}
		{36486BA8-C4BF-41B4-80F0-1BBAB525957E} = {5581FF02-CFED-4C34-8B8B-9D135D6B10FE}
		{1BF73DCB-C42E-488B-BDA7-7EF05CD64E76} = {5581FF02-CFED-4C34-8B8B-9D135D6B10FE}
		{4C1A39D5-1894-445F-809C-1CF9F4FBAC30} = {5581FF02-CFED-4C34-8B8B-9D135D6B10FE}
		{5E2CB140-1922-4541-9873-640090FBD317} = {5581FF02-CFED-4C34-8B8B-9D135D6B10FE}
		{E2B9B0A0-0AE5-41D9-9C5E-3E9C232C8757} = {5581FF02-CFED-4C34-8B8B-9D135D6B10FE}
		{62D7722C-2AEA-4B3F-8370-809AA05D24B0} = {5581FF02-CFED-4C34-8B8B-9D135D6B10FE}
		{59F18F4B-2EED-45D9-839A-8ED3F463153C} = {5581FF02-CFED-4C34-8B8B-9D135D6B10FE}
		{B52A1E73-524D-4ABC-8BC0-4230565D9701} = {5581FF02-CFED-4C34-8B8B-9D135D6B10FE}
		{E93CDEEB-7F2F-497C-BE06-F278466C1433} = {5581FF02-CFED-4C34-8B8B-9D135D6B10FE}
		{DCFF3A6E-73A4-4E47-A356-37CB0F318CE8} = {5581FF02-CFED-4C34-8B8B-9D135D6B10FE}
		{3A87FB6F-A111-487D-A136-60032EC7F21F} = {5581FF02-CFED-4C34-8B8B-9D135D6B10FE}
		{FB722344-4801-4745-B463-ED32B081C2A8} = {5581FF02-CFED-4C34-8B8B-9D135D6B10FE}
		{9FA1974E-6CFC-4BB5-9199-B35CB08DEC1D} = {5581FF02-CFED-4C34-8B8B-9D135D6B10FE}
		{C6A6223A-1C76-408B-802E-7F69C277ACAE} = {5581FF02-CFED-4C34-8B8B-9D135D6B10FE}
		{1A3E57AA-72DB-4A30-9B35-E54A864B4782} = {5581FF02-CFED-4C34-8B8B-9D135D6B10FE}
		{A3C01E7C-C689-4326-9EB4-92FE0EB207E7} = {5581FF02-CFED-4C34-8B8B-9D135D6B10FE}
		{34359EE1-470F-45FB-AA6D-95389856EA7F} = {5581FF02-CFED-4C34-8B8B-9D135D6B10FE}
		{7527AB7B-BAC1-4AB9-9935-F7979BA1B268} = {5581FF02-CFED-4C34-8B8B-9D135D6B10FE}
		{5FC452EA-5752-4FA7-B38B-B08A72FB4F14} = {5581FF02-CFED-4C34-8B8B-9D135D6B10FE}
		{D30D9B2A-7E44-4DB9-BAEB-FC2144A24778} = {5581FF02-CFED-4C34-8B8B-9D135D6B10FE}
		{4A43BD82-65DB-4DA3-BBE2-9D326347ADEE} = {5581FF02-CFED-4C34-8B8B-9D135D6B10FE}
		{EC3DCCF9-FB1C-45EC-A54F-C6768C601B05} = {5581FF02-CFED-4C34-8B8B-9D135D6B10FE}
		{61FC8961-0AA0-4D49-ADED-128BB9EE9DB4} = {5581FF02-CFED-4C34-8B8B-9D135D6B10FE}
		{36EB5299-DB48-481D-BE41-EC24031B8597} = {5581FF02-CFED-4C34-8B8B-9D135D6B10FE}
		{39BFB7BD-8457-44C5-96DD-B3486A63D1FD} = {5581FF02-CFED-4C34-8B8B-9D135D6B10FE}
		{82B6A715-4BCE-4DB5-81B3-E6A7ADA0E0AB} = {5581FF02-CFED-4C34-8B8B-9D135D6B10FE}
		{6474C763-047A-4A1C-B2CA-57834F0CCA18} = {5581FF02-CFED-4C34-8B8B-9D135D6B10FE}
		{38DB2F14-D072-4DC2-9438-72C6A2AC3212} = {5581FF02-CFED-4C34-8B8B-9D135D6B10FE}
		{422C56E5-9834-4052-B1D5-A2A2C54D6F47} = {5581FF02-CFED-4C34-8B8B-9D135D6B10FE}
		{E0774BE6-5CD2-43A6-9B5D-1EC7DA96A4D5} = {5581FF02-CFED-4C34-8B8B-9D135D6B10FE}
		{516BCD59-F90A-4EE2-A15B-034208BDF855} = {5581FF02-CFED-4C34-8B8B-9D135D6B10FE}
		{D3EF487C-6F28-4AE9-BD73-A55493AA9FCA} = {5581FF02-CFED-4C34-8B8B-9D135D6B10FE}
		{7C0DB646-B551-4C19-82FF-E1C0EB9512B0} = {5581FF02-CFED-4C34-8B8B-9D135D6B10FE}
		{B2CF3B7F-956F-4927-A8D5-D642EBF0561E} = {5581FF02-CFED-4C34-8B8B-9D135D6B10FE}
		{4FAB6096-E8A0-4F17-AC8C-14FD6C5FC832} = {5581FF02-CFED-4C34-8B8B-9D135D6B10FE}
		{C3F0A9CD-2B31-42DF-B74F-67A5CEE3D4C2} = {5581FF02-CFED-4C34-8B8B-9D135D6B10FE}
		{F00C92CE-5EF2-44F4-B0B4-964FDCFE1BA2} = {5581FF02-CFED-4C34-8B8B-9D135D6B10FE}
		{9F8742CD-0B5B-453B-BCF6-067763EABCBF} = {5581FF02-CFED-4C34-8B8B-9D135D6B10FE}
		{A89354B3-63E1-4057-A9D7-C950C5B2549F} = {5581FF02-CFED-4C34-8B8B-9D135D6B10FE}
		{C1B7599B-AABB-425B-ACF2-5391A2F34004} = {5581FF02-CFED-4C34-8B8B-9D135D6B10FE}
		{FB0DD4AD-C588-4725-9311-29FB7D870B09} = {5581FF02-CFED-4C34-8B8B-9D135D6B10FE}
		{4212819D-C0B1-450A-B46F-8A7B8D11EAB7} = {5581FF02-CFED-4C34-8B8B-9D135D6B10FE}
		{6ED2B2C0-10E1-4EAE-BBE7-2A6154412E71} = {5581FF02-CFED-4C34-8B8B-9D135D6B10FE}
		{A23DA541-030D-4D76-8F56-F36BF01E6389} = {5581FF02-CFED-4C34-8B8B-9D135D6B10FE}
		{9C831A05-46AB-4B84-899C-437E355BC3D6} = {5581FF02-CFED-4C34-8B8B-9D135D6B10FE}
		{B5229C6C-6CCB-47D6-A001-629B52B9C044} = {5581FF02-CFED-4C34-8B8B-9D135D6B10FE}
		{759C7592-F371-4BF3-B587-8C9827118C03} = {5581FF02-CFED-4C34-8B8B-9D135D6B10FE}
		{E74BF4FD-5792-4531-85FF-601B97A6AEA7} = {5581FF02-CFED-4C34-8B8B-9D135D6B10FE}
		{88954354-07FE-4527-89A4-F3D27C65BE14} = {5581FF02-CFED-4C34-8B8B-9D135D6B10FE}
		{F14C6545-848F-40FD-A21B-3C305D74F08A} = {5581FF02-CFED-4C34-8B8B-9D135D6B10FE}
		{E649A01B-04C5-409E-A843-DBA3B8E42DF5} = {5581FF02-CFED-4C34-8B8B-9D135D6B10FE}
		{5BEA11B3-2D96-42A8-BCB1-E1109294A4B3} = {5581FF02-CFED-4C34-8B8B-9D135D6B10FE}
		{8592E88F-4A8B-440A-AE5B-5886EF9AD8FA} = {5581FF02-CFED-4C34-8B8B-9D135D6B10FE}
		{CBDEE387-705A-460E-8A23-30FD32A16624} = {5581FF02-CFED-4C34-8B8B-9D135D6B10FE}
		{893A863D-0957-443C-BE6D-D45C0E4E4FB0} = {5581FF02-CFED-4C34-8B8B-9D135D6B10FE}
		{45A92073-54E3-4629-BE92-49E7F70245E3} = {5581FF02-CFED-4C34-8B8B-9D135D6B10FE}
		{657A91E5-EB7F-426E-8E42-5D93EA00F36D} = {5581FF02-CFED-4C34-8B8B-9D135D6B10FE}
		{30888CC6-7F67-477D-B7FA-03EA68D2B869} = {5581FF02-CFED-4C34-8B8B-9D135D6B10FE}
		{FDE9C923-EB23-4105-AF4A-F534E66A0CA8} = {5581FF02-CFED-4C34-8B8B-9D135D6B10FE}
		{4A37B59D-60BA-443A-AB61-CD6B5D7BBCFF} = {5581FF02-CFED-4C34-8B8B-9D135D6B10FE}
		{5C62638D-5749-450F-96B8-DD6EF4F82CA4} = {5581FF02-CFED-4C34-8B8B-9D135D6B10FE}
		{0997B742-195E-4CC5-A5D2-3B68FC8C7B26} = {5581FF02-CFED-4C34-8B8B-9D135D6B10FE}
	EndGlobalSection
	GlobalSection(SolutionConfigurationPlatforms) = preSolution
		Debug|Any CPU = Debug|Any CPU
		Release|Any CPU = Release|Any CPU
	EndGlobalSection
	GlobalSection(ProjectConfigurationPlatforms) = postSolution
		{65E6073A-E4AB-4875-83A9-6344ACF6BDAE}.Debug|Any CPU.ActiveCfg = Debug|Any CPU
		{65E6073A-E4AB-4875-83A9-6344ACF6BDAE}.Debug|Any CPU.Build.0 = Debug|Any CPU
		{65E6073A-E4AB-4875-83A9-6344ACF6BDAE}.Release|Any CPU.ActiveCfg = Release|Any CPU
		{65E6073A-E4AB-4875-83A9-6344ACF6BDAE}.Release|Any CPU.Build.0 = Release|Any CPU
		{CFA55CE0-A7B5-4ACC-A8B5-F618203BE05F}.Debug|Any CPU.ActiveCfg = Debug|Any CPU
		{CFA55CE0-A7B5-4ACC-A8B5-F618203BE05F}.Debug|Any CPU.Build.0 = Debug|Any CPU
		{CFA55CE0-A7B5-4ACC-A8B5-F618203BE05F}.Release|Any CPU.ActiveCfg = Release|Any CPU
		{CFA55CE0-A7B5-4ACC-A8B5-F618203BE05F}.Release|Any CPU.Build.0 = Release|Any CPU
		{8CC41426-4215-4F28-8953-D87C10EE0D93}.Debug|Any CPU.ActiveCfg = Debug|Any CPU
		{8CC41426-4215-4F28-8953-D87C10EE0D93}.Debug|Any CPU.Build.0 = Debug|Any CPU
		{8CC41426-4215-4F28-8953-D87C10EE0D93}.Release|Any CPU.ActiveCfg = Release|Any CPU
		{8CC41426-4215-4F28-8953-D87C10EE0D93}.Release|Any CPU.Build.0 = Release|Any CPU
		{9E6B4246-6597-4B42-AC09-FA074068D60E}.Debug|Any CPU.ActiveCfg = Debug|Any CPU
		{9E6B4246-6597-4B42-AC09-FA074068D60E}.Debug|Any CPU.Build.0 = Debug|Any CPU
		{9E6B4246-6597-4B42-AC09-FA074068D60E}.Release|Any CPU.ActiveCfg = Release|Any CPU
		{9E6B4246-6597-4B42-AC09-FA074068D60E}.Release|Any CPU.Build.0 = Release|Any CPU
		{2812511F-4E50-4F3E-A86A-E366F8C3786B}.Debug|Any CPU.ActiveCfg = Debug|Any CPU
		{2812511F-4E50-4F3E-A86A-E366F8C3786B}.Debug|Any CPU.Build.0 = Debug|Any CPU
		{2812511F-4E50-4F3E-A86A-E366F8C3786B}.Release|Any CPU.ActiveCfg = Release|Any CPU
		{2812511F-4E50-4F3E-A86A-E366F8C3786B}.Release|Any CPU.Build.0 = Release|Any CPU
		{61484174-F449-4587-993E-86B6182C9C30}.Debug|Any CPU.ActiveCfg = Debug|Any CPU
		{61484174-F449-4587-993E-86B6182C9C30}.Debug|Any CPU.Build.0 = Debug|Any CPU
		{61484174-F449-4587-993E-86B6182C9C30}.Release|Any CPU.ActiveCfg = Release|Any CPU
		{61484174-F449-4587-993E-86B6182C9C30}.Release|Any CPU.Build.0 = Release|Any CPU
		{1A36825E-E151-427C-92E3-3FC8BA425B4E}.Debug|Any CPU.ActiveCfg = Debug|Any CPU
		{1A36825E-E151-427C-92E3-3FC8BA425B4E}.Debug|Any CPU.Build.0 = Debug|Any CPU
		{1A36825E-E151-427C-92E3-3FC8BA425B4E}.Release|Any CPU.ActiveCfg = Release|Any CPU
		{1A36825E-E151-427C-92E3-3FC8BA425B4E}.Release|Any CPU.Build.0 = Release|Any CPU
		{6DB54BAF-63B4-4251-8601-2217E9173C06}.Debug|Any CPU.ActiveCfg = Debug|Any CPU
		{6DB54BAF-63B4-4251-8601-2217E9173C06}.Debug|Any CPU.Build.0 = Debug|Any CPU
		{6DB54BAF-63B4-4251-8601-2217E9173C06}.Release|Any CPU.ActiveCfg = Release|Any CPU
		{6DB54BAF-63B4-4251-8601-2217E9173C06}.Release|Any CPU.Build.0 = Release|Any CPU
		{91D75CDA-4981-4566-93D7-7989EE2B3287}.Debug|Any CPU.ActiveCfg = Debug|Any CPU
		{91D75CDA-4981-4566-93D7-7989EE2B3287}.Debug|Any CPU.Build.0 = Debug|Any CPU
		{91D75CDA-4981-4566-93D7-7989EE2B3287}.Release|Any CPU.ActiveCfg = Release|Any CPU
		{91D75CDA-4981-4566-93D7-7989EE2B3287}.Release|Any CPU.Build.0 = Release|Any CPU
		{E73E0555-2174-4959-ADA6-35ADBC050129}.Debug|Any CPU.ActiveCfg = Debug|Any CPU
		{E73E0555-2174-4959-ADA6-35ADBC050129}.Debug|Any CPU.Build.0 = Debug|Any CPU
		{E73E0555-2174-4959-ADA6-35ADBC050129}.Release|Any CPU.ActiveCfg = Release|Any CPU
		{E73E0555-2174-4959-ADA6-35ADBC050129}.Release|Any CPU.Build.0 = Release|Any CPU
		{24989115-4994-474A-BFD6-A9E767B89D07}.Debug|Any CPU.ActiveCfg = Debug|Any CPU
		{24989115-4994-474A-BFD6-A9E767B89D07}.Debug|Any CPU.Build.0 = Debug|Any CPU
		{24989115-4994-474A-BFD6-A9E767B89D07}.Release|Any CPU.ActiveCfg = Release|Any CPU
		{24989115-4994-474A-BFD6-A9E767B89D07}.Release|Any CPU.Build.0 = Release|Any CPU
		{BFEEEDF6-BEDB-4BBC-B8CA-3F1F3A81E0EA}.Debug|Any CPU.ActiveCfg = Debug|Any CPU
		{BFEEEDF6-BEDB-4BBC-B8CA-3F1F3A81E0EA}.Debug|Any CPU.Build.0 = Debug|Any CPU
		{BFEEEDF6-BEDB-4BBC-B8CA-3F1F3A81E0EA}.Release|Any CPU.ActiveCfg = Release|Any CPU
		{BFEEEDF6-BEDB-4BBC-B8CA-3F1F3A81E0EA}.Release|Any CPU.Build.0 = Release|Any CPU
		{61B744EE-0161-452B-9E24-0CBA76348DAF}.Debug|Any CPU.ActiveCfg = Debug|Any CPU
		{61B744EE-0161-452B-9E24-0CBA76348DAF}.Debug|Any CPU.Build.0 = Debug|Any CPU
		{61B744EE-0161-452B-9E24-0CBA76348DAF}.Release|Any CPU.ActiveCfg = Release|Any CPU
		{61B744EE-0161-452B-9E24-0CBA76348DAF}.Release|Any CPU.Build.0 = Release|Any CPU
		{41735BA7-C5B9-4CD0-8BC9-017C676A99DE}.Debug|Any CPU.ActiveCfg = Debug|Any CPU
		{41735BA7-C5B9-4CD0-8BC9-017C676A99DE}.Debug|Any CPU.Build.0 = Debug|Any CPU
		{41735BA7-C5B9-4CD0-8BC9-017C676A99DE}.Release|Any CPU.ActiveCfg = Release|Any CPU
		{41735BA7-C5B9-4CD0-8BC9-017C676A99DE}.Release|Any CPU.Build.0 = Release|Any CPU
		{289ACD23-6C7A-4D27-BD7A-11AEDC6BA071}.Debug|Any CPU.ActiveCfg = Debug|Any CPU
		{289ACD23-6C7A-4D27-BD7A-11AEDC6BA071}.Debug|Any CPU.Build.0 = Debug|Any CPU
		{289ACD23-6C7A-4D27-BD7A-11AEDC6BA071}.Release|Any CPU.ActiveCfg = Release|Any CPU
		{289ACD23-6C7A-4D27-BD7A-11AEDC6BA071}.Release|Any CPU.Build.0 = Release|Any CPU
		{7DA0B60C-074E-409E-83A2-FA58AE010F0A}.Debug|Any CPU.ActiveCfg = Debug|Any CPU
		{7DA0B60C-074E-409E-83A2-FA58AE010F0A}.Debug|Any CPU.Build.0 = Debug|Any CPU
		{7DA0B60C-074E-409E-83A2-FA58AE010F0A}.Release|Any CPU.ActiveCfg = Release|Any CPU
		{7DA0B60C-074E-409E-83A2-FA58AE010F0A}.Release|Any CPU.Build.0 = Release|Any CPU
		{8C7490C8-92AE-476F-832E-D310973EE46B}.Debug|Any CPU.ActiveCfg = Debug|Any CPU
		{8C7490C8-92AE-476F-832E-D310973EE46B}.Debug|Any CPU.Build.0 = Debug|Any CPU
		{8C7490C8-92AE-476F-832E-D310973EE46B}.Release|Any CPU.ActiveCfg = Release|Any CPU
		{8C7490C8-92AE-476F-832E-D310973EE46B}.Release|Any CPU.Build.0 = Release|Any CPU
		{BB73C61D-D7B5-42C5-81E0-62610C1DFBA3}.Debug|Any CPU.ActiveCfg = Debug|Any CPU
		{BB73C61D-D7B5-42C5-81E0-62610C1DFBA3}.Debug|Any CPU.Build.0 = Debug|Any CPU
		{BB73C61D-D7B5-42C5-81E0-62610C1DFBA3}.Release|Any CPU.ActiveCfg = Release|Any CPU
		{BB73C61D-D7B5-42C5-81E0-62610C1DFBA3}.Release|Any CPU.Build.0 = Release|Any CPU
		{2DDB92BD-281D-4A16-A935-0A5D9CB6E0E7}.Debug|Any CPU.ActiveCfg = Debug|Any CPU
		{2DDB92BD-281D-4A16-A935-0A5D9CB6E0E7}.Debug|Any CPU.Build.0 = Debug|Any CPU
		{2DDB92BD-281D-4A16-A935-0A5D9CB6E0E7}.Release|Any CPU.ActiveCfg = Release|Any CPU
		{2DDB92BD-281D-4A16-A935-0A5D9CB6E0E7}.Release|Any CPU.Build.0 = Release|Any CPU
		{15FD0C76-0876-4274-AD9D-4ECFF259FC97}.Debug|Any CPU.ActiveCfg = Debug|Any CPU
		{15FD0C76-0876-4274-AD9D-4ECFF259FC97}.Debug|Any CPU.Build.0 = Debug|Any CPU
		{15FD0C76-0876-4274-AD9D-4ECFF259FC97}.Release|Any CPU.ActiveCfg = Release|Any CPU
		{15FD0C76-0876-4274-AD9D-4ECFF259FC97}.Release|Any CPU.Build.0 = Release|Any CPU
		{36486BA8-C4BF-41B4-80F0-1BBAB525957E}.Debug|Any CPU.ActiveCfg = Debug|Any CPU
		{36486BA8-C4BF-41B4-80F0-1BBAB525957E}.Debug|Any CPU.Build.0 = Debug|Any CPU
		{36486BA8-C4BF-41B4-80F0-1BBAB525957E}.Release|Any CPU.ActiveCfg = Release|Any CPU
		{36486BA8-C4BF-41B4-80F0-1BBAB525957E}.Release|Any CPU.Build.0 = Release|Any CPU
		{1BF73DCB-C42E-488B-BDA7-7EF05CD64E76}.Debug|Any CPU.ActiveCfg = Debug|Any CPU
		{1BF73DCB-C42E-488B-BDA7-7EF05CD64E76}.Debug|Any CPU.Build.0 = Debug|Any CPU
		{1BF73DCB-C42E-488B-BDA7-7EF05CD64E76}.Release|Any CPU.ActiveCfg = Release|Any CPU
		{1BF73DCB-C42E-488B-BDA7-7EF05CD64E76}.Release|Any CPU.Build.0 = Release|Any CPU
		{4C1A39D5-1894-445F-809C-1CF9F4FBAC30}.Debug|Any CPU.ActiveCfg = Debug|Any CPU
		{4C1A39D5-1894-445F-809C-1CF9F4FBAC30}.Debug|Any CPU.Build.0 = Debug|Any CPU
		{4C1A39D5-1894-445F-809C-1CF9F4FBAC30}.Release|Any CPU.ActiveCfg = Release|Any CPU
		{4C1A39D5-1894-445F-809C-1CF9F4FBAC30}.Release|Any CPU.Build.0 = Release|Any CPU
		{5E2CB140-1922-4541-9873-640090FBD317}.Debug|Any CPU.ActiveCfg = Debug|Any CPU
		{5E2CB140-1922-4541-9873-640090FBD317}.Debug|Any CPU.Build.0 = Debug|Any CPU
		{5E2CB140-1922-4541-9873-640090FBD317}.Release|Any CPU.ActiveCfg = Release|Any CPU
		{5E2CB140-1922-4541-9873-640090FBD317}.Release|Any CPU.Build.0 = Release|Any CPU
		{E2B9B0A0-0AE5-41D9-9C5E-3E9C232C8757}.Debug|Any CPU.ActiveCfg = Debug|Any CPU
		{E2B9B0A0-0AE5-41D9-9C5E-3E9C232C8757}.Debug|Any CPU.Build.0 = Debug|Any CPU
		{E2B9B0A0-0AE5-41D9-9C5E-3E9C232C8757}.Release|Any CPU.ActiveCfg = Release|Any CPU
		{E2B9B0A0-0AE5-41D9-9C5E-3E9C232C8757}.Release|Any CPU.Build.0 = Release|Any CPU
		{62D7722C-2AEA-4B3F-8370-809AA05D24B0}.Debug|Any CPU.ActiveCfg = Debug|Any CPU
		{62D7722C-2AEA-4B3F-8370-809AA05D24B0}.Debug|Any CPU.Build.0 = Debug|Any CPU
		{62D7722C-2AEA-4B3F-8370-809AA05D24B0}.Release|Any CPU.ActiveCfg = Release|Any CPU
		{62D7722C-2AEA-4B3F-8370-809AA05D24B0}.Release|Any CPU.Build.0 = Release|Any CPU
		{59F18F4B-2EED-45D9-839A-8ED3F463153C}.Debug|Any CPU.ActiveCfg = Debug|Any CPU
		{59F18F4B-2EED-45D9-839A-8ED3F463153C}.Debug|Any CPU.Build.0 = Debug|Any CPU
		{59F18F4B-2EED-45D9-839A-8ED3F463153C}.Release|Any CPU.ActiveCfg = Release|Any CPU
		{59F18F4B-2EED-45D9-839A-8ED3F463153C}.Release|Any CPU.Build.0 = Release|Any CPU
		{B52A1E73-524D-4ABC-8BC0-4230565D9701}.Debug|Any CPU.ActiveCfg = Debug|Any CPU
		{B52A1E73-524D-4ABC-8BC0-4230565D9701}.Debug|Any CPU.Build.0 = Debug|Any CPU
		{B52A1E73-524D-4ABC-8BC0-4230565D9701}.Release|Any CPU.ActiveCfg = Release|Any CPU
		{B52A1E73-524D-4ABC-8BC0-4230565D9701}.Release|Any CPU.Build.0 = Release|Any CPU
		{E93CDEEB-7F2F-497C-BE06-F278466C1433}.Debug|Any CPU.ActiveCfg = Debug|Any CPU
		{E93CDEEB-7F2F-497C-BE06-F278466C1433}.Debug|Any CPU.Build.0 = Debug|Any CPU
		{E93CDEEB-7F2F-497C-BE06-F278466C1433}.Release|Any CPU.ActiveCfg = Release|Any CPU
		{E93CDEEB-7F2F-497C-BE06-F278466C1433}.Release|Any CPU.Build.0 = Release|Any CPU
		{DCFF3A6E-73A4-4E47-A356-37CB0F318CE8}.Debug|Any CPU.ActiveCfg = Debug|Any CPU
		{DCFF3A6E-73A4-4E47-A356-37CB0F318CE8}.Debug|Any CPU.Build.0 = Debug|Any CPU
		{DCFF3A6E-73A4-4E47-A356-37CB0F318CE8}.Release|Any CPU.ActiveCfg = Release|Any CPU
		{DCFF3A6E-73A4-4E47-A356-37CB0F318CE8}.Release|Any CPU.Build.0 = Release|Any CPU
		{3A87FB6F-A111-487D-A136-60032EC7F21F}.Debug|Any CPU.ActiveCfg = Debug|Any CPU
		{3A87FB6F-A111-487D-A136-60032EC7F21F}.Debug|Any CPU.Build.0 = Debug|Any CPU
		{3A87FB6F-A111-487D-A136-60032EC7F21F}.Release|Any CPU.ActiveCfg = Release|Any CPU
		{3A87FB6F-A111-487D-A136-60032EC7F21F}.Release|Any CPU.Build.0 = Release|Any CPU
		{FB722344-4801-4745-B463-ED32B081C2A8}.Debug|Any CPU.ActiveCfg = Debug|Any CPU
		{FB722344-4801-4745-B463-ED32B081C2A8}.Debug|Any CPU.Build.0 = Debug|Any CPU
		{FB722344-4801-4745-B463-ED32B081C2A8}.Release|Any CPU.ActiveCfg = Release|Any CPU
		{FB722344-4801-4745-B463-ED32B081C2A8}.Release|Any CPU.Build.0 = Release|Any CPU
		{9FA1974E-6CFC-4BB5-9199-B35CB08DEC1D}.Debug|Any CPU.ActiveCfg = Debug|Any CPU
		{9FA1974E-6CFC-4BB5-9199-B35CB08DEC1D}.Debug|Any CPU.Build.0 = Debug|Any CPU
		{9FA1974E-6CFC-4BB5-9199-B35CB08DEC1D}.Release|Any CPU.ActiveCfg = Release|Any CPU
		{9FA1974E-6CFC-4BB5-9199-B35CB08DEC1D}.Release|Any CPU.Build.0 = Release|Any CPU
		{C6A6223A-1C76-408B-802E-7F69C277ACAE}.Debug|Any CPU.ActiveCfg = Debug|Any CPU
		{C6A6223A-1C76-408B-802E-7F69C277ACAE}.Debug|Any CPU.Build.0 = Debug|Any CPU
		{C6A6223A-1C76-408B-802E-7F69C277ACAE}.Release|Any CPU.ActiveCfg = Release|Any CPU
		{C6A6223A-1C76-408B-802E-7F69C277ACAE}.Release|Any CPU.Build.0 = Release|Any CPU
		{1A3E57AA-72DB-4A30-9B35-E54A864B4782}.Debug|Any CPU.ActiveCfg = Debug|Any CPU
		{1A3E57AA-72DB-4A30-9B35-E54A864B4782}.Debug|Any CPU.Build.0 = Debug|Any CPU
		{1A3E57AA-72DB-4A30-9B35-E54A864B4782}.Release|Any CPU.ActiveCfg = Release|Any CPU
		{1A3E57AA-72DB-4A30-9B35-E54A864B4782}.Release|Any CPU.Build.0 = Release|Any CPU
		{A3C01E7C-C689-4326-9EB4-92FE0EB207E7}.Debug|Any CPU.ActiveCfg = Debug|Any CPU
		{A3C01E7C-C689-4326-9EB4-92FE0EB207E7}.Debug|Any CPU.Build.0 = Debug|Any CPU
		{A3C01E7C-C689-4326-9EB4-92FE0EB207E7}.Release|Any CPU.ActiveCfg = Release|Any CPU
		{A3C01E7C-C689-4326-9EB4-92FE0EB207E7}.Release|Any CPU.Build.0 = Release|Any CPU
		{34359EE1-470F-45FB-AA6D-95389856EA7F}.Debug|Any CPU.ActiveCfg = Debug|Any CPU
		{34359EE1-470F-45FB-AA6D-95389856EA7F}.Debug|Any CPU.Build.0 = Debug|Any CPU
		{34359EE1-470F-45FB-AA6D-95389856EA7F}.Release|Any CPU.ActiveCfg = Release|Any CPU
		{34359EE1-470F-45FB-AA6D-95389856EA7F}.Release|Any CPU.Build.0 = Release|Any CPU
		{7527AB7B-BAC1-4AB9-9935-F7979BA1B268}.Debug|Any CPU.ActiveCfg = Debug|Any CPU
		{7527AB7B-BAC1-4AB9-9935-F7979BA1B268}.Debug|Any CPU.Build.0 = Debug|Any CPU
		{7527AB7B-BAC1-4AB9-9935-F7979BA1B268}.Release|Any CPU.ActiveCfg = Release|Any CPU
		{7527AB7B-BAC1-4AB9-9935-F7979BA1B268}.Release|Any CPU.Build.0 = Release|Any CPU
		{5FC452EA-5752-4FA7-B38B-B08A72FB4F14}.Debug|Any CPU.ActiveCfg = Debug|Any CPU
		{5FC452EA-5752-4FA7-B38B-B08A72FB4F14}.Debug|Any CPU.Build.0 = Debug|Any CPU
		{5FC452EA-5752-4FA7-B38B-B08A72FB4F14}.Release|Any CPU.ActiveCfg = Release|Any CPU
		{5FC452EA-5752-4FA7-B38B-B08A72FB4F14}.Release|Any CPU.Build.0 = Release|Any CPU
		{D30D9B2A-7E44-4DB9-BAEB-FC2144A24778}.Debug|Any CPU.ActiveCfg = Debug|Any CPU
		{D30D9B2A-7E44-4DB9-BAEB-FC2144A24778}.Debug|Any CPU.Build.0 = Debug|Any CPU
		{D30D9B2A-7E44-4DB9-BAEB-FC2144A24778}.Release|Any CPU.ActiveCfg = Release|Any CPU
		{D30D9B2A-7E44-4DB9-BAEB-FC2144A24778}.Release|Any CPU.Build.0 = Release|Any CPU
		{4A43BD82-65DB-4DA3-BBE2-9D326347ADEE}.Debug|Any CPU.ActiveCfg = Debug|Any CPU
		{4A43BD82-65DB-4DA3-BBE2-9D326347ADEE}.Debug|Any CPU.Build.0 = Debug|Any CPU
		{4A43BD82-65DB-4DA3-BBE2-9D326347ADEE}.Release|Any CPU.ActiveCfg = Release|Any CPU
		{4A43BD82-65DB-4DA3-BBE2-9D326347ADEE}.Release|Any CPU.Build.0 = Release|Any CPU
		{EC3DCCF9-FB1C-45EC-A54F-C6768C601B05}.Debug|Any CPU.ActiveCfg = Debug|Any CPU
		{EC3DCCF9-FB1C-45EC-A54F-C6768C601B05}.Debug|Any CPU.Build.0 = Debug|Any CPU
		{EC3DCCF9-FB1C-45EC-A54F-C6768C601B05}.Release|Any CPU.ActiveCfg = Release|Any CPU
		{EC3DCCF9-FB1C-45EC-A54F-C6768C601B05}.Release|Any CPU.Build.0 = Release|Any CPU
		{61FC8961-0AA0-4D49-ADED-128BB9EE9DB4}.Debug|Any CPU.ActiveCfg = Debug|Any CPU
		{61FC8961-0AA0-4D49-ADED-128BB9EE9DB4}.Debug|Any CPU.Build.0 = Debug|Any CPU
		{61FC8961-0AA0-4D49-ADED-128BB9EE9DB4}.Release|Any CPU.ActiveCfg = Release|Any CPU
		{61FC8961-0AA0-4D49-ADED-128BB9EE9DB4}.Release|Any CPU.Build.0 = Release|Any CPU
		{36EB5299-DB48-481D-BE41-EC24031B8597}.Debug|Any CPU.ActiveCfg = Debug|Any CPU
		{36EB5299-DB48-481D-BE41-EC24031B8597}.Debug|Any CPU.Build.0 = Debug|Any CPU
		{36EB5299-DB48-481D-BE41-EC24031B8597}.Release|Any CPU.ActiveCfg = Release|Any CPU
		{36EB5299-DB48-481D-BE41-EC24031B8597}.Release|Any CPU.Build.0 = Release|Any CPU
		{39BFB7BD-8457-44C5-96DD-B3486A63D1FD}.Debug|Any CPU.ActiveCfg = Debug|Any CPU
		{39BFB7BD-8457-44C5-96DD-B3486A63D1FD}.Debug|Any CPU.Build.0 = Debug|Any CPU
		{39BFB7BD-8457-44C5-96DD-B3486A63D1FD}.Release|Any CPU.ActiveCfg = Release|Any CPU
		{39BFB7BD-8457-44C5-96DD-B3486A63D1FD}.Release|Any CPU.Build.0 = Release|Any CPU
		{82B6A715-4BCE-4DB5-81B3-E6A7ADA0E0AB}.Debug|Any CPU.ActiveCfg = Debug|Any CPU
		{82B6A715-4BCE-4DB5-81B3-E6A7ADA0E0AB}.Debug|Any CPU.Build.0 = Debug|Any CPU
		{82B6A715-4BCE-4DB5-81B3-E6A7ADA0E0AB}.Release|Any CPU.ActiveCfg = Release|Any CPU
		{82B6A715-4BCE-4DB5-81B3-E6A7ADA0E0AB}.Release|Any CPU.Build.0 = Release|Any CPU
		{6474C763-047A-4A1C-B2CA-57834F0CCA18}.Debug|Any CPU.ActiveCfg = Debug|Any CPU
		{6474C763-047A-4A1C-B2CA-57834F0CCA18}.Debug|Any CPU.Build.0 = Debug|Any CPU
		{6474C763-047A-4A1C-B2CA-57834F0CCA18}.Release|Any CPU.ActiveCfg = Release|Any CPU
		{6474C763-047A-4A1C-B2CA-57834F0CCA18}.Release|Any CPU.Build.0 = Release|Any CPU
		{38DB2F14-D072-4DC2-9438-72C6A2AC3212}.Debug|Any CPU.ActiveCfg = Debug|Any CPU
		{38DB2F14-D072-4DC2-9438-72C6A2AC3212}.Debug|Any CPU.Build.0 = Debug|Any CPU
		{38DB2F14-D072-4DC2-9438-72C6A2AC3212}.Release|Any CPU.ActiveCfg = Release|Any CPU
		{38DB2F14-D072-4DC2-9438-72C6A2AC3212}.Release|Any CPU.Build.0 = Release|Any CPU
		{422C56E5-9834-4052-B1D5-A2A2C54D6F47}.Debug|Any CPU.ActiveCfg = Debug|Any CPU
		{422C56E5-9834-4052-B1D5-A2A2C54D6F47}.Debug|Any CPU.Build.0 = Debug|Any CPU
		{422C56E5-9834-4052-B1D5-A2A2C54D6F47}.Release|Any CPU.ActiveCfg = Release|Any CPU
		{422C56E5-9834-4052-B1D5-A2A2C54D6F47}.Release|Any CPU.Build.0 = Release|Any CPU
		{E0774BE6-5CD2-43A6-9B5D-1EC7DA96A4D5}.Debug|Any CPU.ActiveCfg = Debug|Any CPU
		{E0774BE6-5CD2-43A6-9B5D-1EC7DA96A4D5}.Debug|Any CPU.Build.0 = Debug|Any CPU
		{E0774BE6-5CD2-43A6-9B5D-1EC7DA96A4D5}.Release|Any CPU.ActiveCfg = Release|Any CPU
		{E0774BE6-5CD2-43A6-9B5D-1EC7DA96A4D5}.Release|Any CPU.Build.0 = Release|Any CPU
		{516BCD59-F90A-4EE2-A15B-034208BDF855}.Debug|Any CPU.ActiveCfg = Debug|Any CPU
		{516BCD59-F90A-4EE2-A15B-034208BDF855}.Debug|Any CPU.Build.0 = Debug|Any CPU
		{516BCD59-F90A-4EE2-A15B-034208BDF855}.Release|Any CPU.ActiveCfg = Release|Any CPU
		{516BCD59-F90A-4EE2-A15B-034208BDF855}.Release|Any CPU.Build.0 = Release|Any CPU
		{D3EF487C-6F28-4AE9-BD73-A55493AA9FCA}.Debug|Any CPU.ActiveCfg = Debug|Any CPU
		{D3EF487C-6F28-4AE9-BD73-A55493AA9FCA}.Debug|Any CPU.Build.0 = Debug|Any CPU
		{D3EF487C-6F28-4AE9-BD73-A55493AA9FCA}.Release|Any CPU.ActiveCfg = Release|Any CPU
		{D3EF487C-6F28-4AE9-BD73-A55493AA9FCA}.Release|Any CPU.Build.0 = Release|Any CPU
		{7C0DB646-B551-4C19-82FF-E1C0EB9512B0}.Debug|Any CPU.ActiveCfg = Debug|Any CPU
		{7C0DB646-B551-4C19-82FF-E1C0EB9512B0}.Debug|Any CPU.Build.0 = Debug|Any CPU
		{7C0DB646-B551-4C19-82FF-E1C0EB9512B0}.Release|Any CPU.ActiveCfg = Release|Any CPU
		{7C0DB646-B551-4C19-82FF-E1C0EB9512B0}.Release|Any CPU.Build.0 = Release|Any CPU
		{B2CF3B7F-956F-4927-A8D5-D642EBF0561E}.Debug|Any CPU.ActiveCfg = Debug|Any CPU
		{B2CF3B7F-956F-4927-A8D5-D642EBF0561E}.Debug|Any CPU.Build.0 = Debug|Any CPU
		{B2CF3B7F-956F-4927-A8D5-D642EBF0561E}.Release|Any CPU.ActiveCfg = Release|Any CPU
		{B2CF3B7F-956F-4927-A8D5-D642EBF0561E}.Release|Any CPU.Build.0 = Release|Any CPU
		{4FAB6096-E8A0-4F17-AC8C-14FD6C5FC832}.Debug|Any CPU.ActiveCfg = Debug|Any CPU
		{4FAB6096-E8A0-4F17-AC8C-14FD6C5FC832}.Debug|Any CPU.Build.0 = Debug|Any CPU
		{4FAB6096-E8A0-4F17-AC8C-14FD6C5FC832}.Release|Any CPU.ActiveCfg = Release|Any CPU
		{4FAB6096-E8A0-4F17-AC8C-14FD6C5FC832}.Release|Any CPU.Build.0 = Release|Any CPU
		{C3F0A9CD-2B31-42DF-B74F-67A5CEE3D4C2}.Debug|Any CPU.ActiveCfg = Debug|Any CPU
		{C3F0A9CD-2B31-42DF-B74F-67A5CEE3D4C2}.Debug|Any CPU.Build.0 = Debug|Any CPU
		{C3F0A9CD-2B31-42DF-B74F-67A5CEE3D4C2}.Release|Any CPU.ActiveCfg = Release|Any CPU
		{C3F0A9CD-2B31-42DF-B74F-67A5CEE3D4C2}.Release|Any CPU.Build.0 = Release|Any CPU
		{F00C92CE-5EF2-44F4-B0B4-964FDCFE1BA2}.Debug|Any CPU.ActiveCfg = Debug|Any CPU
		{F00C92CE-5EF2-44F4-B0B4-964FDCFE1BA2}.Debug|Any CPU.Build.0 = Debug|Any CPU
		{F00C92CE-5EF2-44F4-B0B4-964FDCFE1BA2}.Release|Any CPU.ActiveCfg = Release|Any CPU
		{F00C92CE-5EF2-44F4-B0B4-964FDCFE1BA2}.Release|Any CPU.Build.0 = Release|Any CPU
		{9F8742CD-0B5B-453B-BCF6-067763EABCBF}.Debug|Any CPU.ActiveCfg = Debug|Any CPU
		{9F8742CD-0B5B-453B-BCF6-067763EABCBF}.Debug|Any CPU.Build.0 = Debug|Any CPU
		{9F8742CD-0B5B-453B-BCF6-067763EABCBF}.Release|Any CPU.ActiveCfg = Release|Any CPU
		{9F8742CD-0B5B-453B-BCF6-067763EABCBF}.Release|Any CPU.Build.0 = Release|Any CPU
		{A89354B3-63E1-4057-A9D7-C950C5B2549F}.Debug|Any CPU.ActiveCfg = Debug|Any CPU
		{A89354B3-63E1-4057-A9D7-C950C5B2549F}.Debug|Any CPU.Build.0 = Debug|Any CPU
		{A89354B3-63E1-4057-A9D7-C950C5B2549F}.Release|Any CPU.ActiveCfg = Release|Any CPU
		{A89354B3-63E1-4057-A9D7-C950C5B2549F}.Release|Any CPU.Build.0 = Release|Any CPU
		{C1B7599B-AABB-425B-ACF2-5391A2F34004}.Debug|Any CPU.ActiveCfg = Debug|Any CPU
		{C1B7599B-AABB-425B-ACF2-5391A2F34004}.Debug|Any CPU.Build.0 = Debug|Any CPU
		{C1B7599B-AABB-425B-ACF2-5391A2F34004}.Release|Any CPU.ActiveCfg = Release|Any CPU
		{C1B7599B-AABB-425B-ACF2-5391A2F34004}.Release|Any CPU.Build.0 = Release|Any CPU
		{FB0DD4AD-C588-4725-9311-29FB7D870B09}.Debug|Any CPU.ActiveCfg = Debug|Any CPU
		{FB0DD4AD-C588-4725-9311-29FB7D870B09}.Debug|Any CPU.Build.0 = Debug|Any CPU
		{FB0DD4AD-C588-4725-9311-29FB7D870B09}.Release|Any CPU.ActiveCfg = Release|Any CPU
		{FB0DD4AD-C588-4725-9311-29FB7D870B09}.Release|Any CPU.Build.0 = Release|Any CPU
		{4212819D-C0B1-450A-B46F-8A7B8D11EAB7}.Debug|Any CPU.ActiveCfg = Debug|Any CPU
		{4212819D-C0B1-450A-B46F-8A7B8D11EAB7}.Debug|Any CPU.Build.0 = Debug|Any CPU
		{4212819D-C0B1-450A-B46F-8A7B8D11EAB7}.Release|Any CPU.ActiveCfg = Release|Any CPU
		{4212819D-C0B1-450A-B46F-8A7B8D11EAB7}.Release|Any CPU.Build.0 = Release|Any CPU
		{6ED2B2C0-10E1-4EAE-BBE7-2A6154412E71}.Debug|Any CPU.ActiveCfg = Debug|Any CPU
		{6ED2B2C0-10E1-4EAE-BBE7-2A6154412E71}.Debug|Any CPU.Build.0 = Debug|Any CPU
		{6ED2B2C0-10E1-4EAE-BBE7-2A6154412E71}.Release|Any CPU.ActiveCfg = Release|Any CPU
		{6ED2B2C0-10E1-4EAE-BBE7-2A6154412E71}.Release|Any CPU.Build.0 = Release|Any CPU
		{A23DA541-030D-4D76-8F56-F36BF01E6389}.Debug|Any CPU.ActiveCfg = Debug|Any CPU
		{A23DA541-030D-4D76-8F56-F36BF01E6389}.Debug|Any CPU.Build.0 = Debug|Any CPU
		{A23DA541-030D-4D76-8F56-F36BF01E6389}.Release|Any CPU.ActiveCfg = Release|Any CPU
		{A23DA541-030D-4D76-8F56-F36BF01E6389}.Release|Any CPU.Build.0 = Release|Any CPU
		{9C831A05-46AB-4B84-899C-437E355BC3D6}.Debug|Any CPU.ActiveCfg = Debug|Any CPU
		{9C831A05-46AB-4B84-899C-437E355BC3D6}.Debug|Any CPU.Build.0 = Debug|Any CPU
		{9C831A05-46AB-4B84-899C-437E355BC3D6}.Release|Any CPU.ActiveCfg = Release|Any CPU
		{9C831A05-46AB-4B84-899C-437E355BC3D6}.Release|Any CPU.Build.0 = Release|Any CPU
		{B5229C6C-6CCB-47D6-A001-629B52B9C044}.Debug|Any CPU.ActiveCfg = Debug|Any CPU
		{B5229C6C-6CCB-47D6-A001-629B52B9C044}.Debug|Any CPU.Build.0 = Debug|Any CPU
		{B5229C6C-6CCB-47D6-A001-629B52B9C044}.Release|Any CPU.ActiveCfg = Release|Any CPU
		{B5229C6C-6CCB-47D6-A001-629B52B9C044}.Release|Any CPU.Build.0 = Release|Any CPU
		{759C7592-F371-4BF3-B587-8C9827118C03}.Debug|Any CPU.ActiveCfg = Debug|Any CPU
		{759C7592-F371-4BF3-B587-8C9827118C03}.Debug|Any CPU.Build.0 = Debug|Any CPU
		{759C7592-F371-4BF3-B587-8C9827118C03}.Release|Any CPU.ActiveCfg = Release|Any CPU
		{759C7592-F371-4BF3-B587-8C9827118C03}.Release|Any CPU.Build.0 = Release|Any CPU
		{E74BF4FD-5792-4531-85FF-601B97A6AEA7}.Debug|Any CPU.ActiveCfg = Debug|Any CPU
		{E74BF4FD-5792-4531-85FF-601B97A6AEA7}.Debug|Any CPU.Build.0 = Debug|Any CPU
		{E74BF4FD-5792-4531-85FF-601B97A6AEA7}.Release|Any CPU.ActiveCfg = Release|Any CPU
		{E74BF4FD-5792-4531-85FF-601B97A6AEA7}.Release|Any CPU.Build.0 = Release|Any CPU
		{88954354-07FE-4527-89A4-F3D27C65BE14}.Debug|Any CPU.ActiveCfg = Debug|Any CPU
		{88954354-07FE-4527-89A4-F3D27C65BE14}.Debug|Any CPU.Build.0 = Debug|Any CPU
		{88954354-07FE-4527-89A4-F3D27C65BE14}.Release|Any CPU.ActiveCfg = Release|Any CPU
		{88954354-07FE-4527-89A4-F3D27C65BE14}.Release|Any CPU.Build.0 = Release|Any CPU
		{F14C6545-848F-40FD-A21B-3C305D74F08A}.Debug|Any CPU.ActiveCfg = Debug|Any CPU
		{F14C6545-848F-40FD-A21B-3C305D74F08A}.Debug|Any CPU.Build.0 = Debug|Any CPU
		{F14C6545-848F-40FD-A21B-3C305D74F08A}.Release|Any CPU.ActiveCfg = Release|Any CPU
		{F14C6545-848F-40FD-A21B-3C305D74F08A}.Release|Any CPU.Build.0 = Release|Any CPU
		{E649A01B-04C5-409E-A843-DBA3B8E42DF5}.Debug|Any CPU.ActiveCfg = Debug|Any CPU
		{E649A01B-04C5-409E-A843-DBA3B8E42DF5}.Debug|Any CPU.Build.0 = Debug|Any CPU
		{E649A01B-04C5-409E-A843-DBA3B8E42DF5}.Release|Any CPU.ActiveCfg = Release|Any CPU
		{E649A01B-04C5-409E-A843-DBA3B8E42DF5}.Release|Any CPU.Build.0 = Release|Any CPU
		{5BEA11B3-2D96-42A8-BCB1-E1109294A4B3}.Debug|Any CPU.ActiveCfg = Debug|Any CPU
		{5BEA11B3-2D96-42A8-BCB1-E1109294A4B3}.Debug|Any CPU.Build.0 = Debug|Any CPU
		{5BEA11B3-2D96-42A8-BCB1-E1109294A4B3}.Release|Any CPU.ActiveCfg = Release|Any CPU
		{5BEA11B3-2D96-42A8-BCB1-E1109294A4B3}.Release|Any CPU.Build.0 = Release|Any CPU
		{8592E88F-4A8B-440A-AE5B-5886EF9AD8FA}.Debug|Any CPU.ActiveCfg = Debug|Any CPU
		{8592E88F-4A8B-440A-AE5B-5886EF9AD8FA}.Debug|Any CPU.Build.0 = Debug|Any CPU
		{8592E88F-4A8B-440A-AE5B-5886EF9AD8FA}.Release|Any CPU.ActiveCfg = Release|Any CPU
		{8592E88F-4A8B-440A-AE5B-5886EF9AD8FA}.Release|Any CPU.Build.0 = Release|Any CPU
		{CBDEE387-705A-460E-8A23-30FD32A16624}.Debug|Any CPU.ActiveCfg = Debug|Any CPU
		{CBDEE387-705A-460E-8A23-30FD32A16624}.Debug|Any CPU.Build.0 = Debug|Any CPU
		{CBDEE387-705A-460E-8A23-30FD32A16624}.Release|Any CPU.ActiveCfg = Release|Any CPU
		{CBDEE387-705A-460E-8A23-30FD32A16624}.Release|Any CPU.Build.0 = Release|Any CPU
		{893A863D-0957-443C-BE6D-D45C0E4E4FB0}.Debug|Any CPU.ActiveCfg = Debug|Any CPU
		{893A863D-0957-443C-BE6D-D45C0E4E4FB0}.Debug|Any CPU.Build.0 = Debug|Any CPU
		{893A863D-0957-443C-BE6D-D45C0E4E4FB0}.Release|Any CPU.ActiveCfg = Release|Any CPU
		{893A863D-0957-443C-BE6D-D45C0E4E4FB0}.Release|Any CPU.Build.0 = Release|Any CPU
		{45A92073-54E3-4629-BE92-49E7F70245E3}.Debug|Any CPU.ActiveCfg = Debug|Any CPU
		{45A92073-54E3-4629-BE92-49E7F70245E3}.Debug|Any CPU.Build.0 = Debug|Any CPU
		{45A92073-54E3-4629-BE92-49E7F70245E3}.Release|Any CPU.ActiveCfg = Release|Any CPU
		{45A92073-54E3-4629-BE92-49E7F70245E3}.Release|Any CPU.Build.0 = Release|Any CPU
		{657A91E5-EB7F-426E-8E42-5D93EA00F36D}.Debug|Any CPU.ActiveCfg = Debug|Any CPU
		{657A91E5-EB7F-426E-8E42-5D93EA00F36D}.Debug|Any CPU.Build.0 = Debug|Any CPU
		{657A91E5-EB7F-426E-8E42-5D93EA00F36D}.Release|Any CPU.ActiveCfg = Release|Any CPU
		{657A91E5-EB7F-426E-8E42-5D93EA00F36D}.Release|Any CPU.Build.0 = Release|Any CPU
		{30888CC6-7F67-477D-B7FA-03EA68D2B869}.Debug|Any CPU.ActiveCfg = Debug|Any CPU
		{30888CC6-7F67-477D-B7FA-03EA68D2B869}.Debug|Any CPU.Build.0 = Debug|Any CPU
		{30888CC6-7F67-477D-B7FA-03EA68D2B869}.Release|Any CPU.ActiveCfg = Release|Any CPU
		{30888CC6-7F67-477D-B7FA-03EA68D2B869}.Release|Any CPU.Build.0 = Release|Any CPU
		{FDE9C923-EB23-4105-AF4A-F534E66A0CA8}.Debug|Any CPU.ActiveCfg = Debug|Any CPU
		{FDE9C923-EB23-4105-AF4A-F534E66A0CA8}.Debug|Any CPU.Build.0 = Debug|Any CPU
		{FDE9C923-EB23-4105-AF4A-F534E66A0CA8}.Release|Any CPU.ActiveCfg = Release|Any CPU
		{FDE9C923-EB23-4105-AF4A-F534E66A0CA8}.Release|Any CPU.Build.0 = Release|Any CPU
		{4A37B59D-60BA-443A-AB61-CD6B5D7BBCFF}.Debug|Any CPU.ActiveCfg = Debug|Any CPU
		{4A37B59D-60BA-443A-AB61-CD6B5D7BBCFF}.Debug|Any CPU.Build.0 = Debug|Any CPU
		{4A37B59D-60BA-443A-AB61-CD6B5D7BBCFF}.Release|Any CPU.ActiveCfg = Release|Any CPU
		{4A37B59D-60BA-443A-AB61-CD6B5D7BBCFF}.Release|Any CPU.Build.0 = Release|Any CPU
		{5C62638D-5749-450F-96B8-DD6EF4F82CA4}.Debug|Any CPU.ActiveCfg = Debug|Any CPU
		{5C62638D-5749-450F-96B8-DD6EF4F82CA4}.Debug|Any CPU.Build.0 = Debug|Any CPU
		{5C62638D-5749-450F-96B8-DD6EF4F82CA4}.Release|Any CPU.ActiveCfg = Release|Any CPU
		{5C62638D-5749-450F-96B8-DD6EF4F82CA4}.Release|Any CPU.Build.0 = Release|Any CPU
		{0997B742-195E-4CC5-A5D2-3B68FC8C7B26}.Debug|Any CPU.ActiveCfg = Debug|Any CPU
		{0997B742-195E-4CC5-A5D2-3B68FC8C7B26}.Debug|Any CPU.Build.0 = Debug|Any CPU
		{0997B742-195E-4CC5-A5D2-3B68FC8C7B26}.Release|Any CPU.ActiveCfg = Release|Any CPU
		{0997B742-195E-4CC5-A5D2-3B68FC8C7B26}.Release|Any CPU.Build.0 = Release|Any CPU
	EndGlobalSection
	GlobalSection(SolutionProperties) = preSolution
		HideSolutionNode = FALSE
	EndGlobalSection
	GlobalSection(ExtensibilityGlobals) = postSolution
		SolutionGuid = {9457A82C-669C-4F14-9114-205D944FF2E9}
	EndGlobalSection
EndGlobal
